<?xml version="1.0" encoding="utf-8"?>
<Project ToolsVersion="4.0" xmlns="http://schemas.microsoft.com/developer/msbuild/2003">
  <ItemGroup>
    <Filter Include="Source Files">
      <UniqueIdentifier>{4FC737F1-C7A5-4376-A066-2A32D752A2FF}</UniqueIdentifier>
      <Extensions>cpp;c;cc;cxx;def;odl;idl;hpj;bat;asm;asmx</Extensions>
    </Filter>
    <Filter Include="Header Files">
      <UniqueIdentifier>{93995380-89BD-4b04-88EB-625FBE52EBFB}</UniqueIdentifier>
      <Extensions>h;hh;hpp;hxx;hm;inl;inc;xsd</Extensions>
    </Filter>
    <Filter Include="Resource Files">
      <UniqueIdentifier>{67DA6AB6-F800-4c08-8B7A-83BB121AAD01}</UniqueIdentifier>
      <Extensions>rc;ico;cur;bmp;dlg;rc2;rct;bin;rgs;gif;jpg;jpeg;jpe;resx;tiff;tif;png;wav;mfcribbon-ms</Extensions>
    </Filter>
  </ItemGroup>
  <ItemGroup>
    <ClInclude Include="N3Eng.h">
      <Filter>Header Files</Filter>
    </ClInclude>
    <ClInclude Include="N3Base.h">
      <Filter>Header Files</Filter>
    </ClInclude>
    <ClInclude Include="My_3DStruct.h">
      <Filter>Header Files</Filter>
    </ClInclude>
    <ClInclude Include="N3WorldTerrain.h">
      <Filter>Header Files</Filter>
    </ClInclude>
    <ClInclude Include="N3TableBase.h">
      <Filter>Header Files</Filter>
    </ClInclude>
    <ClInclude Include="N3BaseFileAccess.h">
      <Filter>Header Files</Filter>
    </ClInclude>
    <ClInclude Include="N3TerrainDef.h">
      <Filter>Header Files</Filter>
    </ClInclude>
    <ClInclude Include="N3Camera.h">
      <Filter>Header Files</Filter>
    </ClInclude>
    <ClInclude Include="N3Transform.h">
      <Filter>Header Files</Filter>
    </ClInclude>
    <ClInclude Include="AVIPlayer.h">
      <Filter>Header Files</Filter>
    </ClInclude>
    <ClInclude Include="BitMapFile.h">
      <Filter>Header Files</Filter>
    </ClInclude>
    <ClInclude Include="DFont.h">
      <Filter>Header Files</Filter>
    </ClInclude>
    <ClInclude Include="JPEG.H">
      <Filter>Header Files</Filter>
    </ClInclude>
    <ClInclude Include="LogWriter.h">
      <Filter>Header Files</Filter>
    </ClInclude>
    <ClInclude Include="N3AlphaPrimitiveManager.h">
      <Filter>Header Files</Filter>
    </ClInclude>
    <ClInclude Include="N3AnimatedTexures.h">
      <Filter>Header Files</Filter>
    </ClInclude>
    <ClInclude Include="N3AnimControl.h">
      <Filter>Header Files</Filter>
    </ClInclude>
    <ClInclude Include="N3AnimKey.h">
      <Filter>Header Files</Filter>
    </ClInclude>
    <ClInclude Include="N3Board.h">
      <Filter>Header Files</Filter>
    </ClInclude>
    <ClInclude Include="N3Chr.h">
      <Filter>Header Files</Filter>
    </ClInclude>
    <ClInclude Include="N3Cloak.h">
      <Filter>Header Files</Filter>
    </ClInclude>
    <ClInclude Include="N3Cloud.h">
      <Filter>Header Files</Filter>
    </ClInclude>
    <ClInclude Include="N3ColorChange.h">
      <Filter>Header Files</Filter>
    </ClInclude>
    <ClInclude Include="N3EngTool.h">
      <Filter>Header Files</Filter>
    </ClInclude>
    <ClInclude Include="N3FXBundle.h">
      <Filter>Header Files</Filter>
    </ClInclude>
    <ClInclude Include="N3FXDef.h">
      <Filter>Header Files</Filter>
    </ClInclude>
    <ClInclude Include="N3FXGroup.h">
      <Filter>Header Files</Filter>
    </ClInclude>
    <ClInclude Include="N3FXPartBase.h">
      <Filter>Header Files</Filter>
    </ClInclude>
    <ClInclude Include="N3FXPartBillBoard.h">
      <Filter>Header Files</Filter>
    </ClInclude>
    <ClInclude Include="N3FXPartBottomBoard.h">
      <Filter>Header Files</Filter>
    </ClInclude>
    <ClInclude Include="N3FXParticle.h">
      <Filter>Header Files</Filter>
    </ClInclude>
    <ClInclude Include="N3FXPartMesh.h">
      <Filter>Header Files</Filter>
    </ClInclude>
    <ClInclude Include="N3FXPartParticles.h">
      <Filter>Header Files</Filter>
    </ClInclude>
    <ClInclude Include="N3FXPlug.h">
      <Filter>Header Files</Filter>
    </ClInclude>
    <ClInclude Include="N3FXPMesh.h">
      <Filter>Header Files</Filter>
    </ClInclude>
    <ClInclude Include="N3FXPMeshInstance.h">
      <Filter>Header Files</Filter>
    </ClInclude>
    <ClInclude Include="N3FXShape.h">
      <Filter>Header Files</Filter>
    </ClInclude>
    <ClInclude Include="N3GERain.h">
      <Filter>Header Files</Filter>
    </ClInclude>
    <ClInclude Include="N3GESnow.h">
      <Filter>Header Files</Filter>
    </ClInclude>
    <ClInclude Include="N3GlobalEffect.h">
      <Filter>Header Files</Filter>
    </ClInclude>
    <ClInclude Include="N3GlobalEffectMng.h">
      <Filter>Header Files</Filter>
    </ClInclude>
    <ClInclude Include="N3IME.h">
      <Filter>Header Files</Filter>
    </ClInclude>
    <ClInclude Include="N3IMesh.h">
      <Filter>Header Files</Filter>
    </ClInclude>
    <ClInclude Include="N3Joint.h">
      <Filter>Header Files</Filter>
    </ClInclude>
    <ClInclude Include="N3Light.h">
      <Filter>Header Files</Filter>
    </ClInclude>
    <ClInclude Include="N3Mesh.h">
      <Filter>Header Files</Filter>
    </ClInclude>
    <ClInclude Include="N3Mng.h">
      <Filter>Header Files</Filter>
    </ClInclude>
    <ClInclude Include="N3Moon.h">
      <Filter>Header Files</Filter>
    </ClInclude>
    <ClInclude Include="N3PMesh.h">
      <Filter>Header Files</Filter>
    </ClInclude>
    <ClInclude Include="N3PMeshCreate.h">
      <Filter>Header Files</Filter>
    </ClInclude>
    <ClInclude Include="N3PMeshInstance.h">
      <Filter>Header Files</Filter>
    </ClInclude>
    <ClInclude Include="N3Pond.h">
      <Filter>Header Files</Filter>
    </ClInclude>
    <ClInclude Include="N3River.h">
      <Filter>Header Files</Filter>
    </ClInclude>
    <ClInclude Include="N3River2.h">
      <Filter>Header Files</Filter>
    </ClInclude>
    <ClInclude Include="N3RiverPatch.h">
      <Filter>Header Files</Filter>
    </ClInclude>
    <ClInclude Include="N3Scene.h">
      <Filter>Header Files</Filter>
    </ClInclude>
    <ClInclude Include="N3ShapeEx.h">
      <Filter>Header Files</Filter>
    </ClInclude>
    <ClInclude Include="N3Shape.h">
      <Filter>Header Files</Filter>
    </ClInclude>
    <ClInclude Include="N3ShapeExtra.h">
      <Filter>Header Files</Filter>
    </ClInclude>
    <ClInclude Include="N3ShapeMgr.h">
      <Filter>Header Files</Filter>
    </ClInclude>
    <ClInclude Include="N3ShapeMod.h">
      <Filter>Header Files</Filter>
    </ClInclude>
    <ClInclude Include="N3Skin.h">
      <Filter>Header Files</Filter>
    </ClInclude>
    <ClInclude Include="N3Sky.h">
      <Filter>Header Files</Filter>
    </ClInclude>
    <ClInclude Include="N3Snd3dObj.h">
      <Filter>Header Files</Filter>
    </ClInclude>
    <ClInclude Include="N3SkyMng.h">
      <Filter>Header Files</Filter>
    </ClInclude>
    <ClInclude Include="N3SndDef.h">
      <Filter>Header Files</Filter>
    </ClInclude>
    <ClInclude Include="N3SndEng.h">
      <Filter>Header Files</Filter>
    </ClInclude>
    <ClInclude Include="N3SndMgr.h">
      <Filter>Header Files</Filter>
    </ClInclude>
    <ClInclude Include="N3SndObj.h">
      <Filter>Header Files</Filter>
    </ClInclude>
    <ClInclude Include="N3SndObj2D.h">
      <Filter>Header Files</Filter>
    </ClInclude>
    <ClInclude Include="N3SndObj3D.h">
      <Filter>Header Files</Filter>
    </ClInclude>
    <ClInclude Include="N3SndObjStream.h">
      <Filter>Header Files</Filter>
    </ClInclude>
    <ClInclude Include="N3Star.h">
      <Filter>Header Files</Filter>
    </ClInclude>
    <ClInclude Include="N3Sun.h">
      <Filter>Header Files</Filter>
    </ClInclude>
    <ClInclude Include="N3TransformCollision.h">
      <Filter>Header Files</Filter>
    </ClInclude>
    <ClInclude Include="N3UIArea.h">
      <Filter>Header Files</Filter>
    </ClInclude>
    <ClInclude Include="N3UIBase.h">
      <Filter>Header Files</Filter>
    </ClInclude>
    <ClInclude Include="N3UIButton.h">
      <Filter>Header Files</Filter>
    </ClInclude>
    <ClInclude Include="N3UIDef.h">
      <Filter>Header Files</Filter>
    </ClInclude>
    <ClInclude Include="N3UIEdit.h">
      <Filter>Header Files</Filter>
    </ClInclude>
    <ClInclude Include="N3UIImage.h">
      <Filter>Header Files</Filter>
    </ClInclude>
    <ClInclude Include="N3UIList.h">
      <Filter>Header Files</Filter>
    </ClInclude>
    <ClInclude Include="N3UIManager.h">
      <Filter>Header Files</Filter>
    </ClInclude>
    <ClInclude Include="N3UIProgress.h">
      <Filter>Header Files</Filter>
    </ClInclude>
    <ClInclude Include="N3UIScrollBar.h">
      <Filter>Header Files</Filter>
    </ClInclude>
    <ClInclude Include="N3UIStatic.h">
      <Filter>Header Files</Filter>
    </ClInclude>
    <ClInclude Include="N3UIString.h">
      <Filter>Header Files</Filter>
    </ClInclude>
    <ClInclude Include="N3UITooltip.h">
      <Filter>Header Files</Filter>
    </ClInclude>
    <ClInclude Include="N3UITrackBar.h">
      <Filter>Header Files</Filter>
    </ClInclude>
    <ClInclude Include="N3VMesh.h">
      <Filter>Header Files</Filter>
    </ClInclude>
    <ClInclude Include="Pick.h">
      <Filter>Header Files</Filter>
    </ClInclude>
    <ClInclude Include="StreamSoundObj.h">
      <Filter>Header Files</Filter>
    </ClInclude>
    <ClInclude Include="WaveFile.h">
      <Filter>Header Files</Filter>
    </ClInclude>
    <ClInclude Include="N3Texture.h">
      <Filter>Header Files</Filter>
    </ClInclude>
    <ClInclude Include="StdAfxBase.h">
      <Filter>Header Files</Filter>
    </ClInclude>
  </ItemGroup>
  <ItemGroup>
    <ClCompile Include="N3Eng.cpp">
      <Filter>Source Files</Filter>
    </ClCompile>
    <ClCompile Include="N3Base.cpp">
      <Filter>Source Files</Filter>
    </ClCompile>
    <ClCompile Include="N3WorldManager.cpp">
      <Filter>Source Files</Filter>
    </ClCompile>
    <ClCompile Include="N3BaseFileAccess.cpp">
      <Filter>Source Files</Filter>
    </ClCompile>
    <ClCompile Include="N3Terrain.cpp">
      <Filter>Source Files</Filter>
    </ClCompile>
    <ClCompile Include="N3Texture.cpp">
      <Filter>Source Files</Filter>
    </ClCompile>
    <ClCompile Include="N3TerrainPatch.cpp">
      <Filter>Source Files</Filter>
    </ClCompile>
    <ClCompile Include="N3Camera.cpp">
      <Filter>Source Files</Filter>
    </ClCompile>
    <ClCompile Include="N3Transform.cpp">
      <Filter>Source Files</Filter>
    </ClCompile>
    <ClCompile Include="BitMapFile.cpp">
      <Filter>Source Files</Filter>
    </ClCompile>
    <ClCompile Include="DFont.cpp">
      <Filter>Source Files</Filter>
    </ClCompile>
    <ClCompile Include="JPEG.cpp">
      <Filter>Source Files</Filter>
    </ClCompile>
    <ClCompile Include="LogWriter.cpp">
      <Filter>Source Files</Filter>
    </ClCompile>
    <ClCompile Include="N3AlphaPrimitiveManager.cpp">
      <Filter>Source Files</Filter>
    </ClCompile>
    <ClCompile Include="N3AnimControl.cpp">
      <Filter>Source Files</Filter>
    </ClCompile>
    <ClCompile Include="N3AnimKey.cpp">
      <Filter>Source Files</Filter>
    </ClCompile>
    <ClCompile Include="N3Chr.cpp">
      <Filter>Source Files</Filter>
    </ClCompile>
    <ClCompile Include="N3Cloak.cpp">
      <Filter>Source Files</Filter>
    </ClCompile>
    <ClCompile Include="N3Cloud.cpp">
      <Filter>Source Files</Filter>
    </ClCompile>
    <ClCompile Include="N3ColorChange.cpp">
      <Filter>Source Files</Filter>
    </ClCompile>
    <ClCompile Include="N3EngTool.cpp">
      <Filter>Source Files</Filter>
    </ClCompile>
    <ClCompile Include="N3FXBundle.cpp">
      <Filter>Source Files</Filter>
    </ClCompile>
    <ClCompile Include="N3FXBundleGame.cpp">
      <Filter>Source Files</Filter>
    </ClCompile>
    <ClCompile Include="N3FXMgr.cpp">
      <Filter>Source Files</Filter>
    </ClCompile>
    <ClCompile Include="N3FXPartBase.cpp">
      <Filter>Source Files</Filter>
    </ClCompile>
    <ClCompile Include="N3FXPartBillBoard.cpp">
      <Filter>Source Files</Filter>
    </ClCompile>
    <ClCompile Include="N3FXPartBottomBoard.cpp">
      <Filter>Source Files</Filter>
    </ClCompile>
    <ClCompile Include="N3FXPartBillBoardGame.cpp">
      <Filter>Source Files</Filter>
    </ClCompile>
    <ClCompile Include="N3FXPartBottomBoardGame.cpp">
      <Filter>Source Files</Filter>
    </ClCompile>
    <ClCompile Include="N3FXParticle.cpp">
      <Filter>Source Files</Filter>
    </ClCompile>
    <ClCompile Include="N3FXPartMesh.cpp">
      <Filter>Source Files</Filter>
    </ClCompile>
    <ClCompile Include="N3FXPartParticles.cpp">
      <Filter>Source Files</Filter>
    </ClCompile>
    <ClCompile Include="N3FXPlug.cpp">
      <Filter>Source Files</Filter>
    </ClCompile>
    <ClCompile Include="N3FXPMesh.cpp">
      <Filter>Source Files</Filter>
    </ClCompile>
    <ClCompile Include="N3FXPMeshInstance.cpp">
      <Filter>Source Files</Filter>
    </ClCompile>
    <ClCompile Include="N3FXShape.cpp">
      <Filter>Source Files</Filter>
    </ClCompile>
    <ClCompile Include="N3GERain.cpp">
      <Filter>Source Files</Filter>
    </ClCompile>
    <ClCompile Include="N3GESnow.cpp">
      <Filter>Source Files</Filter>
    </ClCompile>
    <ClCompile Include="N3GlobalEffect.cpp">
      <Filter>Source Files</Filter>
    </ClCompile>
    <ClCompile Include="N3IMesh.cpp">
      <Filter>Source Files</Filter>
    </ClCompile>
    <ClCompile Include="N3Joint.cpp">
      <Filter>Source Files</Filter>
    </ClCompile>
    <ClCompile Include="N3Light.cpp">
      <Filter>Source Files</Filter>
    </ClCompile>
    <ClCompile Include="N3Mesh.cpp">
      <Filter>Source Files</Filter>
    </ClCompile>
    <ClCompile Include="N3Moon.cpp">
      <Filter>Source Files</Filter>
    </ClCompile>
    <ClCompile Include="N3PMesh.cpp">
      <Filter>Source Files</Filter>
    </ClCompile>
    <ClCompile Include="N3PMeshCreate.cpp">
      <Filter>Source Files</Filter>
    </ClCompile>
    <ClCompile Include="N3PMeshInstance.cpp">
      <Filter>Source Files</Filter>
    </ClCompile>
    <ClCompile Include="N3Pond.cpp">
      <Filter>Source Files</Filter>
    </ClCompile>
    <ClCompile Include="N3River.cpp">
      <Filter>Source Files</Filter>
    </ClCompile>
    <ClCompile Include="N3River2.cpp">
      <Filter>Source Files</Filter>
    </ClCompile>
    <ClCompile Include="N3Scene.cpp">
      <Filter>Source Files</Filter>
    </ClCompile>
    <ClCompile Include="N3Shape.cpp">
      <Filter>Source Files</Filter>
    </ClCompile>
    <ClCompile Include="N3ShapeExtra.cpp">
      <Filter>Source Files</Filter>
    </ClCompile>
    <ClCompile Include="N3ShapeMgr.cpp">
      <Filter>Source Files</Filter>
    </ClCompile>
    <ClCompile Include="N3Skin.cpp">
      <Filter>Source Files</Filter>
    </ClCompile>
    <ClCompile Include="N3Sky.cpp">
      <Filter>Source Files</Filter>
    </ClCompile>
    <ClCompile Include="N3SkyMng.cpp">
      <Filter>Source Files</Filter>
    </ClCompile>
    <ClCompile Include="N3SndMgr.cpp">
      <Filter>Source Files</Filter>
    </ClCompile>
    <ClCompile Include="N3SndObj.cpp">
      <Filter>Source Files</Filter>
    </ClCompile>
    <ClCompile Include="N3SndObjStream.cpp">
      <Filter>Source Files</Filter>
    </ClCompile>
    <ClCompile Include="N3Star.cpp">
      <Filter>Source Files</Filter>
    </ClCompile>
    <ClCompile Include="N3Sun.cpp">
      <Filter>Source Files</Filter>
    </ClCompile>
    <ClCompile Include="N3TerrainManager.cpp">
      <Filter>Source Files</Filter>
    </ClCompile>
    <ClCompile Include="N3TransformCollision.cpp">
      <Filter>Source Files</Filter>
    </ClCompile>
    <ClCompile Include="N3UIArea.cpp">
      <Filter>Source Files</Filter>
    </ClCompile>
    <ClCompile Include="N3UIBase.cpp">
      <Filter>Source Files</Filter>
    </ClCompile>
    <ClCompile Include="N3UIButton.cpp">
      <Filter>Source Files</Filter>
    </ClCompile>
    <ClCompile Include="N3UIDBCLButton.cpp">
      <Filter>Source Files</Filter>
    </ClCompile>
    <ClCompile Include="N3UIEdit.cpp">
      <Filter>Source Files</Filter>
    </ClCompile>
    <ClCompile Include="N3UIIcon.cpp">
      <Filter>Source Files</Filter>
    </ClCompile>
    <ClCompile Include="N3UIImage.cpp">
      <Filter>Source Files</Filter>
    </ClCompile>
    <ClCompile Include="N3UIList.cpp">
      <Filter>Source Files</Filter>
    </ClCompile>
    <ClCompile Include="N3UIProgress.cpp">
      <Filter>Source Files</Filter>
    </ClCompile>
    <ClCompile Include="N3UIScrollBar.cpp">
      <Filter>Source Files</Filter>
    </ClCompile>
    <ClCompile Include="N3UIStatic.cpp">
      <Filter>Source Files</Filter>
    </ClCompile>
    <ClCompile Include="N3UIString.cpp">
      <Filter>Source Files</Filter>
    </ClCompile>
    <ClCompile Include="N3UITooltip.cpp">
      <Filter>Source Files</Filter>
    </ClCompile>
    <ClCompile Include="N3UITrackBar.cpp">
      <Filter>Source Files</Filter>
    </ClCompile>
    <ClCompile Include="N3UIWndBase.cpp">
      <Filter>Source Files</Filter>
    </ClCompile>
    <ClCompile Include="N3VMesh.cpp">
      <Filter>Source Files</Filter>
    </ClCompile>
    <ClCompile Include="N3WorldBase.cpp">
      <Filter>Source Files</Filter>
    </ClCompile>
    <ClCompile Include="Pick.cpp">
      <Filter>Source Files</Filter>
    </ClCompile>
    <ClCompile Include="WaveFile.cpp">
      <Filter>Source Files</Filter>
    </ClCompile>
    <ClCompile Include="StdAfxBase.cpp">
      <Filter>Source Files</Filter>
    </ClCompile>
  </ItemGroup>
</Project>