
Microsoft Visual Studio Solution File, Format Version 12.00
# Visual Studio Version 17
VisualStudioVersion = 17.11.35303.130
MinimumVisualStudioVersion = 10.0.40219.1
Project("{8BC9CEB8-8B4A-11D0-8D11-00A0C91BC942}") = "AIServer", "Server\AIServer\proj-AIServer.vcxproj", "{36A92A8F-3820-435C-AC63-E861A556C1BB}"
	ProjectSection(ProjectDependencies) = postProject
		{476399DF-6832-45BE-86A7-DF43728B9938} = {476399DF-6832-45BE-86A7-DF43728B9938}
		{C2FEB024-8E46-4533-918B-7196CAAA4E7D} = {C2FEB024-8E46-4533-918B-7196CAAA4E7D}
	EndProjectSection
EndProject
Project("{8BC9CEB8-8B4A-11D0-8D11-00A0C91BC942}") = "GameServer", "Server\GameServer\proj-GameServer.vcxproj", "{99006BDF-4BBD-4687-99C3-1424F32D95FC}"
	ProjectSection(ProjectDependencies) = postProject
		{476399DF-6832-45BE-86A7-DF43728B9938} = {476399DF-6832-45BE-86A7-DF43728B9938}
		{C2FEB024-8E46-4533-918B-7196CAAA4E7D} = {C2FEB024-8E46-4533-918B-7196CAAA4E7D}
	EndProjectSection
EndProject
Project("{8BC9CEB8-8B4A-11D0-8D11-00A0C91BC942}") = "LogInServer", "Server\LogInServer\proj-LogInServer.vcxproj", "{F68DA1BF-90B2-4166-8DDB-B82D813EA961}"
	ProjectSection(ProjectDependencies) = postProject
		{476399DF-6832-45BE-86A7-DF43728B9938} = {476399DF-6832-45BE-86A7-DF43728B9938}
		{C2FEB024-8E46-4533-918B-7196CAAA4E7D} = {C2FEB024-8E46-4533-918B-7196CAAA4E7D}
	EndProjectSection
EndProject
Project("{8BC9CEB8-8B4A-11D0-8D11-00A0C91BC942}") = "Lua", "Server\scripting\Lua.vcxproj", "{476399DF-6832-45BE-86A7-DF43728B9938}"
EndProject
Project("{8BC9CEB8-8B4A-11D0-8D11-00A0C91BC942}") = "N3Base", "Client\N3Base\N3Base.vcxproj", "{5E45D92A-702B-4128-A1AF-504A17271D94}"
	ProjectSection(ProjectDependencies) = postProject
		{C2FEB024-8E46-4533-918B-7196CAAA4E7D} = {C2FEB024-8E46-4533-918B-7196CAAA4E7D}
	EndProjectSection
EndProject
Project("{8BC9CEB8-8B4A-11D0-8D11-00A0C91BC942}") = "WarFare", "Client\WarFare\WarFare.vcxproj", "{02A7C2DE-6DB6-477A-977A-ADF0BF2204A6}"
	ProjectSection(ProjectDependencies) = postProject
		{5E45D92A-702B-4128-A1AF-504A17271D94} = {5E45D92A-702B-4128-A1AF-504A17271D94}
		{C2FEB024-8E46-4533-918B-7196CAAA4E7D} = {C2FEB024-8E46-4533-918B-7196CAAA4E7D}
	EndProjectSection
EndProject
Project("{8BC9CEB8-8B4A-11D0-8D11-00A0C91BC942}") = "ItemEditor", "ItemEditor\ItemEditor.vcxproj", "{734350E8-5586-46D9-8197-EEEEA3034D86}"
EndProject
Project("{8BC9CEB8-8B4A-11D0-8D11-00A0C91BC942}") = "shared", "Server\shared\shared.vcxproj", "{C2FEB024-8E46-4533-918B-7196CAAA4E7D}"
EndProject
Project("{2150E333-8FDC-42A3-9474-1A3956D46DE8}") = "server", "server", "{E15CC2D2-20AD-4104-A3EE-16BA7D9FA37A}"
EndProject
Project("{2150E333-8FDC-42A3-9474-1A3956D46DE8}") = "client", "client", "{C8016DCD-4286-4BD2-9C78-F1E6D9D0555B}"
EndProject
Project("{2150E333-8FDC-42A3-9474-1A3956D46DE8}") = "_deps", "_deps", "{F879EB98-D47C-40AB-8E6B-5A67FBE043EE}"
EndProject
Project("{2150E333-8FDC-42A3-9474-1A3956D46DE8}") = "_deps", "_deps", "{657121FA-968C-4276-9AA6-EC6692DC6465}"
EndProject
Project("{2150E333-8FDC-42A3-9474-1A3956D46DE8}") = "_deps", "_deps", "{4A4A06E1-4AB9-4605-8F8D-23588EBE30B3}"
EndProject
Project("{2150E333-8FDC-42A3-9474-1A3956D46DE8}") = "tools", "tools", "{74CB367B-7B41-43B6-9DEE-D4070362E0F8}"
EndProject
Global
	GlobalSection(SolutionConfigurationPlatforms) = preSolution
		Debug|Win32 = Debug|Win32
		Release|Win32 = Release|Win32
		Tool_Debug|Win32 = Tool_Debug|Win32
		Tool_Release|Win32 = Tool_Release|Win32
	EndGlobalSection
	GlobalSection(ProjectConfigurationPlatforms) = postSolution
		{36A92A8F-3820-435C-AC63-E861A556C1BB}.Debug|Win32.ActiveCfg = Debug|Win32
		{36A92A8F-3820-435C-AC63-E861A556C1BB}.Debug|Win32.Build.0 = Debug|Win32
		{36A92A8F-3820-435C-AC63-E861A556C1BB}.Release|Win32.ActiveCfg = Release|Win32
		{36A92A8F-3820-435C-AC63-E861A556C1BB}.Release|Win32.Build.0 = Release|Win32
		{36A92A8F-3820-435C-AC63-E861A556C1BB}.Tool_Debug|Win32.ActiveCfg = Debug|Win32
		{36A92A8F-3820-435C-AC63-E861A556C1BB}.Tool_Debug|Win32.Build.0 = Debug|Win32
		{36A92A8F-3820-435C-AC63-E861A556C1BB}.Tool_Release|Win32.ActiveCfg = Release|Win32
		{36A92A8F-3820-435C-AC63-E861A556C1BB}.Tool_Release|Win32.Build.0 = Release|Win32
		{99006BDF-4BBD-4687-99C3-1424F32D95FC}.Debug|Win32.ActiveCfg = Debug|Win32
		{99006BDF-4BBD-4687-99C3-1424F32D95FC}.Debug|Win32.Build.0 = Debug|Win32
		{99006BDF-4BBD-4687-99C3-1424F32D95FC}.Release|Win32.ActiveCfg = Release|Win32
		{99006BDF-4BBD-4687-99C3-1424F32D95FC}.Release|Win32.Build.0 = Release|Win32
		{99006BDF-4BBD-4687-99C3-1424F32D95FC}.Tool_Debug|Win32.ActiveCfg = Debug|Win32
		{99006BDF-4BBD-4687-99C3-1424F32D95FC}.Tool_Debug|Win32.Build.0 = Debug|Win32
		{99006BDF-4BBD-4687-99C3-1424F32D95FC}.Tool_Release|Win32.ActiveCfg = Release|Win32
		{99006BDF-4BBD-4687-99C3-1424F32D95FC}.Tool_Release|Win32.Build.0 = Release|Win32
		{F68DA1BF-90B2-4166-8DDB-B82D813EA961}.Debug|Win32.ActiveCfg = Debug|Win32
		{F68DA1BF-90B2-4166-8DDB-B82D813EA961}.Debug|Win32.Build.0 = Debug|Win32
		{F68DA1BF-90B2-4166-8DDB-B82D813EA961}.Release|Win32.ActiveCfg = Release|Win32
		{F68DA1BF-90B2-4166-8DDB-B82D813EA961}.Release|Win32.Build.0 = Release|Win32
		{F68DA1BF-90B2-4166-8DDB-B82D813EA961}.Tool_Debug|Win32.ActiveCfg = Debug|Win32
		{F68DA1BF-90B2-4166-8DDB-B82D813EA961}.Tool_Debug|Win32.Build.0 = Debug|Win32
		{F68DA1BF-90B2-4166-8DDB-B82D813EA961}.Tool_Release|Win32.ActiveCfg = Release|Win32
		{F68DA1BF-90B2-4166-8DDB-B82D813EA961}.Tool_Release|Win32.Build.0 = Release|Win32
		{476399DF-6832-45BE-86A7-DF43728B9938}.Debug|Win32.ActiveCfg = Debug|Win32
		{476399DF-6832-45BE-86A7-DF43728B9938}.Debug|Win32.Build.0 = Debug|Win32
		{476399DF-6832-45BE-86A7-DF43728B9938}.Release|Win32.ActiveCfg = Release|Win32
		{476399DF-6832-45BE-86A7-DF43728B9938}.Release|Win32.Build.0 = Release|Win32
		{476399DF-6832-45BE-86A7-DF43728B9938}.Tool_Debug|Win32.ActiveCfg = Debug|Win32
		{476399DF-6832-45BE-86A7-DF43728B9938}.Tool_Debug|Win32.Build.0 = Debug|Win32
		{476399DF-6832-45BE-86A7-DF43728B9938}.Tool_Release|Win32.ActiveCfg = Release|Win32
		{476399DF-6832-45BE-86A7-DF43728B9938}.Tool_Release|Win32.Build.0 = Release|Win32
		{5E45D92A-702B-4128-A1AF-504A17271D94}.Debug|Win32.ActiveCfg = Debug|Win32
		{5E45D92A-702B-4128-A1AF-504A17271D94}.Debug|Win32.Build.0 = Debug|Win32
		{5E45D92A-702B-4128-A1AF-504A17271D94}.Release|Win32.ActiveCfg = Release|Win32
		{5E45D92A-702B-4128-A1AF-504A17271D94}.Release|Win32.Build.0 = Release|Win32
		{5E45D92A-702B-4128-A1AF-504A17271D94}.Tool_Debug|Win32.ActiveCfg = Tool_Debug|Win32
		{5E45D92A-702B-4128-A1AF-504A17271D94}.Tool_Debug|Win32.Build.0 = Tool_Debug|Win32
		{5E45D92A-702B-4128-A1AF-504A17271D94}.Tool_Release|Win32.ActiveCfg = Tool_Release|Win32
		{5E45D92A-702B-4128-A1AF-504A17271D94}.Tool_Release|Win32.Build.0 = Tool_Release|Win32
		{02A7C2DE-6DB6-477A-977A-ADF0BF2204A6}.Debug|Win32.ActiveCfg = Debug|Win32
		{02A7C2DE-6DB6-477A-977A-ADF0BF2204A6}.Debug|Win32.Build.0 = Debug|Win32
		{02A7C2DE-6DB6-477A-977A-ADF0BF2204A6}.Release|Win32.ActiveCfg = Release|Win32
		{02A7C2DE-6DB6-477A-977A-ADF0BF2204A6}.Release|Win32.Build.0 = Release|Win32
		{02A7C2DE-6DB6-477A-977A-ADF0BF2204A6}.Tool_Debug|Win32.ActiveCfg = Debug|Win32
		{02A7C2DE-6DB6-477A-977A-ADF0BF2204A6}.Tool_Debug|Win32.Build.0 = Debug|Win32
		{02A7C2DE-6DB6-477A-977A-ADF0BF2204A6}.Tool_Release|Win32.ActiveCfg = Release|Win32
		{02A7C2DE-6DB6-477A-977A-ADF0BF2204A6}.Tool_Release|Win32.Build.0 = Release|Win32
		{734350E8-5586-46D9-8197-EEEEA3034D86}.Debug|Win32.ActiveCfg = Debug|Win32
		{734350E8-5586-46D9-8197-EEEEA3034D86}.Debug|Win32.Build.0 = Debug|Win32
		{734350E8-5586-46D9-8197-EEEEA3034D86}.Release|Win32.ActiveCfg = Release|Win32
		{734350E8-5586-46D9-8197-EEEEA3034D86}.Release|Win32.Build.0 = Release|Win32
		{734350E8-5586-46D9-8197-EEEEA3034D86}.Tool_Debug|Win32.ActiveCfg = Debug|Win32
		{734350E8-5586-46D9-8197-EEEEA3034D86}.Tool_Debug|Win32.Build.0 = Debug|Win32
		{734350E8-5586-46D9-8197-EEEEA3034D86}.Tool_Release|Win32.ActiveCfg = Release|Win32
		{734350E8-5586-46D9-8197-EEEEA3034D86}.Tool_Release|Win32.Build.0 = Release|Win32
		{C2FEB024-8E46-4533-918B-7196CAAA4E7D}.Debug|Win32.ActiveCfg = Debug|Win32
		{C2FEB024-8E46-4533-918B-7196CAAA4E7D}.Debug|Win32.Build.0 = Debug|Win32
		{C2FEB024-8E46-4533-918B-7196CAAA4E7D}.Release|Win32.ActiveCfg = Release|Win32
		{C2FEB024-8E46-4533-918B-7196CAAA4E7D}.Release|Win32.Build.0 = Release|Win32
		{C2FEB024-8E46-4533-918B-7196CAAA4E7D}.Tool_Debug|Win32.ActiveCfg = Debug|Win32
		{C2FEB024-8E46-4533-918B-7196CAAA4E7D}.Tool_Debug|Win32.Build.0 = Debug|Win32
		{C2FEB024-8E46-4533-918B-7196CAAA4E7D}.Tool_Release|Win32.ActiveCfg = Release|Win32
		{C2FEB024-8E46-4533-918B-7196CAAA4E7D}.Tool_Release|Win32.Build.0 = Release|Win32
	EndGlobalSection
	GlobalSection(SolutionProperties) = preSolution
		HideSolutionNode = FALSE
	EndGlobalSection
	GlobalSection(NestedProjects) = preSolution
		{36A92A8F-3820-435C-AC63-E861A556C1BB} = {E15CC2D2-20AD-4104-A3EE-16BA7D9FA37A}
		{99006BDF-4BBD-4687-99C3-1424F32D95FC} = {E15CC2D2-20AD-4104-A3EE-16BA7D9FA37A}
		{F68DA1BF-90B2-4166-8DDB-B82D813EA961} = {E15CC2D2-20AD-4104-A3EE-16BA7D9FA37A}
		{476399DF-6832-45BE-86A7-DF43728B9938} = {F879EB98-D47C-40AB-8E6B-5A67FBE043EE}
		{5E45D92A-702B-4128-A1AF-504A17271D94} = {4A4A06E1-4AB9-4605-8F8D-23588EBE30B3}
		{02A7C2DE-6DB6-477A-977A-ADF0BF2204A6} = {C8016DCD-4286-4BD2-9C78-F1E6D9D0555B}
		{734350E8-5586-46D9-8197-EEEEA3034D86} = {74CB367B-7B41-43B6-9DEE-D4070362E0F8}
		{C2FEB024-8E46-4533-918B-7196CAAA4E7D} = {657121FA-968C-4276-9AA6-EC6692DC6465}
		{F879EB98-D47C-40AB-8E6B-5A67FBE043EE} = {E15CC2D2-20AD-4104-A3EE-16BA7D9FA37A}
		{4A4A06E1-4AB9-4605-8F8D-23588EBE30B3} = {C8016DCD-4286-4BD2-9C78-F1E6D9D0555B}
	EndGlobalSection
	GlobalSection(ExtensibilityGlobals) = postSolution
		SolutionGuid = {D9937074-3E07-4102-9EF1-BE6E87CF35E4}
	EndGlobalSection
EndGlobal
