
Microsoft Visual Studio Solution File, Format Version 12.00
# Visual Studio Version 17
VisualStudioVersion = 17.11.35303.130
MinimumVisualStudioVersion = 10.0.40219.1
Project("{8BC9CEB8-8B4A-11D0-8D11-00A0C91BC942}") = "N3Base", "Client\N3Base\N3Base.vcxproj", "{5E45D92A-702B-4128-A1AF-504A17271D94}"
	ProjectSection(ProjectDependencies) = postProject
		{C2FEB024-8E46-4533-918B-7196CAAA4E7D} = {C2FEB024-8E46-4533-918B-7196CAAA4E7D}
	EndProjectSection
EndProject
Project("{8BC9CEB8-8B4A-11D0-8D11-00A0C91BC942}") = "WarFare", "Client\WarFare\WarFare.vcxproj", "{02A7C2DE-6DB6-477A-977A-ADF0BF2204A6}"
	ProjectSection(ProjectDependencies) = postProject
		{5E45D92A-702B-4128-A1AF-504A17271D94} = {5E45D92A-702B-4128-A1AF-504A17271D94}
		{C2FEB024-8E46-4533-918B-7196CAAA4E7D} = {C2FEB024-8E46-4533-918B-7196CAAA4E7D}
	EndProjectSection
EndProject
Project("{8BC9CEB8-8B4A-11D0-8D11-00A0C91BC942}") = "shared", "Server\shared\shared.vcxproj", "{C2FEB024-8E46-4533-918B-7196CAAA4E7D}"
EndProject
Project("{2150E333-8FDC-42A3-9474-1A3956D46DE8}") = "deps", "deps", "{7002AB72-3020-4E04-8E43-3784FFDCD539}"
EndProject
Global
	GlobalSection(SolutionConfigurationPlatforms) = preSolution
		Debug|Win32 = Debug|Win32
		Release|Win32 = Release|Win32
		Tool_Debug|Win32 = Tool_Debug|Win32
		Tool_Release|Win32 = Tool_Release|Win32
	EndGlobalSection
	GlobalSection(ProjectConfigurationPlatforms) = postSolution
		{5E45D92A-702B-4128-A1AF-504A17271D94}.Debug|Win32.ActiveCfg = Debug|Win32
		{5E45D92A-702B-4128-A1AF-504A17271D94}.Debug|Win32.Build.0 = Debug|Win32
		{5E45D92A-702B-4128-A1AF-504A17271D94}.Release|Win32.ActiveCfg = Release|Win32
		{5E45D92A-702B-4128-A1AF-504A17271D94}.Release|Win32.Build.0 = Release|Win32
		{5E45D92A-702B-4128-A1AF-504A17271D94}.Tool_Debug|Win32.ActiveCfg = Tool_Debug|Win32
		{5E45D92A-702B-4128-A1AF-504A17271D94}.Tool_Debug|Win32.Build.0 = Tool_Debug|Win32
		{5E45D92A-702B-4128-A1AF-504A17271D94}.Tool_Release|Win32.ActiveCfg = Tool_Release|Win32
		{5E45D92A-702B-4128-A1AF-504A17271D94}.Tool_Release|Win32.Build.0 = Tool_Release|Win32
		{02A7C2DE-6DB6-477A-977A-ADF0BF2204A6}.Debug|Win32.ActiveCfg = Debug|Win32
		{02A7C2DE-6DB6-477A-977A-ADF0BF2204A6}.Debug|Win32.Build.0 = Debug|Win32
		{02A7C2DE-6DB6-477A-977A-ADF0BF2204A6}.Release|Win32.ActiveCfg = Release|Win32
		{02A7C2DE-6DB6-477A-977A-ADF0BF2204A6}.Release|Win32.Build.0 = Release|Win32
		{02A7C2DE-6DB6-477A-977A-ADF0BF2204A6}.Tool_Debug|Win32.ActiveCfg = Debug|Win32
		{02A7C2DE-6DB6-477A-977A-ADF0BF2204A6}.Tool_Debug|Win32.Build.0 = Debug|Win32
		{02A7C2DE-6DB6-477A-977A-ADF0BF2204A6}.Tool_Release|Win32.ActiveCfg = Release|Win32
		{02A7C2DE-6DB6-477A-977A-ADF0BF2204A6}.Tool_Release|Win32.Build.0 = Release|Win32
		{C2FEB024-8E46-4533-918B-7196CAAA4E7D}.Debug|Win32.ActiveCfg = Debug|Win32
		{C2FEB024-8E46-4533-918B-7196CAAA4E7D}.Debug|Win32.Build.0 = Debug|Win32
		{C2FEB024-8E46-4533-918B-7196CAAA4E7D}.Release|Win32.ActiveCfg = Release|Win32
		{C2FEB024-8E46-4533-918B-7196CAAA4E7D}.Release|Win32.Build.0 = Release|Win32
		{C2FEB024-8E46-4533-918B-7196CAAA4E7D}.Tool_Debug|Win32.ActiveCfg = Debug|Win32
		{C2FEB024-8E46-4533-918B-7196CAAA4E7D}.Tool_Debug|Win32.Build.0 = Debug|Win32
		{C2FEB024-8E46-4533-918B-7196CAAA4E7D}.Tool_Release|Win32.ActiveCfg = Release|Win32
		{C2FEB024-8E46-4533-918B-7196CAAA4E7D}.Tool_Release|Win32.Build.0 = Release|Win32
	EndGlobalSection
	GlobalSection(SolutionProperties) = preSolution
		HideSolutionNode = FALSE
	EndGlobalSection
	GlobalSection(NestedProjects) = preSolution
		{5E45D92A-702B-4128-A1AF-504A17271D94} = {7002AB72-3020-4E04-8E43-3784FFDCD539}
		{C2FEB024-8E46-4533-918B-7196CAAA4E7D} = {7002AB72-3020-4E04-8E43-3784FFDCD539}
	EndGlobalSection
EndGlobal
