
Microsoft Visual Studio Solution File, Format Version 12.00
# Visual Studio 14
VisualStudioVersion = 14.0.25420.1
MinimumVisualStudioVersion = 10.0.40219.1
Project("{8BC9CEB8-8B4A-11D0-8D11-00A0C91BC942}") = "AIServer", "Server\AIServer\proj-AIServer.vcxproj", "{36A92A8F-3820-435C-AC63-E861A556C1BB}"
	ProjectSection(ProjectDependencies) = postProject
		{221DE5A1-4C5A-4DC7-82A0-0BB66E0ADD01} = {221DE5A1-4C5A-4DC7-82A0-0BB66E0ADD01}
		{476399DF-6832-45BE-86A7-DF43728B9938} = {476399DF-6832-45BE-86A7-DF43728B9938}
	EndProjectSection
EndProject
Project("{8BC9CEB8-8B4A-11D0-8D11-00A0C91BC942}") = "GameServer", "Server\GameServer\proj-GameServer.vcxproj", "{99006BDF-4BBD-4687-99C3-1424F32D95FC}"
	ProjectSection(ProjectDependencies) = postProject
		{221DE5A1-4C5A-4DC7-82A0-0BB66E0ADD01} = {221DE5A1-4C5A-4DC7-82A0-0BB66E0ADD01}
		{476399DF-6832-45BE-86A7-DF43728B9938} = {476399DF-6832-45BE-86A7-DF43728B9938}
	EndProjectSection
EndProject
Project("{8BC9CEB8-8B4A-11D0-8D11-00A0C91BC942}") = "LogInServer", "Server\LogInServer\proj-LogInServer.vcxproj", "{F68DA1BF-90B2-4166-8DDB-B82D813EA961}"
	ProjectSection(ProjectDependencies) = postProject
		{221DE5A1-4C5A-4DC7-82A0-0BB66E0ADD01} = {221DE5A1-4C5A-4DC7-82A0-0BB66E0ADD01}
		{476399DF-6832-45BE-86A7-DF43728B9938} = {476399DF-6832-45BE-86A7-DF43728B9938}
	EndProjectSection
EndProject
Project("{8BC9CEB8-8B4A-11D0-8D11-00A0C91BC942}") = "Lua", "Server\scripting\Lua.vcxproj", "{476399DF-6832-45BE-86A7-DF43728B9938}"
EndProject
Project("{8BC9CEB8-8B4A-11D0-8D11-00A0C91BC942}") = "N3Base", "Client\N3Base\N3Base.vcxproj", "{5E45D92A-702B-4128-A1AF-504A17271D94}"
EndProject
Project("{8BC9CEB8-8B4A-11D0-8D11-00A0C91BC942}") = "WarFare", "Client\WarFare\WarFare.vcxproj", "{02A7C2DE-6DB6-477A-977A-ADF0BF2204A6}"
	ProjectSection(ProjectDependencies) = postProject
		{5E45D92A-702B-4128-A1AF-504A17271D94} = {5E45D92A-702B-4128-A1AF-504A17271D94}
	EndProjectSection
EndProject
Project("{8BC9CEB8-8B4A-11D0-8D11-00A0C91BC942}") = "ItemEditor", "ItemEditor\ItemEditor.vcxproj", "{734350E8-5586-46D9-8197-EEEEA3034D86}"
EndProject
Project("{8BC9CEB8-8B4A-11D0-8D11-00A0C91BC942}") = "shared", "Server\shared\shared.vcxproj", "{221DE5A1-4C5A-4DC7-82A0-0BB66E0ADD01}"
EndProject
Global
	GlobalSection(SolutionConfigurationPlatforms) = preSolution
		Debug|Win32 = Debug|Win32
		Debug|x64 = Debug|x64
		Debug-XP|Win32 = Debug-XP|Win32
		Debug-XP|x64 = Debug-XP|x64
		Release|Win32 = Release|Win32
		Release|x64 = Release|x64
		Release-XP|Win32 = Release-XP|Win32
		Release-XP|x64 = Release-XP|x64
	EndGlobalSection
	GlobalSection(ProjectConfigurationPlatforms) = postSolution
		{36A92A8F-3820-435C-AC63-E861A556C1BB}.Debug|Win32.ActiveCfg = Debug|Win32
		{36A92A8F-3820-435C-AC63-E861A556C1BB}.Debug|Win32.Build.0 = Debug|Win32
		{36A92A8F-3820-435C-AC63-E861A556C1BB}.Debug|x64.ActiveCfg = Debug|Win32
		{36A92A8F-3820-435C-AC63-E861A556C1BB}.Debug-XP|Win32.ActiveCfg = Debug-XP|Win32
		{36A92A8F-3820-435C-AC63-E861A556C1BB}.Debug-XP|Win32.Build.0 = Debug-XP|Win32
		{36A92A8F-3820-435C-AC63-E861A556C1BB}.Debug-XP|x64.ActiveCfg = Debug-XP|Win32
		{36A92A8F-3820-435C-AC63-E861A556C1BB}.Release|Win32.ActiveCfg = Debug|Win32
		{36A92A8F-3820-435C-AC63-E861A556C1BB}.Release|Win32.Build.0 = Debug|Win32
		{36A92A8F-3820-435C-AC63-E861A556C1BB}.Release|x64.ActiveCfg = Release|Win32
		{36A92A8F-3820-435C-AC63-E861A556C1BB}.Release-XP|Win32.ActiveCfg = Release-XP|Win32
		{36A92A8F-3820-435C-AC63-E861A556C1BB}.Release-XP|Win32.Build.0 = Release-XP|Win32
		{36A92A8F-3820-435C-AC63-E861A556C1BB}.Release-XP|x64.ActiveCfg = Release-XP|Win32
		{99006BDF-4BBD-4687-99C3-1424F32D95FC}.Debug|Win32.ActiveCfg = Debug|Win32
		{99006BDF-4BBD-4687-99C3-1424F32D95FC}.Debug|Win32.Build.0 = Debug|Win32
		{99006BDF-4BBD-4687-99C3-1424F32D95FC}.Debug|x64.ActiveCfg = Debug|Win32
		{99006BDF-4BBD-4687-99C3-1424F32D95FC}.Debug-XP|Win32.ActiveCfg = Debug-XP|Win32
		{99006BDF-4BBD-4687-99C3-1424F32D95FC}.Debug-XP|Win32.Build.0 = Debug-XP|Win32
		{99006BDF-4BBD-4687-99C3-1424F32D95FC}.Debug-XP|x64.ActiveCfg = Debug-XP|Win32
		{99006BDF-4BBD-4687-99C3-1424F32D95FC}.Release|Win32.ActiveCfg = Debug|Win32
		{99006BDF-4BBD-4687-99C3-1424F32D95FC}.Release|Win32.Build.0 = Debug|Win32
		{99006BDF-4BBD-4687-99C3-1424F32D95FC}.Release|x64.ActiveCfg = Release|Win32
		{99006BDF-4BBD-4687-99C3-1424F32D95FC}.Release-XP|Win32.ActiveCfg = Release-XP|Win32
		{99006BDF-4BBD-4687-99C3-1424F32D95FC}.Release-XP|Win32.Build.0 = Release-XP|Win32
		{99006BDF-4BBD-4687-99C3-1424F32D95FC}.Release-XP|x64.ActiveCfg = Release-XP|Win32
		{F68DA1BF-90B2-4166-8DDB-B82D813EA961}.Debug|Win32.ActiveCfg = Debug|Win32
		{F68DA1BF-90B2-4166-8DDB-B82D813EA961}.Debug|Win32.Build.0 = Debug|Win32
		{F68DA1BF-90B2-4166-8DDB-B82D813EA961}.Debug|x64.ActiveCfg = Debug|Win32
		{F68DA1BF-90B2-4166-8DDB-B82D813EA961}.Debug-XP|Win32.ActiveCfg = Debug-XP|Win32
		{F68DA1BF-90B2-4166-8DDB-B82D813EA961}.Debug-XP|Win32.Build.0 = Debug-XP|Win32
		{F68DA1BF-90B2-4166-8DDB-B82D813EA961}.Debug-XP|x64.ActiveCfg = Debug-XP|Win32
		{F68DA1BF-90B2-4166-8DDB-B82D813EA961}.Release|Win32.ActiveCfg = Debug|Win32
		{F68DA1BF-90B2-4166-8DDB-B82D813EA961}.Release|Win32.Build.0 = Debug|Win32
		{F68DA1BF-90B2-4166-8DDB-B82D813EA961}.Release|x64.ActiveCfg = Release|Win32
		{F68DA1BF-90B2-4166-8DDB-B82D813EA961}.Release-XP|Win32.ActiveCfg = Release-XP|Win32
		{F68DA1BF-90B2-4166-8DDB-B82D813EA961}.Release-XP|Win32.Build.0 = Release-XP|Win32
		{F68DA1BF-90B2-4166-8DDB-B82D813EA961}.Release-XP|x64.ActiveCfg = Release-XP|Win32
		{476399DF-6832-45BE-86A7-DF43728B9938}.Debug|Win32.ActiveCfg = Debug|Win32
		{476399DF-6832-45BE-86A7-DF43728B9938}.Debug|Win32.Build.0 = Debug|Win32
		{476399DF-6832-45BE-86A7-DF43728B9938}.Debug|x64.ActiveCfg = Debug|Win32
		{476399DF-6832-45BE-86A7-DF43728B9938}.Debug-XP|Win32.ActiveCfg = Debug-XP|Win32
		{476399DF-6832-45BE-86A7-DF43728B9938}.Debug-XP|Win32.Build.0 = Debug-XP|Win32
		{476399DF-6832-45BE-86A7-DF43728B9938}.Debug-XP|x64.ActiveCfg = Debug-XP|Win32
		{476399DF-6832-45BE-86A7-DF43728B9938}.Release|Win32.ActiveCfg = Debug|Win32
		{476399DF-6832-45BE-86A7-DF43728B9938}.Release|Win32.Build.0 = Debug|Win32
		{476399DF-6832-45BE-86A7-DF43728B9938}.Release|x64.ActiveCfg = Release|Win32
		{476399DF-6832-45BE-86A7-DF43728B9938}.Release-XP|Win32.ActiveCfg = Release-XP|Win32
		{476399DF-6832-45BE-86A7-DF43728B9938}.Release-XP|Win32.Build.0 = Release-XP|Win32
		{476399DF-6832-45BE-86A7-DF43728B9938}.Release-XP|x64.ActiveCfg = Release-XP|Win32
		{5E45D92A-702B-4128-A1AF-504A17271D94}.Debug|Win32.ActiveCfg = Debug|Win32
		{5E45D92A-702B-4128-A1AF-504A17271D94}.Debug|Win32.Build.0 = Debug|Win32
		{5E45D92A-702B-4128-A1AF-504A17271D94}.Debug|x64.ActiveCfg = Debug|x64
		{5E45D92A-702B-4128-A1AF-504A17271D94}.Debug|x64.Build.0 = Debug|x64
		{5E45D92A-702B-4128-A1AF-504A17271D94}.Debug-XP|Win32.ActiveCfg = Debug|Win32
		{5E45D92A-702B-4128-A1AF-504A17271D94}.Debug-XP|Win32.Build.0 = Debug|Win32
		{5E45D92A-702B-4128-A1AF-504A17271D94}.Debug-XP|x64.ActiveCfg = Debug|x64
		{5E45D92A-702B-4128-A1AF-504A17271D94}.Debug-XP|x64.Build.0 = Debug|x64
		{5E45D92A-702B-4128-A1AF-504A17271D94}.Release|Win32.ActiveCfg = Release|Win32
		{5E45D92A-702B-4128-A1AF-504A17271D94}.Release|Win32.Build.0 = Release|Win32
		{5E45D92A-702B-4128-A1AF-504A17271D94}.Release|x64.ActiveCfg = Release|x64
		{5E45D92A-702B-4128-A1AF-504A17271D94}.Release|x64.Build.0 = Release|x64
		{5E45D92A-702B-4128-A1AF-504A17271D94}.Release-XP|Win32.ActiveCfg = Release|Win32
		{5E45D92A-702B-4128-A1AF-504A17271D94}.Release-XP|Win32.Build.0 = Release|Win32
		{5E45D92A-702B-4128-A1AF-504A17271D94}.Release-XP|x64.ActiveCfg = Release|x64
		{5E45D92A-702B-4128-A1AF-504A17271D94}.Release-XP|x64.Build.0 = Release|x64
		{02A7C2DE-6DB6-477A-977A-ADF0BF2204A6}.Debug|Win32.ActiveCfg = Debug|Win32
		{02A7C2DE-6DB6-477A-977A-ADF0BF2204A6}.Debug|Win32.Build.0 = Debug|Win32
		{02A7C2DE-6DB6-477A-977A-ADF0BF2204A6}.Debug|x64.ActiveCfg = Debug|x64
		{02A7C2DE-6DB6-477A-977A-ADF0BF2204A6}.Debug|x64.Build.0 = Debug|x64
		{02A7C2DE-6DB6-477A-977A-ADF0BF2204A6}.Debug-XP|Win32.ActiveCfg = Debug|Win32
		{02A7C2DE-6DB6-477A-977A-ADF0BF2204A6}.Debug-XP|Win32.Build.0 = Debug|Win32
		{02A7C2DE-6DB6-477A-977A-ADF0BF2204A6}.Debug-XP|x64.ActiveCfg = Debug|x64
		{02A7C2DE-6DB6-477A-977A-ADF0BF2204A6}.Debug-XP|x64.Build.0 = Debug|x64
		{02A7C2DE-6DB6-477A-977A-ADF0BF2204A6}.Release|Win32.ActiveCfg = Release|Win32
		{02A7C2DE-6DB6-477A-977A-ADF0BF2204A6}.Release|Win32.Build.0 = Release|Win32
		{02A7C2DE-6DB6-477A-977A-ADF0BF2204A6}.Release|x64.ActiveCfg = Release|x64
		{02A7C2DE-6DB6-477A-977A-ADF0BF2204A6}.Release|x64.Build.0 = Release|x64
		{02A7C2DE-6DB6-477A-977A-ADF0BF2204A6}.Release-XP|Win32.ActiveCfg = Release|Win32
		{02A7C2DE-6DB6-477A-977A-ADF0BF2204A6}.Release-XP|Win32.Build.0 = Release|Win32
		{02A7C2DE-6DB6-477A-977A-ADF0BF2204A6}.Release-XP|x64.ActiveCfg = Release|x64
		{02A7C2DE-6DB6-477A-977A-ADF0BF2204A6}.Release-XP|x64.Build.0 = Release|x64
		{734350E8-5586-46D9-8197-EEEEA3034D86}.Debug|Win32.ActiveCfg = Debug|Win32
		{734350E8-5586-46D9-8197-EEEEA3034D86}.Debug|Win32.Build.0 = Debug|Win32
		{734350E8-5586-46D9-8197-EEEEA3034D86}.Debug|x64.ActiveCfg = Debug|x64
		{734350E8-5586-46D9-8197-EEEEA3034D86}.Debug|x64.Build.0 = Debug|x64
		{734350E8-5586-46D9-8197-EEEEA3034D86}.Debug-XP|Win32.ActiveCfg = Debug|Win32
		{734350E8-5586-46D9-8197-EEEEA3034D86}.Debug-XP|Win32.Build.0 = Debug|Win32
		{734350E8-5586-46D9-8197-EEEEA3034D86}.Debug-XP|x64.ActiveCfg = Debug|x64
		{734350E8-5586-46D9-8197-EEEEA3034D86}.Debug-XP|x64.Build.0 = Debug|x64
		{734350E8-5586-46D9-8197-EEEEA3034D86}.Release|Win32.ActiveCfg = Release|Win32
		{734350E8-5586-46D9-8197-EEEEA3034D86}.Release|Win32.Build.0 = Release|Win32
		{734350E8-5586-46D9-8197-EEEEA3034D86}.Release|x64.ActiveCfg = Release|x64
		{734350E8-5586-46D9-8197-EEEEA3034D86}.Release|x64.Build.0 = Release|x64
		{734350E8-5586-46D9-8197-EEEEA3034D86}.Release-XP|Win32.ActiveCfg = Release|Win32
		{734350E8-5586-46D9-8197-EEEEA3034D86}.Release-XP|Win32.Build.0 = Release|Win32
		{734350E8-5586-46D9-8197-EEEEA3034D86}.Release-XP|x64.ActiveCfg = Release|x64
		{734350E8-5586-46D9-8197-EEEEA3034D86}.Release-XP|x64.Build.0 = Release|x64
		{221DE5A1-4C5A-4DC7-82A0-0BB66E0ADD01}.Debug|Win32.ActiveCfg = Debug|Win32
		{221DE5A1-4C5A-4DC7-82A0-0BB66E0ADD01}.Debug|Win32.Build.0 = Debug|Win32
		{221DE5A1-4C5A-4DC7-82A0-0BB66E0ADD01}.Debug|x64.ActiveCfg = Debug|Win32
		{221DE5A1-4C5A-4DC7-82A0-0BB66E0ADD01}.Debug-XP|Win32.ActiveCfg = Debug-XP|Win32
		{221DE5A1-4C5A-4DC7-82A0-0BB66E0ADD01}.Debug-XP|Win32.Build.0 = Debug-XP|Win32
		{221DE5A1-4C5A-4DC7-82A0-0BB66E0ADD01}.Debug-XP|x64.ActiveCfg = Debug-XP|Win32
		{221DE5A1-4C5A-4DC7-82A0-0BB66E0ADD01}.Release|Win32.ActiveCfg = Release|Win32
		{221DE5A1-4C5A-4DC7-82A0-0BB66E0ADD01}.Release|Win32.Build.0 = Release|Win32
		{221DE5A1-4C5A-4DC7-82A0-0BB66E0ADD01}.Release|x64.ActiveCfg = Release|Win32
		{221DE5A1-4C5A-4DC7-82A0-0BB66E0ADD01}.Release-XP|Win32.ActiveCfg = Release-XP|Win32
		{221DE5A1-4C5A-4DC7-82A0-0BB66E0ADD01}.Release-XP|Win32.Build.0 = Release-XP|Win32
		{221DE5A1-4C5A-4DC7-82A0-0BB66E0ADD01}.Release-XP|x64.ActiveCfg = Release-XP|Win32
	EndGlobalSection
	GlobalSection(SolutionProperties) = preSolution
		HideSolutionNode = FALSE
	EndGlobalSection
EndGlobal
