
Microsoft Visual Studio Solution File, Format Version 12.00
# Visual Studio Version 17
VisualStudioVersion = 17.12.35527.113 d17.12
MinimumVisualStudioVersion = 10.0.40219.1
Project("{8BC9CEB8-8B4A-11D0-8D11-00A0C91BC942}") = "N3Viewer", "N3Viewer.vcxproj", "{644F8089-9AFD-49CE-A967-2E849C4A3E37}"
	ProjectSection(ProjectDependencies) = postProject
		{5E45D92A-702B-4128-A1AF-504A17271D94} = {5E45D92A-702B-4128-A1AF-504A17271D94}
	EndProjectSection
EndProject
Project("{8BC9CEB8-8B4A-11D0-8D11-00A0C91BC942}") = "N3Base", "..\Client\N3Base\N3Base.vcxproj", "{5E45D92A-702B-4128-A1AF-504A17271D94}"
EndProject
Global
	GlobalSection(SolutionConfigurationPlatforms) = preSolution
		Debug|x86 = Debug|x86
		Release|x86 = Release|x86
	EndGlobalSection
	GlobalSection(ProjectConfigurationPlatforms) = postSolution
		{644F8089-9AFD-49CE-A967-2E849C4A3E37}.Debug|x86.ActiveCfg = Tool_Debug|Win32
		{644F8089-9AFD-49CE-A967-2E849C4A3E37}.Debug|x86.Build.0 = Tool_Debug|Win32
		{644F8089-9AFD-49CE-A967-2E849C4A3E37}.Release|x86.ActiveCfg = Tool_Release|Win32
		{644F8089-9AFD-49CE-A967-2E849C4A3E37}.Release|x86.Build.0 = Tool_Release|Win32
		{5E45D92A-702B-4128-A1AF-504A17271D94}.Debug|x86.ActiveCfg = Tool_Debug|Win32
		{5E45D92A-702B-4128-A1AF-504A17271D94}.Debug|x86.Build.0 = Tool_Debug|Win32
		{5E45D92A-702B-4128-A1AF-504A17271D94}.Release|x86.ActiveCfg = Tool_Release|Win32
		{5E45D92A-702B-4128-A1AF-504A17271D94}.Release|x86.Build.0 = Tool_Release|Win32
	EndGlobalSection
	GlobalSection(SolutionProperties) = preSolution
		HideSolutionNode = FALSE
	EndGlobalSection
	GlobalSection(ExtensibilityGlobals) = postSolution
		SolutionGuid = {C7F09031-7E51-4420-8EA4-8659C18F6E3F}
	EndGlobalSection
EndGlobal
