<?xml version="1.0" encoding="utf-8"?>
<Project ToolsVersion="4.0" xmlns="http://schemas.microsoft.com/developer/msbuild/2003">
  <ItemGroup>
    <Filter Include="Source Files">
      <UniqueIdentifier>{4FC737F1-C7A5-4376-A066-2A32D752A2FF}</UniqueIdentifier>
      <Extensions>cpp;c;cc;cxx;def;odl;idl;hpj;bat;asm;asmx</Extensions>
    </Filter>
    <Filter Include="Header Files">
      <UniqueIdentifier>{93995380-89BD-4b04-88EB-625FBE52EBFB}</UniqueIdentifier>
      <Extensions>h;hh;hpp;hxx;hm;inl;inc;xsd</Extensions>
    </Filter>
    <Filter Include="Resource Files">
      <UniqueIdentifier>{67DA6AB6-F800-4c08-8B7A-83BB121AAD01}</UniqueIdentifier>
      <Extensions>rc;ico;cur;bmp;dlg;rc2;rct;bin;rgs;gif;jpg;jpeg;jpe;resx;tiff;tif;png;wav;mfcribbon-ms</Extensions>
    </Filter>
  </ItemGroup>
  <ItemGroup>
    <ClCompile Include="WarFareMain.cpp">
      <Filter>Source Files</Filter>
    </ClCompile>
    <ClCompile Include="GameProcedure.cpp">
      <Filter>Source Files</Filter>
    </ClCompile>
    <ClCompile Include="GameBase.cpp">
      <Filter>Source Files</Filter>
    </ClCompile>
    <ClCompile Include="GameProcMain.cpp">
      <Filter>Source Files</Filter>
    </ClCompile>
    <ClCompile Include="APISocket.cpp">
      <Filter>Source Files</Filter>
    </ClCompile>
    <ClCompile Include="Bird.cpp">
      <Filter>Source Files</Filter>
    </ClCompile>
    <ClCompile Include="BirdMng.cpp">
      <Filter>Source Files</Filter>
    </ClCompile>
    <ClCompile Include="Catapult.cpp">
      <Filter>Source Files</Filter>
    </ClCompile>
    <ClCompile Include="CountableItemEditDlg.cpp">
      <Filter>Source Files</Filter>
    </ClCompile>
    <ClCompile Include="crc32.c">
      <Filter>Source Files</Filter>
    </ClCompile>
    <ClCompile Include="DungeonManager.cpp">
      <Filter>Source Files</Filter>
    </ClCompile>
    <ClCompile Include="EventManager.cpp">
      <Filter>Source Files</Filter>
    </ClCompile>
    <ClCompile Include="GameCursor.cpp">
      <Filter>Source Files</Filter>
    </ClCompile>
    <ClCompile Include="GameEng.cpp">
      <Filter>Source Files</Filter>
    </ClCompile>
    <ClCompile Include="GameProcCharacterCreate.cpp">
      <Filter>Source Files</Filter>
    </ClCompile>
    <ClCompile Include="GameProcCharacterSelect.cpp">
      <Filter>Source Files</Filter>
    </ClCompile>
    <ClCompile Include="GameProcLogIn.cpp">
      <Filter>Source Files</Filter>
    </ClCompile>
    <ClCompile Include="GameProcNationSelect.cpp">
      <Filter>Source Files</Filter>
    </ClCompile>
    <ClCompile Include="GameProcOption.cpp">
      <Filter>Source Files</Filter>
    </ClCompile>
    <ClCompile Include="GrassBoard.cpp">
      <Filter>Source Files</Filter>
    </ClCompile>
    <ClCompile Include="GrassMng.cpp">
      <Filter>Source Files</Filter>
    </ClCompile>
    <ClCompile Include="ItemRepairMgr.cpp">
      <Filter>Source Files</Filter>
    </ClCompile>
    <ClCompile Include="JvCryption.cpp">
      <Filter>Source Files</Filter>
    </ClCompile>
    <ClCompile Include="KnightChrMgr.cpp">
      <Filter>Source Files</Filter>
    </ClCompile>
    <ClCompile Include="LightMgr.cpp">
      <Filter>Source Files</Filter>
    </ClCompile>
    <ClCompile Include="LocalInput.cpp">
      <Filter>Source Files</Filter>
    </ClCompile>
    <ClCompile Include="lzf.cpp">
      <Filter>Source Files</Filter>
    </ClCompile>
    <ClCompile Include="MachineBase.cpp">
      <Filter>Source Files</Filter>
    </ClCompile>
    <ClCompile Include="MachineMng.cpp">
      <Filter>Source Files</Filter>
    </ClCompile>
    <ClCompile Include="MagicSkillMng.cpp">
      <Filter>Source Files</Filter>
    </ClCompile>
    <ClCompile Include="OrderMessage.cpp">
      <Filter>Source Files</Filter>
    </ClCompile>
    <ClCompile Include="PlayerBase.cpp">
      <Filter>Source Files</Filter>
    </ClCompile>
    <ClCompile Include="PlayerMySelf.cpp">
      <Filter>Source Files</Filter>
    </ClCompile>
    <ClCompile Include="PlayerNPC.cpp">
      <Filter>Source Files</Filter>
    </ClCompile>
    <ClCompile Include="PlayerOther.cpp">
      <Filter>Source Files</Filter>
    </ClCompile>
    <ClCompile Include="PlayerOtherMgr.cpp">
      <Filter>Source Files</Filter>
    </ClCompile>
    <ClCompile Include="PortalVolume.cpp">
      <Filter>Source Files</Filter>
    </ClCompile>
    <ClCompile Include="PvsMgr.cpp">
      <Filter>Source Files</Filter>
    </ClCompile>
    <ClCompile Include="ServerMesh.cpp">
      <Filter>Source Files</Filter>
    </ClCompile>
    <ClCompile Include="SharedMem.cpp">
      <Filter>Source Files</Filter>
    </ClCompile>
    <ClCompile Include="SubProcPerTrade.cpp">
      <Filter>Source Files</Filter>
    </ClCompile>
    <ClCompile Include="UICharacterCreate.cpp">
      <Filter>Source Files</Filter>
    </ClCompile>
    <ClCompile Include="UICharacterSelect.cpp">
      <Filter>Source Files</Filter>
    </ClCompile>
    <ClCompile Include="UIChat.cpp">
      <Filter>Source Files</Filter>
    </ClCompile>
    <ClCompile Include="UIClassChange.cpp">
      <Filter>Source Files</Filter>
    </ClCompile>
    <ClCompile Include="UICmd.cpp">
      <Filter>Source Files</Filter>
    </ClCompile>
    <ClCompile Include="UICreateClanName.cpp">
      <Filter>Source Files</Filter>
    </ClCompile>
    <ClCompile Include="UIDead.cpp">
      <Filter>Source Files</Filter>
    </ClCompile>
    <ClCompile Include="UIDroppedItemDlg.cpp">
      <Filter>Source Files</Filter>
    </ClCompile>
    <ClCompile Include="UIEndingDisplay.cpp">
      <Filter>Source Files</Filter>
    </ClCompile>
    <ClCompile Include="UIHelp.cpp">
      <Filter>Source Files</Filter>
    </ClCompile>
    <ClCompile Include="UIHotKeyDlg.cpp">
      <Filter>Source Files</Filter>
    </ClCompile>
    <ClCompile Include="UIImageTooltipDlg.cpp">
      <Filter>Source Files</Filter>
    </ClCompile>
    <ClCompile Include="UIInn.cpp">
      <Filter>Source Files</Filter>
    </ClCompile>
    <ClCompile Include="UIInventory.cpp">
      <Filter>Source Files</Filter>
    </ClCompile>
    <ClCompile Include="UIItemExchange.cpp">
      <Filter>Source Files</Filter>
    </ClCompile>
    <ClCompile Include="UIKnightsOperation.cpp">
      <Filter>Source Files</Filter>
    </ClCompile>
    <ClCompile Include="UILoading.cpp">
      <Filter>Source Files</Filter>
    </ClCompile>
    <ClCompile Include="UILoadingDlg.cpp">
      <Filter>Source Files</Filter>
    </ClCompile>
    <ClCompile Include="UILogin.cpp">
      <Filter>Source Files</Filter>
    </ClCompile>
    <ClCompile Include="UIManager.cpp">
      <Filter>Source Files</Filter>
    </ClCompile>
    <ClCompile Include="UIMessageBox.cpp">
      <Filter>Source Files</Filter>
    </ClCompile>
    <ClCompile Include="UIMessageBoxManager.cpp">
      <Filter>Source Files</Filter>
    </ClCompile>
    <ClCompile Include="UIMessageWnd.cpp">
      <Filter>Source Files</Filter>
    </ClCompile>
    <ClCompile Include="UINationSelectDlg.cpp">
      <Filter>Source Files</Filter>
    </ClCompile>
    <ClCompile Include="UINotice.cpp">
      <Filter>Source Files</Filter>
    </ClCompile>
    <ClCompile Include="UINPCChangeEvent.cpp">
      <Filter>Source Files</Filter>
    </ClCompile>
    <ClCompile Include="UINPCEvent.cpp">
      <Filter>Source Files</Filter>
    </ClCompile>
    <ClCompile Include="UINpcTalk.cpp">
      <Filter>Source Files</Filter>
    </ClCompile>
    <ClCompile Include="UIPartyBBS.cpp">
      <Filter>Source Files</Filter>
    </ClCompile>
    <ClCompile Include="UIPartyBBSSelector.cpp">
      <Filter>Source Files</Filter>
    </ClCompile>
    <ClCompile Include="UIPartyOrForce.cpp">
      <Filter>Source Files</Filter>
    </ClCompile>
    <ClCompile Include="UIPerTradeDlg.cpp">
      <Filter>Source Files</Filter>
    </ClCompile>
    <ClCompile Include="UIPointInitDlg.cpp">
      <Filter>Source Files</Filter>
    </ClCompile>
    <ClCompile Include="UIQuestMenu.cpp">
      <Filter>Source Files</Filter>
    </ClCompile>
    <ClCompile Include="UIQuestTalk.cpp">
      <Filter>Source Files</Filter>
    </ClCompile>
    <ClCompile Include="UIRepairTooltipDlg.cpp">
      <Filter>Source Files</Filter>
    </ClCompile>
    <ClCompile Include="UISkillTreeDlg.cpp">
      <Filter>Source Files</Filter>
    </ClCompile>
    <ClCompile Include="UIStateBar.cpp">
      <Filter>Source Files</Filter>
    </ClCompile>
    <ClCompile Include="UITargetBar.cpp">
      <Filter>Source Files</Filter>
    </ClCompile>
    <ClCompile Include="UITradeBBSEditDlg.cpp">
      <Filter>Source Files</Filter>
    </ClCompile>
    <ClCompile Include="UITradeBBSSelector.cpp">
      <Filter>Source Files</Filter>
    </ClCompile>
    <ClCompile Include="UITradeEditDlg.cpp">
      <Filter>Source Files</Filter>
    </ClCompile>
    <ClCompile Include="UITradeExplanation.cpp">
      <Filter>Source Files</Filter>
    </ClCompile>
    <ClCompile Include="UITradeList.cpp">
      <Filter>Source Files</Filter>
    </ClCompile>
    <ClCompile Include="UITradeSellBBS.cpp">
      <Filter>Source Files</Filter>
    </ClCompile>
    <ClCompile Include="UITransactionDlg.cpp">
      <Filter>Source Files</Filter>
    </ClCompile>
    <ClCompile Include="UIVarious.cpp">
      <Filter>Source Files</Filter>
    </ClCompile>
    <ClCompile Include="UIWareHouseDlg.cpp">
      <Filter>Source Files</Filter>
    </ClCompile>
    <ClCompile Include="UIWarp.cpp">
      <Filter>Source Files</Filter>
    </ClCompile>
    <ClCompile Include="WarMessage.cpp">
      <Filter>Source Files</Filter>
    </ClCompile>
  </ItemGroup>
  <ItemGroup>
    <ClInclude Include="GameProcedure.h">
      <Filter>Header Files</Filter>
    </ClInclude>
    <ClInclude Include="GameEng.h">
      <Filter>Header Files</Filter>
    </ClInclude>
    <ClInclude Include="GameBase.h">
      <Filter>Header Files</Filter>
    </ClInclude>
    <ClInclude Include="GameProcMain.h">
      <Filter>Header Files</Filter>
    </ClInclude>
    <ClInclude Include="GameDef.h">
      <Filter>Header Files</Filter>
    </ClInclude>
    <ClInclude Include="APISocket.h">
      <Filter>Header Files</Filter>
    </ClInclude>
    <ClInclude Include="Bird.h">
      <Filter>Header Files</Filter>
    </ClInclude>
    <ClInclude Include="BirdMng.h">
      <Filter>Header Files</Filter>
    </ClInclude>
    <ClInclude Include="Bitset.h">
      <Filter>Header Files</Filter>
    </ClInclude>
    <ClInclude Include="Catapult.h">
      <Filter>Header Files</Filter>
    </ClInclude>
    <ClInclude Include="CountableItemEditDlg.h">
      <Filter>Header Files</Filter>
    </ClInclude>
    <ClInclude Include="crc32.h">
      <Filter>Header Files</Filter>
    </ClInclude>
    <ClInclude Include="DungeonManager.h">
      <Filter>Header Files</Filter>
    </ClInclude>
    <ClInclude Include="EventManager.h">
      <Filter>Header Files</Filter>
    </ClInclude>
    <ClInclude Include="GameCursor.h">
      <Filter>Header Files</Filter>
    </ClInclude>
    <ClInclude Include="GameProcCharacterCreate.h">
      <Filter>Header Files</Filter>
    </ClInclude>
    <ClInclude Include="GameProcCharacterSelect.h">
      <Filter>Header Files</Filter>
    </ClInclude>
    <ClInclude Include="GameProcLogIn.h">
      <Filter>Header Files</Filter>
    </ClInclude>
    <ClInclude Include="GameProcNationSelect.h">
      <Filter>Header Files</Filter>
    </ClInclude>
    <ClInclude Include="GameProcOption.h">
      <Filter>Header Files</Filter>
    </ClInclude>
    <ClInclude Include="GrassBoard.h">
      <Filter>Header Files</Filter>
    </ClInclude>
    <ClInclude Include="GrassMng.h">
      <Filter>Header Files</Filter>
    </ClInclude>
    <ClInclude Include="IMPLODE.H">
      <Filter>Header Files</Filter>
    </ClInclude>
    <ClInclude Include="ItemRepairMgr.h">
      <Filter>Header Files</Filter>
    </ClInclude>
    <ClInclude Include="JvCryption.h">
      <Filter>Header Files</Filter>
    </ClInclude>
    <ClInclude Include="KnightChrMgr.h">
      <Filter>Header Files</Filter>
    </ClInclude>
    <ClInclude Include="LightMgr.h">
      <Filter>Header Files</Filter>
    </ClInclude>
    <ClInclude Include="LocalInput.h">
      <Filter>Header Files</Filter>
    </ClInclude>
    <ClInclude Include="lzf.h">
      <Filter>Header Files</Filter>
    </ClInclude>
    <ClInclude Include="MachineBase.h">
      <Filter>Header Files</Filter>
    </ClInclude>
    <ClInclude Include="MachineMng.h">
      <Filter>Header Files</Filter>
    </ClInclude>
    <ClInclude Include="MagicSkillMng.h">
      <Filter>Header Files</Filter>
    </ClInclude>
    <ClInclude Include="N3EffectWave2.h">
      <Filter>Header Files</Filter>
    </ClInclude>
    <ClInclude Include="N3FXBundleGame.h">
      <Filter>Header Files</Filter>
    </ClInclude>
    <ClInclude Include="N3FXMgr.h">
      <Filter>Header Files</Filter>
    </ClInclude>
    <ClInclude Include="N3FXPartBillBoardGame.h">
      <Filter>Header Files</Filter>
    </ClInclude>
    <ClInclude Include="N3FXPartBottomBoardGame.h">
      <Filter>Header Files</Filter>
    </ClInclude>
    <ClInclude Include="N3Terrain.h">
      <Filter>Header Files</Filter>
    </ClInclude>
    <ClInclude Include="N3TerrainManager.h">
      <Filter>Header Files</Filter>
    </ClInclude>
    <ClInclude Include="N3TerrainDef.h">
      <Filter>Header Files</Filter>
    </ClInclude>
    <ClInclude Include="N3TerrainPatch.h">
      <Filter>Header Files</Filter>
    </ClInclude>
    <ClInclude Include="N3UIDBCLButton.h">
      <Filter>Header Files</Filter>
    </ClInclude>
    <ClInclude Include="N3UIIcon.h">
      <Filter>Header Files</Filter>
    </ClInclude>
    <ClInclude Include="N3UIWndBase.h">
      <Filter>Header Files</Filter>
    </ClInclude>
    <ClInclude Include="N3WorldBase.h">
      <Filter>Header Files</Filter>
    </ClInclude>
    <ClInclude Include="N3WorldManager.h">
      <Filter>Header Files</Filter>
    </ClInclude>
    <ClInclude Include="OrderMessage.h">
      <Filter>Header Files</Filter>
    </ClInclude>
    <ClInclude Include="PacketDef.h">
      <Filter>Header Files</Filter>
    </ClInclude>
    <ClInclude Include="PlayerBase.h">
      <Filter>Header Files</Filter>
    </ClInclude>
    <ClInclude Include="PlayerMySelf.h">
      <Filter>Header Files</Filter>
    </ClInclude>
    <ClInclude Include="PlayerNPC.h">
      <Filter>Header Files</Filter>
    </ClInclude>
    <ClInclude Include="PlayerOther.h">
      <Filter>Header Files</Filter>
    </ClInclude>
    <ClInclude Include="PlayerOtherMgr.h">
      <Filter>Header Files</Filter>
    </ClInclude>
    <ClInclude Include="PortalVolume.h">
      <Filter>Header Files</Filter>
    </ClInclude>
    <ClInclude Include="PvsMgr.h">
      <Filter>Header Files</Filter>
    </ClInclude>
    <ClInclude Include="ServerMesh.h">
      <Filter>Header Files</Filter>
    </ClInclude>
    <ClInclude Include="SharedMem.h">
      <Filter>Header Files</Filter>
    </ClInclude>
    <ClInclude Include="SubProcPerTrade.h">
      <Filter>Header Files</Filter>
    </ClInclude>
    <ClInclude Include="UICharacterCreate.h">
      <Filter>Header Files</Filter>
    </ClInclude>
    <ClInclude Include="UICharacterSelect.h">
      <Filter>Header Files</Filter>
    </ClInclude>
    <ClInclude Include="UIChat.h">
      <Filter>Header Files</Filter>
    </ClInclude>
    <ClInclude Include="UIClassChange.h">
      <Filter>Header Files</Filter>
    </ClInclude>
    <ClInclude Include="UICmd.h">
      <Filter>Header Files</Filter>
    </ClInclude>
    <ClInclude Include="UICreateClanName.h">
      <Filter>Header Files</Filter>
    </ClInclude>
    <ClInclude Include="UIDead.h">
      <Filter>Header Files</Filter>
    </ClInclude>
    <ClInclude Include="UIDroppedItemDlg.h">
      <Filter>Header Files</Filter>
    </ClInclude>
    <ClInclude Include="UIEndingDisplay.h">
      <Filter>Header Files</Filter>
    </ClInclude>
    <ClInclude Include="UIHelp.h">
      <Filter>Header Files</Filter>
    </ClInclude>
    <ClInclude Include="UIHotKeyDlg.h">
      <Filter>Header Files</Filter>
    </ClInclude>
    <ClInclude Include="UIImageTooltipDlg.h">
      <Filter>Header Files</Filter>
    </ClInclude>
    <ClInclude Include="UIInn.h">
      <Filter>Header Files</Filter>
    </ClInclude>
    <ClInclude Include="UIInventory.h">
      <Filter>Header Files</Filter>
    </ClInclude>
    <ClInclude Include="UIItemExchange.h">
      <Filter>Header Files</Filter>
    </ClInclude>
    <ClInclude Include="UIKnightsOperation.h">
      <Filter>Header Files</Filter>
    </ClInclude>
    <ClInclude Include="UILoading.h">
      <Filter>Header Files</Filter>
    </ClInclude>
    <ClInclude Include="UILoadingDlg.h">
      <Filter>Header Files</Filter>
    </ClInclude>
    <ClInclude Include="UILogin.h">
      <Filter>Header Files</Filter>
    </ClInclude>
    <ClInclude Include="UIManager.h">
      <Filter>Header Files</Filter>
    </ClInclude>
    <ClInclude Include="UIMessageBox.h">
      <Filter>Header Files</Filter>
    </ClInclude>
    <ClInclude Include="UIMessageBoxManager.h">
      <Filter>Header Files</Filter>
    </ClInclude>
    <ClInclude Include="UIMessageWnd.h">
      <Filter>Header Files</Filter>
    </ClInclude>
    <ClInclude Include="UINationSelectDlg.h">
      <Filter>Header Files</Filter>
    </ClInclude>
    <ClInclude Include="UINotice.h">
      <Filter>Header Files</Filter>
    </ClInclude>
    <ClInclude Include="UINPCChangeEvent.h">
      <Filter>Header Files</Filter>
    </ClInclude>
    <ClInclude Include="UINPCEvent.h">
      <Filter>Header Files</Filter>
    </ClInclude>
    <ClInclude Include="UINpcTalk.h">
      <Filter>Header Files</Filter>
    </ClInclude>
    <ClInclude Include="UIPartyBBS.h">
      <Filter>Header Files</Filter>
    </ClInclude>
    <ClInclude Include="UIPartyBBSSelector.h">
      <Filter>Header Files</Filter>
    </ClInclude>
    <ClInclude Include="UIPartyOrForce.h">
      <Filter>Header Files</Filter>
    </ClInclude>
    <ClInclude Include="UIPerTradeDlg.h">
      <Filter>Header Files</Filter>
    </ClInclude>
    <ClInclude Include="UIPointInitDlg.h">
      <Filter>Header Files</Filter>
    </ClInclude>
    <ClInclude Include="UIQuestMenu.h">
      <Filter>Header Files</Filter>
    </ClInclude>
    <ClInclude Include="UIQuestTalk.h">
      <Filter>Header Files</Filter>
    </ClInclude>
    <ClInclude Include="UIRepairTooltipDlg.h">
      <Filter>Header Files</Filter>
    </ClInclude>
    <ClInclude Include="UISkillTreeDlg.h">
      <Filter>Header Files</Filter>
    </ClInclude>
    <ClInclude Include="UIStateBar.h">
      <Filter>Header Files</Filter>
    </ClInclude>
    <ClInclude Include="UITargetBar.h">
      <Filter>Header Files</Filter>
    </ClInclude>
    <ClInclude Include="UITradeBBSEditDlg.h">
      <Filter>Header Files</Filter>
    </ClInclude>
    <ClInclude Include="UITradeBBSSelector.h">
      <Filter>Header Files</Filter>
    </ClInclude>
    <ClInclude Include="UITradeEditDlg.h">
      <Filter>Header Files</Filter>
    </ClInclude>
    <ClInclude Include="UITradeExplanation.h">
      <Filter>Header Files</Filter>
    </ClInclude>
    <ClInclude Include="UITradeList.h">
      <Filter>Header Files</Filter>
    </ClInclude>
    <ClInclude Include="UITradeSellBBS.h">
      <Filter>Header Files</Filter>
    </ClInclude>
    <ClInclude Include="UITransactionDlg.h">
      <Filter>Header Files</Filter>
    </ClInclude>
    <ClInclude Include="UIVarious.h">
      <Filter>Header Files</Filter>
    </ClInclude>
    <ClInclude Include="UIWareHouseDlg.h">
      <Filter>Header Files</Filter>
    </ClInclude>
    <ClInclude Include="UIWarp.h">
      <Filter>Header Files</Filter>
    </ClInclude>
    <ClInclude Include="WarFareMain.h">
      <Filter>Header Files</Filter>
    </ClInclude>
    <ClInclude Include="WarMessage.h">
      <Filter>Header Files</Filter>
    </ClInclude>
    <ClInclude Include="resource.h">
      <Filter>Header Files</Filter>
    </ClInclude>
  </ItemGroup>
  <ItemGroup>
    <ResourceCompile Include="WarFare.rc">
      <Filter>Resource Files</Filter>
    </ResourceCompile>
  </ItemGroup>
</Project>