<?xml version="1.0" encoding="utf-8"?>
<Project ToolsVersion="4.0" xmlns="http://schemas.microsoft.com/developer/msbuild/2003">
  <ItemGroup>
    <Filter Include="Source Files">
      <UniqueIdentifier>{f06baf92-b3ca-45d1-9d29-aac78fbe61a7}</UniqueIdentifier>
      <Extensions>cpp;c;cxx;rc;def;r;odl;idl;hpj;bat</Extensions>
    </Filter>
    <Filter Include="Header Files">
      <UniqueIdentifier>{4a3150af-980b-45a0-b7f1-f8e1d8d67dda}</UniqueIdentifier>
      <Extensions>h;hpp;hxx;hm;inl</Extensions>
    </Filter>
    <Filter Include="Resource Files">
      <UniqueIdentifier>{af2e61dc-c6bd-4804-b0cf-e40469960eb9}</UniqueIdentifier>
      <Extensions>ico;cur;bmp;dlg;rc2;rct;bin;rgs;gif;jpg;jpeg;jpe</Extensions>
    </Filter>
    <Filter Include="Source Files\Handlers">
      <UniqueIdentifier>{1a89cbf7-5ff4-4e1a-80d8-75ae79aa83ba}</UniqueIdentifier>
    </Filter>
    <Filter Include="Database">
      <UniqueIdentifier>{42082f42-a5b4-4353-96b5-16b8c87bbee0}</UniqueIdentifier>
    </Filter>
    <Filter Include="N3Base">
      <UniqueIdentifier>{65077a65-a242-4880-9f12-b9c7a324593b}</UniqueIdentifier>
    </Filter>
    <Filter Include="Scripting">
      <UniqueIdentifier>{7b685819-91d6-429e-b8e5-467471921bed}</UniqueIdentifier>
    </Filter>
  </ItemGroup>
  <ItemGroup>
    <ClCompile Include="GameServerDlg.cpp">
      <Filter>Source Files</Filter>
    </ClCompile>
    <ClCompile Include="GameEvent.cpp">
      <Filter>Source Files</Filter>
    </ClCompile>
    <ClCompile Include="Knights.cpp">
      <Filter>Source Files</Filter>
    </ClCompile>
    <ClCompile Include="KnightsManager.cpp">
      <Filter>Source Files</Filter>
    </ClCompile>
    <ClCompile Include="MagicProcess.cpp">
      <Filter>Source Files</Filter>
    </ClCompile>
    <ClCompile Include="Map.cpp">
      <Filter>Source Files</Filter>
    </ClCompile>
    <ClCompile Include="Npc.cpp">
      <Filter>Source Files</Filter>
    </ClCompile>
    <ClCompile Include="User.cpp">
      <Filter>Source Files</Filter>
    </ClCompile>
    <ClCompile Include="LoginHandler.cpp">
      <Filter>Source Files\Handlers</Filter>
    </ClCompile>
    <ClCompile Include="CharacterSelectionHandler.cpp">
      <Filter>Source Files\Handlers</Filter>
    </ClCompile>
    <ClCompile Include="ChatHandler.cpp">
      <Filter>Source Files\Handlers</Filter>
    </ClCompile>
    <ClCompile Include="TradeHandler.cpp">
      <Filter>Source Files\Handlers</Filter>
    </ClCompile>
    <ClCompile Include="NPCHandler.cpp">
      <Filter>Source Files\Handlers</Filter>
    </ClCompile>
    <ClCompile Include="ItemHandler.cpp">
      <Filter>Source Files\Handlers</Filter>
    </ClCompile>
    <ClCompile Include="AttackHandler.cpp">
      <Filter>Source Files\Handlers</Filter>
    </ClCompile>
    <ClCompile Include="PartyHandler.cpp">
      <Filter>Source Files\Handlers</Filter>
    </ClCompile>
    <ClCompile Include="FriendHandler.cpp">
      <Filter>Source Files\Handlers</Filter>
    </ClCompile>
    <ClCompile Include="ShoppingMallHandler.cpp">
      <Filter>Source Files\Handlers</Filter>
    </ClCompile>
    <ClCompile Include="LetterHandler.cpp">
      <Filter>Source Files\Handlers</Filter>
    </ClCompile>
    <ClCompile Include="RentalHandler.cpp">
      <Filter>Source Files\Handlers</Filter>
    </ClCompile>
    <ClCompile Include="MerchantHandler.cpp">
      <Filter>Source Files\Handlers</Filter>
    </ClCompile>
    <ClCompile Include="..\N3BASE\N3ShapeMgr.cpp">
      <Filter>N3Base</Filter>
    </ClCompile>
    <ClCompile Include="CharacterMovementHandler.cpp">
      <Filter>Source Files\Handlers</Filter>
    </ClCompile>
    <ClCompile Include="AISocket.cpp">
      <Filter>Source Files</Filter>
    </ClCompile>
    <ClCompile Include="Unit.cpp">
      <Filter>Source Files</Filter>
    </ClCompile>
    <ClCompile Include="Region.cpp">
      <Filter>Source Files</Filter>
    </ClCompile>
    <ClCompile Include="ArenaHandler.cpp">
      <Filter>Source Files\Handlers</Filter>
    </ClCompile>
    <ClCompile Include="DatabaseThread.cpp">
      <Filter>Database</Filter>
    </ClCompile>
    <ClCompile Include="DBAgent.cpp">
      <Filter>Database</Filter>
    </ClCompile>
    <ClCompile Include="main.cpp">
      <Filter>Source Files</Filter>
    </ClCompile>
    <ClCompile Include="QuestHandler.cpp">
      <Filter>Source Files\Handlers</Filter>
    </ClCompile>
    <ClCompile Include="LuaEngine.cpp">
      <Filter>Scripting</Filter>
    </ClCompile>
    <ClCompile Include="lua_bindings.cpp">
      <Filter>Scripting</Filter>
    </ClCompile>
    <ClCompile Include="LoadServerData.cpp">
      <Filter>Source Files</Filter>
    </ClCompile>
    <ClCompile Include="MagicInstance.cpp">
      <Filter>Source Files</Filter>
    </ClCompile>
    <ClCompile Include="StdAfx.cpp">
      <Filter>Source Files</Filter>
    </ClCompile>
    <ClCompile Include="ConsoleInputThread.cpp">
      <Filter>Source Files</Filter>
    </ClCompile>
    <ClCompile Include="KingSystem.cpp">
      <Filter>Source Files</Filter>
    </ClCompile>
    <ClCompile Include="SealHandler.cpp">
      <Filter>Source Files\Handlers</Filter>
    </ClCompile>
    <ClCompile Include="UpgradeHandler.cpp">
      <Filter>Source Files\Handlers</Filter>
    </ClCompile>
    <ClCompile Include="EventHandler.cpp">
      <Filter>Source Files\Handlers</Filter>
    </ClCompile>
    <ClCompile Include="CharacterHandler.cpp">
      <Filter>Source Files\Handlers</Filter>
    </ClCompile>
  </ItemGroup>
  <ItemGroup>
    <ClInclude Include="Define.h">
      <Filter>Header Files</Filter>
    </ClInclude>
    <ClInclude Include="GameServerDlg.h">
      <Filter>Header Files</Filter>
    </ClInclude>
    <ClInclude Include="GameDefine.h">
      <Filter>Header Files</Filter>
    </ClInclude>
    <ClInclude Include="GameEvent.h">
      <Filter>Header Files</Filter>
    </ClInclude>
    <ClInclude Include="Knights.h">
      <Filter>Header Files</Filter>
    </ClInclude>
    <ClInclude Include="KnightsManager.h">
      <Filter>Header Files</Filter>
    </ClInclude>
    <ClInclude Include="MagicProcess.h">
      <Filter>Header Files</Filter>
    </ClInclude>
    <ClInclude Include="Map.h">
      <Filter>Header Files</Filter>
    </ClInclude>
    <ClInclude Include="Npc.h">
      <Filter>Header Files</Filter>
    </ClInclude>
    <ClInclude Include="Region.h">
      <Filter>Header Files</Filter>
    </ClInclude>
    <ClInclude Include="StdAfx.h">
      <Filter>Header Files</Filter>
    </ClInclude>
    <ClInclude Include="User.h">
      <Filter>Header Files</Filter>
    </ClInclude>
    <ClInclude Include="Resource.h">
      <Filter>Resource Files</Filter>
    </ClInclude>
    <ClInclude Include="..\N3BASE\N3ShapeMgr.h">
      <Filter>N3Base</Filter>
    </ClInclude>
    <ClInclude Include="..\N3BASE\My_3DStruct.h">
      <Filter>N3Base</Filter>
    </ClInclude>
    <ClInclude Include="..\shared\database\ServerResourceSet.h">
      <Filter>Database</Filter>
    </ClInclude>
    <ClInclude Include="..\shared\database\StartPositionSet.h">
      <Filter>Database</Filter>
    </ClInclude>
    <ClInclude Include="..\shared\database\ZoneInfoSet.h">
      <Filter>Database</Filter>
    </ClInclude>
    <ClInclude Include="..\shared\database\BattleSet.h">
      <Filter>Database</Filter>
    </ClInclude>
    <ClInclude Include="..\shared\database\CoefficientSet.h">
      <Filter>Database</Filter>
    </ClInclude>
    <ClInclude Include="..\shared\database\EventSet.h">
      <Filter>Database</Filter>
    </ClInclude>
    <ClInclude Include="..\shared\database\ItemTableSet.h">
      <Filter>Database</Filter>
    </ClInclude>
    <ClInclude Include="..\shared\database\KnightsRankSet.h">
      <Filter>Database</Filter>
    </ClInclude>
    <ClInclude Include="..\shared\database\KnightsSet.h">
      <Filter>Database</Filter>
    </ClInclude>
    <ClInclude Include="..\shared\database\KnightsUserSet.h">
      <Filter>Database</Filter>
    </ClInclude>
    <ClInclude Include="..\shared\database\LevelUpTableSet.h">
      <Filter>Database</Filter>
    </ClInclude>
    <ClInclude Include="..\shared\database\MagicTableSet.h">
      <Filter>Database</Filter>
    </ClInclude>
    <ClInclude Include="..\shared\database\MagicType1Set.h">
      <Filter>Database</Filter>
    </ClInclude>
    <ClInclude Include="..\shared\database\MagicType2Set.h">
      <Filter>Database</Filter>
    </ClInclude>
    <ClInclude Include="..\shared\database\MagicType3Set.h">
      <Filter>Database</Filter>
    </ClInclude>
    <ClInclude Include="..\shared\database\MagicType4Set.h">
      <Filter>Database</Filter>
    </ClInclude>
    <ClInclude Include="..\shared\database\MagicType5Set.h">
      <Filter>Database</Filter>
    </ClInclude>
    <ClInclude Include="..\shared\database\MagicType8Set.h">
      <Filter>Database</Filter>
    </ClInclude>
    <ClInclude Include="..\shared\database\MagicType6Set.h">
      <Filter>Database</Filter>
    </ClInclude>
    <ClInclude Include="..\shared\database\MagicType7Set.h">
      <Filter>Database</Filter>
    </ClInclude>
    <ClInclude Include="..\shared\database\MagicType9Set.h">
      <Filter>Database</Filter>
    </ClInclude>
    <ClInclude Include="ChatHandler.h">
      <Filter>Header Files</Filter>
    </ClInclude>
    <ClInclude Include="AISocket.h">
      <Filter>Header Files</Filter>
    </ClInclude>
    <ClInclude Include="Unit.h">
      <Filter>Header Files</Filter>
    </ClInclude>
    <ClInclude Include="..\shared\database\UserPersonalRankSet.h">
      <Filter>Database</Filter>
    </ClInclude>
    <ClInclude Include="..\shared\database\UserKnightsRankSet.h">
      <Filter>Database</Filter>
    </ClInclude>
    <ClInclude Include="DatabaseThread.h">
      <Filter>Database</Filter>
    </ClInclude>
    <ClInclude Include="DBAgent.h">
      <Filter>Database</Filter>
    </ClInclude>
    <ClInclude Include="..\shared\database\KnightsAllianceSet.h">
      <Filter>Database</Filter>
    </ClInclude>
    <ClInclude Include="..\shared\database\KnightsCapeSet.h">
      <Filter>Database</Filter>
    </ClInclude>
    <ClInclude Include="..\shared\database\QuestMonsterSet.h">
      <Filter>Database</Filter>
    </ClInclude>
    <ClInclude Include="..\shared\database\QuestHelperSet.h">
      <Filter>Database</Filter>
    </ClInclude>
    <ClInclude Include="..\shared\database\RentalItemSet.h">
      <Filter>Database</Filter>
    </ClInclude>
    <ClInclude Include="..\shared\database\ItemExchangeSet.h">
      <Filter>Database</Filter>
    </ClInclude>
    <ClInclude Include="lua_bindings.h">
      <Filter>Scripting</Filter>
    </ClInclude>
    <ClInclude Include="LuaEngine.h">
      <Filter>Scripting</Filter>
    </ClInclude>
    <ClInclude Include="..\scripting\lua_helpers.h">
      <Filter>Scripting</Filter>
    </ClInclude>
    <ClInclude Include="LoadServerData.h">
      <Filter>Header Files</Filter>
    </ClInclude>
    <ClInclude Include="MagicInstance.h">
      <Filter>Header Files</Filter>
    </ClInclude>
    <ClInclude Include="ConsoleInputThread.h">
      <Filter>Header Files</Filter>
    </ClInclude>
    <ClInclude Include="..\shared\database\KingSystemSet.h">
      <Filter>Database</Filter>
    </ClInclude>
    <ClInclude Include="KingSystem.h">
      <Filter>Header Files</Filter>
    </ClInclude>
    <ClInclude Include="..\shared\database\KingCandidacyNoticeBoardSet.h">
      <Filter>Database</Filter>
    </ClInclude>
    <ClInclude Include="..\shared\database\KingElectionListSet.h">
      <Filter>Database</Filter>
    </ClInclude>
    <ClInclude Include="..\shared\database\ItemUpgradeSet.h">
      <Filter>Database</Filter>
    </ClInclude>
    <ClInclude Include="..\shared\database\SetItemTableSet.h">
      <Filter>Database</Filter>
    </ClInclude>
    <ClInclude Include="..\shared\database\ItemOpSet.h">
      <Filter>Database</Filter>
    </ClInclude>
    <ClInclude Include="..\shared\database\MonsterSummonListSet.h">
      <Filter>Database</Filter>
    </ClInclude>
    <ClInclude Include="..\shared\database\PremiumItemExpSet.h">
      <Filter>Database</Filter>
    </ClInclude>
    <ClInclude Include="..\shared\database\PremiumItemSet.h">
      <Filter>Database</Filter>
    </ClInclude>
    <ClInclude Include="..\shared\database\MonsterSummonListZoneSet.h">
      <Filter>Database</Filter>
    </ClInclude>
    <ClInclude Include="..\shared\database\MonsterRespawnListSet.h">
      <Filter>Database</Filter>
    </ClInclude>
    <ClInclude Include="..\shared\database\UserDailyOpSet.h">
      <Filter>Database</Filter>
    </ClInclude>
    <ClInclude Include="..\shared\database\EventTriggerSet.h">
      <Filter>Database</Filter>
    </ClInclude>
    <ClInclude Include="..\shared\database\MonsterRespawnListInformationSet.h">
      <Filter>Database</Filter>
    </ClInclude>
    <ClInclude Include="..\shared\database\MonsterChallenge.h">
      <Filter>Database</Filter>
    </ClInclude>
    <ClInclude Include="..\shared\database\MonsterChallengeSummonList.h">
      <Filter>Database</Filter>
    </ClInclude>
    <ClInclude Include="..\shared\database\StartPositionRandomSet.h">
      <Filter>Database</Filter>
    </ClInclude>
    <ClInclude Include="..\shared\database\ObjectPosSet.h">
      <Filter>Database</Filter>
    </ClInclude>
  </ItemGroup>
  <ItemGroup>
    <None Include="res\GameServer.ico">
      <Filter>Resource Files</Filter>
    </None>
  </ItemGroup>
  <ItemGroup>
    <ResourceCompile Include="GameServer.rc">
      <Filter>Source Files</Filter>
    </ResourceCompile>
  </ItemGroup>
</Project>