
Microsoft Visual Studio Solution File, Format Version 12.00
# Visual Studio Version 17
VisualStudioVersion = 17.12.35527.113 d17.12
MinimumVisualStudioVersion = 10.0.40219.1
Project("{8BC9CEB8-8B4A-11D0-8D11-00A0C91BC942}") = "Launcher", "Launcher.vcxproj", "{03AF3BCF-B1A8-49F3-840E-10642257873A}"
	ProjectSection(ProjectDependencies) = postProject
		{6E97FD6E-7530-4BE3-B8E6-9E17ED45CD45} = {6E97FD6E-7530-4BE3-B8E6-9E17ED45CD45}
	EndProjectSection
EndProject
Project("{8BC9CEB8-8B4A-11D0-8D11-00A0C91BC942}") = "ZipArchive", "..\ZipArchive\ZipArchive.vcxproj", "{6E97FD6E-7530-4BE3-B8E6-9E17ED45CD45}"
EndProject
Global
	GlobalSection(SolutionConfigurationPlatforms) = preSolution
		Debug|x86 = Debug|x86
		Release|x86 = Release|x86
	EndGlobalSection
	GlobalSection(ProjectConfigurationPlatforms) = postSolution
		{03AF3BCF-B1A8-49F3-840E-10642257873A}.Debug|x86.ActiveCfg = Debug|Win32
		{03AF3BCF-B1A8-49F3-840E-10642257873A}.Debug|x86.Build.0 = Debug|Win32
		{03AF3BCF-B1A8-49F3-840E-10642257873A}.Release|x86.ActiveCfg = Release|Win32
		{03AF3BCF-B1A8-49F3-840E-10642257873A}.Release|x86.Build.0 = Release|Win32
		{6E97FD6E-7530-4BE3-B8E6-9E17ED45CD45}.Debug|x86.ActiveCfg = Debug|Win32
		{6E97FD6E-7530-4BE3-B8E6-9E17ED45CD45}.Debug|x86.Build.0 = Debug|Win32
		{6E97FD6E-7530-4BE3-B8E6-9E17ED45CD45}.Release|x86.ActiveCfg = Release|Win32
		{6E97FD6E-7530-4BE3-B8E6-9E17ED45CD45}.Release|x86.Build.0 = Release|Win32
	EndGlobalSection
	GlobalSection(SolutionProperties) = preSolution
		HideSolutionNode = FALSE
	EndGlobalSection
EndGlobal
