<?xml version="1.0" encoding="utf-8"?>
<Project ToolsVersion="4.0" xmlns="http://schemas.microsoft.com/developer/msbuild/2003">
  <ItemGroup>
    <Filter Include="Source Files">
      <UniqueIdentifier>{4FC737F1-C7A5-4376-A066-2A32D752A2FF}</UniqueIdentifier>
      <Extensions>cpp;c;cc;cxx;def;odl;idl;hpj;bat;asm;asmx</Extensions>
    </Filter>
    <Filter Include="Header Files">
      <UniqueIdentifier>{93995380-89BD-4b04-88EB-625FBE52EBFB}</UniqueIdentifier>
      <Extensions>h;hh;hpp;hxx;hm;inl;inc;xsd</Extensions>
    </Filter>
    <Filter Include="Resource Files">
      <UniqueIdentifier>{67DA6AB6-F800-4c08-8B7A-83BB121AAD01}</UniqueIdentifier>
      <Extensions>rc;ico;cur;bmp;dlg;rc2;rct;bin;rgs;gif;jpg;jpeg;jpe;resx;tiff;tif;png;wav;mfcribbon-ms</Extensions>
    </Filter>
  </ItemGroup>
  <ItemGroup>
    <ClInclude Include="include\AVIPlayer.h">
      <Filter>Header Files</Filter>
    </ClInclude>
    <ClInclude Include="include\BitMapFile.h">
      <Filter>Header Files</Filter>
    </ClInclude>
    <ClInclude Include="include\DFont.h">
      <Filter>Header Files</Filter>
    </ClInclude>
    <ClInclude Include="include\JPEG.H">
      <Filter>Header Files</Filter>
    </ClInclude>
    <ClInclude Include="include\LogWriter.h">
      <Filter>Header Files</Filter>
    </ClInclude>
    <ClInclude Include="include\My_3DStruct.h">
      <Filter>Header Files</Filter>
    </ClInclude>
    <ClInclude Include="include\My_Macro.h">
      <Filter>Header Files</Filter>
    </ClInclude>
    <ClInclude Include="include\N3AlphaPrimitiveManager.h">
      <Filter>Header Files</Filter>
    </ClInclude>
    <ClInclude Include="include\N3AnimatedTexures.h">
      <Filter>Header Files</Filter>
    </ClInclude>
    <ClInclude Include="include\N3AnimControl.h">
      <Filter>Header Files</Filter>
    </ClInclude>
    <ClInclude Include="include\N3AnimKey.h">
      <Filter>Header Files</Filter>
    </ClInclude>
    <ClInclude Include="include\N3Base.h">
      <Filter>Header Files</Filter>
    </ClInclude>
    <ClInclude Include="include\N3BaseFileAccess.h">
      <Filter>Header Files</Filter>
    </ClInclude>
    <ClInclude Include="include\N3Board.h">
      <Filter>Header Files</Filter>
    </ClInclude>
    <ClInclude Include="include\N3Camera.h">
      <Filter>Header Files</Filter>
    </ClInclude>
    <ClInclude Include="include\N3Chr.h">
      <Filter>Header Files</Filter>
    </ClInclude>
    <ClInclude Include="include\N3Cloak.h">
      <Filter>Header Files</Filter>
    </ClInclude>
    <ClInclude Include="include\N3Cloud.h">
      <Filter>Header Files</Filter>
    </ClInclude>
    <ClInclude Include="include\N3ColorChange.h">
      <Filter>Header Files</Filter>
    </ClInclude>
    <ClInclude Include="include\N3Eng.h">
      <Filter>Header Files</Filter>
    </ClInclude>
    <ClInclude Include="include\N3EngTool.h">
      <Filter>Header Files</Filter>
    </ClInclude>
    <ClInclude Include="include\N3FXBundle.h">
      <Filter>Header Files</Filter>
    </ClInclude>
    <ClInclude Include="include\N3FXDef.h">
      <Filter>Header Files</Filter>
    </ClInclude>
    <ClInclude Include="include\N3FXGroup.h">
      <Filter>Header Files</Filter>
    </ClInclude>
    <ClInclude Include="include\N3FXPartBase.h">
      <Filter>Header Files</Filter>
    </ClInclude>
    <ClInclude Include="include\N3FXPartBillBoard.h">
      <Filter>Header Files</Filter>
    </ClInclude>
    <ClInclude Include="include\N3FXPartBottomBoard.h">
      <Filter>Header Files</Filter>
    </ClInclude>
    <ClInclude Include="include\N3FXParticle.h">
      <Filter>Header Files</Filter>
    </ClInclude>
    <ClInclude Include="include\N3FXPartMesh.h">
      <Filter>Header Files</Filter>
    </ClInclude>
    <ClInclude Include="include\N3FXPartParticles.h">
      <Filter>Header Files</Filter>
    </ClInclude>
    <ClInclude Include="include\N3FXPlug.h">
      <Filter>Header Files</Filter>
    </ClInclude>
    <ClInclude Include="include\N3FXPMesh.h">
      <Filter>Header Files</Filter>
    </ClInclude>
    <ClInclude Include="include\N3FXPMeshInstance.h">
      <Filter>Header Files</Filter>
    </ClInclude>
    <ClInclude Include="include\N3FXShape.h">
      <Filter>Header Files</Filter>
    </ClInclude>
    <ClInclude Include="include\N3GERain.h">
      <Filter>Header Files</Filter>
    </ClInclude>
    <ClInclude Include="include\N3GESnow.h">
      <Filter>Header Files</Filter>
    </ClInclude>
    <ClInclude Include="include\N3GlobalEffect.h">
      <Filter>Header Files</Filter>
    </ClInclude>
    <ClInclude Include="include\N3GlobalEffectMng.h">
      <Filter>Header Files</Filter>
    </ClInclude>
    <ClInclude Include="include\N3IME.h">
      <Filter>Header Files</Filter>
    </ClInclude>
    <ClInclude Include="include\N3IMesh.h">
      <Filter>Header Files</Filter>
    </ClInclude>
    <ClInclude Include="include\N3Joint.h">
      <Filter>Header Files</Filter>
    </ClInclude>
    <ClInclude Include="include\N3Light.h">
      <Filter>Header Files</Filter>
    </ClInclude>
    <ClInclude Include="include\N3Mesh.h">
      <Filter>Header Files</Filter>
    </ClInclude>
    <ClInclude Include="include\N3Mng.h">
      <Filter>Header Files</Filter>
    </ClInclude>
    <ClInclude Include="include\N3Moon.h">
      <Filter>Header Files</Filter>
    </ClInclude>
    <ClInclude Include="include\N3PMesh.h">
      <Filter>Header Files</Filter>
    </ClInclude>
    <ClInclude Include="include\N3PMeshCreate.h">
      <Filter>Header Files</Filter>
    </ClInclude>
    <ClInclude Include="include\N3PMeshInstance.h">
      <Filter>Header Files</Filter>
    </ClInclude>
    <ClInclude Include="include\N3Pond.h">
      <Filter>Header Files</Filter>
    </ClInclude>
    <ClInclude Include="include\N3River.h">
      <Filter>Header Files</Filter>
    </ClInclude>
    <ClInclude Include="include\N3River2.h">
      <Filter>Header Files</Filter>
    </ClInclude>
    <ClInclude Include="include\N3RiverPatch.h">
      <Filter>Header Files</Filter>
    </ClInclude>
    <ClInclude Include="include\N3Scene.h">
      <Filter>Header Files</Filter>
    </ClInclude>
    <ClInclude Include="include\N3Shape.h">
      <Filter>Header Files</Filter>
    </ClInclude>
    <ClInclude Include="include\N3ShapeEx.h">
      <Filter>Header Files</Filter>
    </ClInclude>
    <ClInclude Include="include\N3ShapeExtra.h">
      <Filter>Header Files</Filter>
    </ClInclude>
    <ClInclude Include="include\N3ShapeMgr.h">
      <Filter>Header Files</Filter>
    </ClInclude>
    <ClInclude Include="include\N3ShapeMod.h">
      <Filter>Header Files</Filter>
    </ClInclude>
    <ClInclude Include="include\N3Skin.h">
      <Filter>Header Files</Filter>
    </ClInclude>
    <ClInclude Include="include\N3Sky.h">
      <Filter>Header Files</Filter>
    </ClInclude>
    <ClInclude Include="include\N3SkyMng.h">
      <Filter>Header Files</Filter>
    </ClInclude>
    <ClInclude Include="include\N3Snd3dObj.h">
      <Filter>Header Files</Filter>
    </ClInclude>
    <ClInclude Include="include\N3SndDef.h">
      <Filter>Header Files</Filter>
    </ClInclude>
    <ClInclude Include="include\N3SndEng.h">
      <Filter>Header Files</Filter>
    </ClInclude>
    <ClInclude Include="include\N3SndMgr.h">
      <Filter>Header Files</Filter>
    </ClInclude>
    <ClInclude Include="include\N3SndObj.h">
      <Filter>Header Files</Filter>
    </ClInclude>
    <ClInclude Include="include\N3SndObj2D.h">
      <Filter>Header Files</Filter>
    </ClInclude>
    <ClInclude Include="include\N3SndObj3D.h">
      <Filter>Header Files</Filter>
    </ClInclude>
    <ClInclude Include="include\N3SndObjStream.h">
      <Filter>Header Files</Filter>
    </ClInclude>
    <ClInclude Include="include\N3Star.h">
      <Filter>Header Files</Filter>
    </ClInclude>
    <ClInclude Include="include\N3Sun.h">
      <Filter>Header Files</Filter>
    </ClInclude>
    <ClInclude Include="include\N3TableBase.h">
      <Filter>Header Files</Filter>
    </ClInclude>
    <ClInclude Include="include\N3Texture.h">
      <Filter>Header Files</Filter>
    </ClInclude>
    <ClInclude Include="include\N3Transform.h">
      <Filter>Header Files</Filter>
    </ClInclude>
    <ClInclude Include="include\N3TransformCollision.h">
      <Filter>Header Files</Filter>
    </ClInclude>
    <ClInclude Include="include\N3UIArea.h">
      <Filter>Header Files</Filter>
    </ClInclude>
    <ClInclude Include="include\N3UIBase.h">
      <Filter>Header Files</Filter>
    </ClInclude>
    <ClInclude Include="include\N3UIButton.h">
      <Filter>Header Files</Filter>
    </ClInclude>
    <ClInclude Include="include\N3UIDef.h">
      <Filter>Header Files</Filter>
    </ClInclude>
    <ClInclude Include="include\N3UIEdit.h">
      <Filter>Header Files</Filter>
    </ClInclude>
    <ClInclude Include="include\N3UIImage.h">
      <Filter>Header Files</Filter>
    </ClInclude>
    <ClInclude Include="include\N3UIList.h">
      <Filter>Header Files</Filter>
    </ClInclude>
    <ClInclude Include="include\N3UIManager.h">
      <Filter>Header Files</Filter>
    </ClInclude>
    <ClInclude Include="include\N3UIProgress.h">
      <Filter>Header Files</Filter>
    </ClInclude>
    <ClInclude Include="include\N3UIScrollBar.h">
      <Filter>Header Files</Filter>
    </ClInclude>
    <ClInclude Include="include\N3UIStatic.h">
      <Filter>Header Files</Filter>
    </ClInclude>
    <ClInclude Include="include\N3UIString.h">
      <Filter>Header Files</Filter>
    </ClInclude>
    <ClInclude Include="include\N3UITooltip.h">
      <Filter>Header Files</Filter>
    </ClInclude>
    <ClInclude Include="include\N3UITrackBar.h">
      <Filter>Header Files</Filter>
    </ClInclude>
    <ClInclude Include="include\N3VMesh.h">
      <Filter>Header Files</Filter>
    </ClInclude>
    <ClInclude Include="include\Pick.h">
      <Filter>Header Files</Filter>
    </ClInclude>
    <ClInclude Include="include\StdAfxBase.h">
      <Filter>Header Files</Filter>
    </ClInclude>
    <ClInclude Include="include\StreamSoundObj.h">
      <Filter>Header Files</Filter>
    </ClInclude>
    <ClInclude Include="include\WaveFile.h">
      <Filter>Header Files</Filter>
    </ClInclude>
  </ItemGroup>
  <ItemGroup>
    <ClCompile Include="src\N3AnimControl.cpp">
      <Filter>Source Files</Filter>
    </ClCompile>
    <ClCompile Include="src\N3AnimKey.cpp">
      <Filter>Source Files</Filter>
    </ClCompile>
    <ClCompile Include="src\N3Base.cpp">
      <Filter>Source Files</Filter>
    </ClCompile>
    <ClCompile Include="src\N3Camera.cpp">
      <Filter>Source Files</Filter>
    </ClCompile>
    <ClCompile Include="src\N3Chr.cpp">
      <Filter>Source Files</Filter>
    </ClCompile>
    <ClCompile Include="src\N3Eng.cpp">
      <Filter>Source Files</Filter>
    </ClCompile>
    <ClCompile Include="src\N3IMesh.cpp">
      <Filter>Source Files</Filter>
    </ClCompile>
    <ClCompile Include="src\N3Joint.cpp">
      <Filter>Source Files</Filter>
    </ClCompile>
    <ClCompile Include="src\N3Light.cpp">
      <Filter>Source Files</Filter>
    </ClCompile>
    <ClCompile Include="src\N3Mesh.cpp">
      <Filter>Source Files</Filter>
    </ClCompile>
    <ClCompile Include="src\N3Moon.cpp">
      <Filter>Source Files</Filter>
    </ClCompile>
    <ClCompile Include="src\N3PMesh.cpp">
      <Filter>Source Files</Filter>
    </ClCompile>
    <ClCompile Include="src\N3PMeshCreate.cpp">
      <Filter>Source Files</Filter>
    </ClCompile>
    <ClCompile Include="src\N3PMeshInstance.cpp">
      <Filter>Source Files</Filter>
    </ClCompile>
    <ClCompile Include="src\N3River2.cpp">
      <Filter>Source Files</Filter>
    </ClCompile>
    <ClCompile Include="src\N3Scene.cpp">
      <Filter>Source Files</Filter>
    </ClCompile>
    <ClCompile Include="src\N3Shape.cpp">
      <Filter>Source Files</Filter>
    </ClCompile>
    <ClCompile Include="src\N3Skin.cpp">
      <Filter>Source Files</Filter>
    </ClCompile>
    <ClCompile Include="src\N3Texture.cpp">
      <Filter>Source Files</Filter>
    </ClCompile>
    <ClCompile Include="src\N3Transform.cpp">
      <Filter>Source Files</Filter>
    </ClCompile>
    <ClCompile Include="src\N3TransformCollision.cpp">
      <Filter>Source Files</Filter>
    </ClCompile>
    <ClCompile Include="src\N3VMesh.cpp">
      <Filter>Source Files</Filter>
    </ClCompile>
    <ClCompile Include="src\Pick.cpp">
      <Filter>Source Files</Filter>
    </ClCompile>
    <ClCompile Include="src\N3Cloak.cpp">
      <Filter>Source Files</Filter>
    </ClCompile>
    <ClCompile Include="src\N3AlphaPrimitiveManager.cpp">
      <Filter>Source Files</Filter>
    </ClCompile>
    <ClCompile Include="src\N3BaseFileAccess.cpp">
      <Filter>Source Files</Filter>
    </ClCompile>
    <ClCompile Include="src\N3Cloud.cpp">
      <Filter>Source Files</Filter>
    </ClCompile>
    <ClCompile Include="src\DFont.cpp">
      <Filter>Source Files</Filter>
    </ClCompile>
    <ClCompile Include="src\JPEG.cpp">
      <Filter>Source Files</Filter>
    </ClCompile>
    <ClCompile Include="src\LogWriter.cpp">
      <Filter>Source Files</Filter>
    </ClCompile>
    <ClCompile Include="src\N3ColorChange.cpp">
      <Filter>Source Files</Filter>
    </ClCompile>
    <ClCompile Include="src\N3GERain.cpp">
      <Filter>Source Files</Filter>
    </ClCompile>
    <ClCompile Include="src\N3GESnow.cpp">
      <Filter>Source Files</Filter>
    </ClCompile>
    <ClCompile Include="src\N3GlobalEffect.cpp">
      <Filter>Source Files</Filter>
    </ClCompile>
    <ClCompile Include="src\N3Pond.cpp">
      <Filter>Source Files</Filter>
    </ClCompile>
    <ClCompile Include="src\N3River.cpp">
      <Filter>Source Files</Filter>
    </ClCompile>
    <ClCompile Include="src\WaveFile.cpp">
      <Filter>Source Files</Filter>
    </ClCompile>
    <ClCompile Include="src\N3UIArea.cpp">
      <Filter>Source Files</Filter>
    </ClCompile>
    <ClCompile Include="src\N3UIBase.cpp">
      <Filter>Source Files</Filter>
    </ClCompile>
    <ClCompile Include="src\N3UIButton.cpp">
      <Filter>Source Files</Filter>
    </ClCompile>
    <ClCompile Include="src\N3UIEdit.cpp">
      <Filter>Source Files</Filter>
    </ClCompile>
    <ClCompile Include="src\N3UIImage.cpp">
      <Filter>Source Files</Filter>
    </ClCompile>
    <ClCompile Include="src\N3UIList.cpp">
      <Filter>Source Files</Filter>
    </ClCompile>
    <ClCompile Include="src\N3UIProgress.cpp">
      <Filter>Source Files</Filter>
    </ClCompile>
    <ClCompile Include="src\N3UIScrollBar.cpp">
      <Filter>Source Files</Filter>
    </ClCompile>
    <ClCompile Include="src\N3UIStatic.cpp">
      <Filter>Source Files</Filter>
    </ClCompile>
    <ClCompile Include="src\N3UIString.cpp">
      <Filter>Source Files</Filter>
    </ClCompile>
    <ClCompile Include="src\N3UITooltip.cpp">
      <Filter>Source Files</Filter>
    </ClCompile>
    <ClCompile Include="src\N3UITrackBar.cpp">
      <Filter>Source Files</Filter>
    </ClCompile>
    <ClCompile Include="src\N3FXShape.cpp">
      <Filter>Source Files</Filter>
    </ClCompile>
    <ClCompile Include="src\N3FXPMesh.cpp">
      <Filter>Source Files</Filter>
    </ClCompile>
    <ClCompile Include="src\N3FXPMeshInstance.cpp">
      <Filter>Source Files</Filter>
    </ClCompile>
    <ClCompile Include="src\N3FXPlug.cpp">
      <Filter>Source Files</Filter>
    </ClCompile>
    <ClCompile Include="src\N3FXPartMesh.cpp">
      <Filter>Source Files</Filter>
    </ClCompile>
    <ClCompile Include="src\N3FXParticle.cpp">
      <Filter>Source Files</Filter>
    </ClCompile>
    <ClCompile Include="src\N3FXPartParticles.cpp">
      <Filter>Source Files</Filter>
    </ClCompile>
    <ClCompile Include="src\N3FXPartBase.cpp">
      <Filter>Source Files</Filter>
    </ClCompile>
    <ClCompile Include="src\N3FXPartBillBoard.cpp">
      <Filter>Source Files</Filter>
    </ClCompile>
    <ClCompile Include="src\N3FXPartBottomBoard.cpp">
      <Filter>Source Files</Filter>
    </ClCompile>
    <ClCompile Include="src\N3Sky.cpp">
      <Filter>Source Files</Filter>
    </ClCompile>
    <ClCompile Include="src\N3SkyMng.cpp">
      <Filter>Source Files</Filter>
    </ClCompile>
    <ClCompile Include="src\N3FXBundle.cpp">
      <Filter>Source Files</Filter>
    </ClCompile>
    <ClCompile Include="src\N3FXBundleGame.cpp">
      <Filter>Source Files</Filter>
    </ClCompile>
    <ClCompile Include="src\N3FXMgr.cpp">
      <Filter>Source Files</Filter>
    </ClCompile>
    <ClCompile Include="src\N3FXPartBillBoardGame.cpp">
      <Filter>Source Files</Filter>
    </ClCompile>
    <ClCompile Include="src\N3FXPartBottomBoardGame.cpp">
      <Filter>Source Files</Filter>
    </ClCompile>
    <ClCompile Include="src\N3ShapeExtra.cpp">
      <Filter>Source Files</Filter>
    </ClCompile>
    <ClCompile Include="src\N3ShapeMgr.cpp">
      <Filter>Source Files</Filter>
    </ClCompile>
    <ClCompile Include="src\N3SndMgr.cpp">
      <Filter>Source Files</Filter>
    </ClCompile>
    <ClCompile Include="src\N3SndObj.cpp">
      <Filter>Source Files</Filter>
    </ClCompile>
    <ClCompile Include="src\N3SndObjStream.cpp">
      <Filter>Source Files</Filter>
    </ClCompile>
    <ClCompile Include="src\N3Star.cpp">
      <Filter>Source Files</Filter>
    </ClCompile>
    <ClCompile Include="src\N3Sun.cpp">
      <Filter>Source Files</Filter>
    </ClCompile>
    <ClCompile Include="src\N3Terrain.cpp">
      <Filter>Source Files</Filter>
    </ClCompile>
    <ClCompile Include="src\N3TerrainManager.cpp">
      <Filter>Source Files</Filter>
    </ClCompile>
    <ClCompile Include="src\N3TerrainPatch.cpp">
      <Filter>Source Files</Filter>
    </ClCompile>
    <ClCompile Include="src\N3UIDBCLButton.cpp">
      <Filter>Source Files</Filter>
    </ClCompile>
    <ClCompile Include="src\N3UIIcon.cpp">
      <Filter>Source Files</Filter>
    </ClCompile>
    <ClCompile Include="src\N3UIWndBase.cpp">
      <Filter>Source Files</Filter>
    </ClCompile>
    <ClCompile Include="src\N3WorldBase.cpp">
      <Filter>Source Files</Filter>
    </ClCompile>
    <ClCompile Include="src\N3WorldManager.cpp">
      <Filter>Source Files</Filter>
    </ClCompile>
    <ClCompile Include="src\N3EngTool.cpp">
      <Filter>Source Files</Filter>
    </ClCompile>
    <ClCompile Include="src\BitMapFile.cpp">
      <Filter>Source Files</Filter>
    </ClCompile>
  </ItemGroup>
</Project>