<?xml version="1.0" encoding="utf-8"?>
<Project ToolsVersion="4.0" xmlns="http://schemas.microsoft.com/developer/msbuild/2003">
  <ItemGroup>
    <Filter Include="Source Files">
      <UniqueIdentifier>{4FC737F1-C7A5-4376-A066-2A32D752A2FF}</UniqueIdentifier>
      <Extensions>cpp;c;cc;cxx;def;odl;idl;hpj;bat;asm;asmx</Extensions>
    </Filter>
    <Filter Include="Header Files">
      <UniqueIdentifier>{93995380-89BD-4b04-88EB-625FBE52EBFB}</UniqueIdentifier>
      <Extensions>h;hh;hpp;hxx;hm;inl;inc;xsd</Extensions>
    </Filter>
    <Filter Include="Resource Files">
      <UniqueIdentifier>{67DA6AB6-F800-4c08-8B7A-83BB121AAD01}</UniqueIdentifier>
      <Extensions>rc;ico;cur;bmp;dlg;rc2;rct;bin;rgs;gif;jpg;jpeg;jpe;resx;tiff;tif;png;wav;mfcribbon-ms</Extensions>
    </Filter>
  </ItemGroup>
  <ItemGroup>
    <ClInclude Include="include\APISocket.h">
      <Filter>Header Files</Filter>
    </ClInclude>
    <ClInclude Include="include\Bird.h">
      <Filter>Header Files</Filter>
    </ClInclude>
    <ClInclude Include="include\BirdMng.h">
      <Filter>Header Files</Filter>
    </ClInclude>
    <ClInclude Include="include\Bitset.h">
      <Filter>Header Files</Filter>
    </ClInclude>
    <ClInclude Include="include\Catapult.h">
      <Filter>Header Files</Filter>
    </ClInclude>
    <ClInclude Include="include\Compress.h">
      <Filter>Header Files</Filter>
    </ClInclude>
    <ClInclude Include="include\CountableItemEditDlg.h">
      <Filter>Header Files</Filter>
    </ClInclude>
    <ClInclude Include="include\DungeonManager.h">
      <Filter>Header Files</Filter>
    </ClInclude>
    <ClInclude Include="include\EventManager.h">
      <Filter>Header Files</Filter>
    </ClInclude>
    <ClInclude Include="include\GameBase.h">
      <Filter>Header Files</Filter>
    </ClInclude>
    <ClInclude Include="include\GameCursor.h">
      <Filter>Header Files</Filter>
    </ClInclude>
    <ClInclude Include="include\GameDef.h">
      <Filter>Header Files</Filter>
    </ClInclude>
    <ClInclude Include="include\GameEng.h">
      <Filter>Header Files</Filter>
    </ClInclude>
    <ClInclude Include="include\GameProcCharacterCreate.h">
      <Filter>Header Files</Filter>
    </ClInclude>
    <ClInclude Include="include\GameProcCharacterSelect.h">
      <Filter>Header Files</Filter>
    </ClInclude>
    <ClInclude Include="include\GameProcedure.h">
      <Filter>Header Files</Filter>
    </ClInclude>
    <ClInclude Include="include\GameProcLogIn.h">
      <Filter>Header Files</Filter>
    </ClInclude>
    <ClInclude Include="include\GameProcMain.h">
      <Filter>Header Files</Filter>
    </ClInclude>
    <ClInclude Include="include\GameProcNationSelect.h">
      <Filter>Header Files</Filter>
    </ClInclude>
    <ClInclude Include="include\GameProcOption.h">
      <Filter>Header Files</Filter>
    </ClInclude>
    <ClInclude Include="include\GrassBoard.h">
      <Filter>Header Files</Filter>
    </ClInclude>
    <ClInclude Include="include\GrassMng.h">
      <Filter>Header Files</Filter>
    </ClInclude>
    <ClInclude Include="include\IMPLODE.H">
      <Filter>Header Files</Filter>
    </ClInclude>
    <ClInclude Include="include\ItemRepairMgr.h">
      <Filter>Header Files</Filter>
    </ClInclude>
    <ClInclude Include="include\KnightChrMgr.h">
      <Filter>Header Files</Filter>
    </ClInclude>
    <ClInclude Include="include\LightMgr.h">
      <Filter>Header Files</Filter>
    </ClInclude>
    <ClInclude Include="include\LocalInput.h">
      <Filter>Header Files</Filter>
    </ClInclude>
    <ClInclude Include="include\MachineBase.h">
      <Filter>Header Files</Filter>
    </ClInclude>
    <ClInclude Include="include\MachineMng.h">
      <Filter>Header Files</Filter>
    </ClInclude>
    <ClInclude Include="include\MagicSkillMng.h">
      <Filter>Header Files</Filter>
    </ClInclude>
    <ClInclude Include="include\N3EffectWave2.h">
      <Filter>Header Files</Filter>
    </ClInclude>
    <ClInclude Include="include\N3FXBundleGame.h">
      <Filter>Header Files</Filter>
    </ClInclude>
    <ClInclude Include="include\N3FXMgr.h">
      <Filter>Header Files</Filter>
    </ClInclude>
    <ClInclude Include="include\N3FXPartBillBoardGame.h">
      <Filter>Header Files</Filter>
    </ClInclude>
    <ClInclude Include="include\N3FXPartBottomBoardGame.h">
      <Filter>Header Files</Filter>
    </ClInclude>
    <ClInclude Include="include\N3Terrain.h">
      <Filter>Header Files</Filter>
    </ClInclude>
    <ClInclude Include="include\N3TerrainDef.h">
      <Filter>Header Files</Filter>
    </ClInclude>
    <ClInclude Include="include\N3TerrainManager.h">
      <Filter>Header Files</Filter>
    </ClInclude>
    <ClInclude Include="include\N3TerrainPatch.h">
      <Filter>Header Files</Filter>
    </ClInclude>
    <ClInclude Include="include\N3UIDBCLButton.h">
      <Filter>Header Files</Filter>
    </ClInclude>
    <ClInclude Include="include\N3UIIcon.h">
      <Filter>Header Files</Filter>
    </ClInclude>
    <ClInclude Include="include\N3UIWndBase.h">
      <Filter>Header Files</Filter>
    </ClInclude>
    <ClInclude Include="include\N3WorldBase.h">
      <Filter>Header Files</Filter>
    </ClInclude>
    <ClInclude Include="include\N3WorldManager.h">
      <Filter>Header Files</Filter>
    </ClInclude>
    <ClInclude Include="include\OrderMessage.h">
      <Filter>Header Files</Filter>
    </ClInclude>
    <ClInclude Include="include\PacketDef.h">
      <Filter>Header Files</Filter>
    </ClInclude>
    <ClInclude Include="include\PlayerBase.h">
      <Filter>Header Files</Filter>
    </ClInclude>
    <ClInclude Include="include\PlayerMySelf.h">
      <Filter>Header Files</Filter>
    </ClInclude>
    <ClInclude Include="include\PlayerNPC.h">
      <Filter>Header Files</Filter>
    </ClInclude>
    <ClInclude Include="include\PlayerOther.h">
      <Filter>Header Files</Filter>
    </ClInclude>
    <ClInclude Include="include\PlayerOtherMgr.h">
      <Filter>Header Files</Filter>
    </ClInclude>
    <ClInclude Include="include\PortalVolume.h">
      <Filter>Header Files</Filter>
    </ClInclude>
    <ClInclude Include="include\PvsMgr.h">
      <Filter>Header Files</Filter>
    </ClInclude>
    <ClInclude Include="include\resource.h">
      <Filter>Header Files</Filter>
    </ClInclude>
    <ClInclude Include="include\ServerMesh.h">
      <Filter>Header Files</Filter>
    </ClInclude>
    <ClInclude Include="include\SharedMem.h">
      <Filter>Header Files</Filter>
    </ClInclude>
    <ClInclude Include="include\StdAfx.h">
      <Filter>Header Files</Filter>
    </ClInclude>
    <ClInclude Include="include\SubProcPerTrade.h">
      <Filter>Header Files</Filter>
    </ClInclude>
    <ClInclude Include="include\UICharacterCreate.h">
      <Filter>Header Files</Filter>
    </ClInclude>
    <ClInclude Include="include\UICharacterSelect.h">
      <Filter>Header Files</Filter>
    </ClInclude>
    <ClInclude Include="include\UIChat.h">
      <Filter>Header Files</Filter>
    </ClInclude>
    <ClInclude Include="include\UIClassChange.h">
      <Filter>Header Files</Filter>
    </ClInclude>
    <ClInclude Include="include\UICmd.h">
      <Filter>Header Files</Filter>
    </ClInclude>
    <ClInclude Include="include\UICreateClanName.h">
      <Filter>Header Files</Filter>
    </ClInclude>
    <ClInclude Include="include\UIDead.h">
      <Filter>Header Files</Filter>
    </ClInclude>
    <ClInclude Include="include\UIDroppedItemDlg.h">
      <Filter>Header Files</Filter>
    </ClInclude>
    <ClInclude Include="include\UIEndingDisplay.h">
      <Filter>Header Files</Filter>
    </ClInclude>
    <ClInclude Include="include\UIHelp.h">
      <Filter>Header Files</Filter>
    </ClInclude>
    <ClInclude Include="include\UIHotKeyDlg.h">
      <Filter>Header Files</Filter>
    </ClInclude>
    <ClInclude Include="include\UIImageTooltipDlg.h">
      <Filter>Header Files</Filter>
    </ClInclude>
    <ClInclude Include="include\UIInn.h">
      <Filter>Header Files</Filter>
    </ClInclude>
    <ClInclude Include="include\UIInventory.h">
      <Filter>Header Files</Filter>
    </ClInclude>
    <ClInclude Include="include\UIItemExchange.h">
      <Filter>Header Files</Filter>
    </ClInclude>
    <ClInclude Include="include\UIKnightsOperation.h">
      <Filter>Header Files</Filter>
    </ClInclude>
    <ClInclude Include="include\UILoading.h">
      <Filter>Header Files</Filter>
    </ClInclude>
    <ClInclude Include="include\UILoadingDlg.h">
      <Filter>Header Files</Filter>
    </ClInclude>
    <ClInclude Include="include\UILogin.h">
      <Filter>Header Files</Filter>
    </ClInclude>
    <ClInclude Include="include\UIManager.h">
      <Filter>Header Files</Filter>
    </ClInclude>
    <ClInclude Include="include\UIMessageBox.h">
      <Filter>Header Files</Filter>
    </ClInclude>
    <ClInclude Include="include\UIMessageBoxManager.h">
      <Filter>Header Files</Filter>
    </ClInclude>
    <ClInclude Include="include\UIMessageWnd.h">
      <Filter>Header Files</Filter>
    </ClInclude>
    <ClInclude Include="include\UINationSelectDlg.h">
      <Filter>Header Files</Filter>
    </ClInclude>
    <ClInclude Include="include\UINotice.h">
      <Filter>Header Files</Filter>
    </ClInclude>
    <ClInclude Include="include\UINPCChangeEvent.h">
      <Filter>Header Files</Filter>
    </ClInclude>
    <ClInclude Include="include\UINPCEvent.h">
      <Filter>Header Files</Filter>
    </ClInclude>
    <ClInclude Include="include\UINpcTalk.h">
      <Filter>Header Files</Filter>
    </ClInclude>
    <ClInclude Include="include\UIPartyBBS.h">
      <Filter>Header Files</Filter>
    </ClInclude>
    <ClInclude Include="include\UIPartyBBSSelector.h">
      <Filter>Header Files</Filter>
    </ClInclude>
    <ClInclude Include="include\UIPartyOrForce.h">
      <Filter>Header Files</Filter>
    </ClInclude>
    <ClInclude Include="include\UIPerTradeDlg.h">
      <Filter>Header Files</Filter>
    </ClInclude>
    <ClInclude Include="include\UIPointInitDlg.h">
      <Filter>Header Files</Filter>
    </ClInclude>
    <ClInclude Include="include\UIQuestMenu.h">
      <Filter>Header Files</Filter>
    </ClInclude>
    <ClInclude Include="include\UIQuestTalk.h">
      <Filter>Header Files</Filter>
    </ClInclude>
    <ClInclude Include="include\UIRepairTooltipDlg.h">
      <Filter>Header Files</Filter>
    </ClInclude>
    <ClInclude Include="include\UISkillTreeDlg.h">
      <Filter>Header Files</Filter>
    </ClInclude>
    <ClInclude Include="include\UIStateBar.h">
      <Filter>Header Files</Filter>
    </ClInclude>
    <ClInclude Include="include\UITargetBar.h">
      <Filter>Header Files</Filter>
    </ClInclude>
    <ClInclude Include="include\UITradeBBSEditDlg.h">
      <Filter>Header Files</Filter>
    </ClInclude>
    <ClInclude Include="include\UITradeBBSSelector.h">
      <Filter>Header Files</Filter>
    </ClInclude>
    <ClInclude Include="include\UITradeEditDlg.h">
      <Filter>Header Files</Filter>
    </ClInclude>
    <ClInclude Include="include\UITradeExplanation.h">
      <Filter>Header Files</Filter>
    </ClInclude>
    <ClInclude Include="include\UITradeList.h">
      <Filter>Header Files</Filter>
    </ClInclude>
    <ClInclude Include="include\UITradeSellBBS.h">
      <Filter>Header Files</Filter>
    </ClInclude>
    <ClInclude Include="include\UITransactionDlg.h">
      <Filter>Header Files</Filter>
    </ClInclude>
    <ClInclude Include="include\UIVarious.h">
      <Filter>Header Files</Filter>
    </ClInclude>
    <ClInclude Include="include\UIWareHouseDlg.h">
      <Filter>Header Files</Filter>
    </ClInclude>
    <ClInclude Include="include\UIWarp.h">
      <Filter>Header Files</Filter>
    </ClInclude>
    <ClInclude Include="include\WarFareMain.h">
      <Filter>Header Files</Filter>
    </ClInclude>
    <ClInclude Include="include\WarMessage.h">
      <Filter>Header Files</Filter>
    </ClInclude>
    <ClInclude Include="include\JvCryption.h">
      <Filter>Header Files</Filter>
    </ClInclude>
    <ClInclude Include="include\crc32.h">
      <Filter>Header Files</Filter>
    </ClInclude>
  </ItemGroup>
  <ItemGroup>
    <ClCompile Include="src\APISocket.cpp">
      <Filter>Source Files</Filter>
    </ClCompile>
    <ClCompile Include="src\Bird.cpp">
      <Filter>Source Files</Filter>
    </ClCompile>
    <ClCompile Include="src\BirdMng.cpp">
      <Filter>Source Files</Filter>
    </ClCompile>
    <ClCompile Include="src\Catapult.cpp">
      <Filter>Source Files</Filter>
    </ClCompile>
    <ClCompile Include="src\Compress.cpp">
      <Filter>Source Files</Filter>
    </ClCompile>
    <ClCompile Include="src\CountableItemEditDlg.cpp">
      <Filter>Source Files</Filter>
    </ClCompile>
    <ClCompile Include="src\DungeonManager.cpp">
      <Filter>Source Files</Filter>
    </ClCompile>
    <ClCompile Include="src\EventManager.cpp">
      <Filter>Source Files</Filter>
    </ClCompile>
    <ClCompile Include="src\GameBase.cpp">
      <Filter>Source Files</Filter>
    </ClCompile>
    <ClCompile Include="src\GameCursor.cpp">
      <Filter>Source Files</Filter>
    </ClCompile>
    <ClCompile Include="src\GameEng.cpp">
      <Filter>Source Files</Filter>
    </ClCompile>
    <ClCompile Include="src\GameProcCharacterCreate.cpp">
      <Filter>Source Files</Filter>
    </ClCompile>
    <ClCompile Include="src\GameProcCharacterSelect.cpp">
      <Filter>Source Files</Filter>
    </ClCompile>
    <ClCompile Include="src\GameProcedure.cpp">
      <Filter>Source Files</Filter>
    </ClCompile>
    <ClCompile Include="src\GameProcLogIn.cpp">
      <Filter>Source Files</Filter>
    </ClCompile>
    <ClCompile Include="src\GameProcMain.cpp">
      <Filter>Source Files</Filter>
    </ClCompile>
    <ClCompile Include="src\GameProcNationSelect.cpp">
      <Filter>Source Files</Filter>
    </ClCompile>
    <ClCompile Include="src\GameProcOption.cpp">
      <Filter>Source Files</Filter>
    </ClCompile>
    <ClCompile Include="src\GrassBoard.cpp">
      <Filter>Source Files</Filter>
    </ClCompile>
    <ClCompile Include="src\GrassMng.cpp">
      <Filter>Source Files</Filter>
    </ClCompile>
    <ClCompile Include="src\ItemRepairMgr.cpp">
      <Filter>Source Files</Filter>
    </ClCompile>
    <ClCompile Include="src\KnightChrMgr.cpp">
      <Filter>Source Files</Filter>
    </ClCompile>
    <ClCompile Include="src\LightMgr.cpp">
      <Filter>Source Files</Filter>
    </ClCompile>
    <ClCompile Include="src\LocalInput.cpp">
      <Filter>Source Files</Filter>
    </ClCompile>
    <ClCompile Include="src\MachineBase.cpp">
      <Filter>Source Files</Filter>
    </ClCompile>
    <ClCompile Include="src\MachineMng.cpp">
      <Filter>Source Files</Filter>
    </ClCompile>
    <ClCompile Include="src\MagicSkillMng.cpp">
      <Filter>Source Files</Filter>
    </ClCompile>
    <ClCompile Include="src\OrderMessage.cpp">
      <Filter>Source Files</Filter>
    </ClCompile>
    <ClCompile Include="src\PlayerBase.cpp">
      <Filter>Source Files</Filter>
    </ClCompile>
    <ClCompile Include="src\PlayerMySelf.cpp">
      <Filter>Source Files</Filter>
    </ClCompile>
    <ClCompile Include="src\PlayerNPC.cpp">
      <Filter>Source Files</Filter>
    </ClCompile>
    <ClCompile Include="src\PlayerOther.cpp">
      <Filter>Source Files</Filter>
    </ClCompile>
    <ClCompile Include="src\PlayerOtherMgr.cpp">
      <Filter>Source Files</Filter>
    </ClCompile>
    <ClCompile Include="src\PortalVolume.cpp">
      <Filter>Source Files</Filter>
    </ClCompile>
    <ClCompile Include="src\PvsMgr.cpp">
      <Filter>Source Files</Filter>
    </ClCompile>
    <ClCompile Include="src\ServerMesh.cpp">
      <Filter>Source Files</Filter>
    </ClCompile>
    <ClCompile Include="src\SharedMem.cpp">
      <Filter>Source Files</Filter>
    </ClCompile>
    <ClCompile Include="src\StdAfx.cpp">
      <Filter>Source Files</Filter>
    </ClCompile>
    <ClCompile Include="src\SubProcPerTrade.cpp">
      <Filter>Source Files</Filter>
    </ClCompile>
    <ClCompile Include="src\UICharacterCreate.cpp">
      <Filter>Source Files</Filter>
    </ClCompile>
    <ClCompile Include="src\UICharacterSelect.cpp">
      <Filter>Source Files</Filter>
    </ClCompile>
    <ClCompile Include="src\UIChat.cpp">
      <Filter>Source Files</Filter>
    </ClCompile>
    <ClCompile Include="src\UIClassChange.cpp">
      <Filter>Source Files</Filter>
    </ClCompile>
    <ClCompile Include="src\UICmd.cpp">
      <Filter>Source Files</Filter>
    </ClCompile>
    <ClCompile Include="src\UICreateClanName.cpp">
      <Filter>Source Files</Filter>
    </ClCompile>
    <ClCompile Include="src\UIDead.cpp">
      <Filter>Source Files</Filter>
    </ClCompile>
    <ClCompile Include="src\UIDroppedItemDlg.cpp">
      <Filter>Source Files</Filter>
    </ClCompile>
    <ClCompile Include="src\UIEndingDisplay.cpp">
      <Filter>Source Files</Filter>
    </ClCompile>
    <ClCompile Include="src\UIHelp.cpp">
      <Filter>Source Files</Filter>
    </ClCompile>
    <ClCompile Include="src\UIHotKeyDlg.cpp">
      <Filter>Source Files</Filter>
    </ClCompile>
    <ClCompile Include="src\UIImageTooltipDlg.cpp">
      <Filter>Source Files</Filter>
    </ClCompile>
    <ClCompile Include="src\UIInn.cpp">
      <Filter>Source Files</Filter>
    </ClCompile>
    <ClCompile Include="src\UIInventory.cpp">
      <Filter>Source Files</Filter>
    </ClCompile>
    <ClCompile Include="src\UIItemExchange.cpp">
      <Filter>Source Files</Filter>
    </ClCompile>
    <ClCompile Include="src\UIKnightsOperation.cpp">
      <Filter>Source Files</Filter>
    </ClCompile>
    <ClCompile Include="src\UILoading.cpp">
      <Filter>Source Files</Filter>
    </ClCompile>
    <ClCompile Include="src\UILoadingDlg.cpp">
      <Filter>Source Files</Filter>
    </ClCompile>
    <ClCompile Include="src\UILogin.cpp">
      <Filter>Source Files</Filter>
    </ClCompile>
    <ClCompile Include="src\UIManager.cpp">
      <Filter>Source Files</Filter>
    </ClCompile>
    <ClCompile Include="src\UIMessageBox.cpp">
      <Filter>Source Files</Filter>
    </ClCompile>
    <ClCompile Include="src\UIMessageBoxManager.cpp">
      <Filter>Source Files</Filter>
    </ClCompile>
    <ClCompile Include="src\UIMessageWnd.cpp">
      <Filter>Source Files</Filter>
    </ClCompile>
    <ClCompile Include="src\UINationSelectDlg.cpp">
      <Filter>Source Files</Filter>
    </ClCompile>
    <ClCompile Include="src\UINotice.cpp">
      <Filter>Source Files</Filter>
    </ClCompile>
    <ClCompile Include="src\UINPCChangeEvent.cpp">
      <Filter>Source Files</Filter>
    </ClCompile>
    <ClCompile Include="src\UINPCEvent.cpp">
      <Filter>Source Files</Filter>
    </ClCompile>
    <ClCompile Include="src\UINpcTalk.cpp">
      <Filter>Source Files</Filter>
    </ClCompile>
    <ClCompile Include="src\UIPartyBBS.cpp">
      <Filter>Source Files</Filter>
    </ClCompile>
    <ClCompile Include="src\UIPartyBBSSelector.cpp">
      <Filter>Source Files</Filter>
    </ClCompile>
    <ClCompile Include="src\UIPartyOrForce.cpp">
      <Filter>Source Files</Filter>
    </ClCompile>
    <ClCompile Include="src\UIPerTradeDlg.cpp">
      <Filter>Source Files</Filter>
    </ClCompile>
    <ClCompile Include="src\UIPointInitDlg.cpp">
      <Filter>Source Files</Filter>
    </ClCompile>
    <ClCompile Include="src\UIQuestMenu.cpp">
      <Filter>Source Files</Filter>
    </ClCompile>
    <ClCompile Include="src\UIQuestTalk.cpp">
      <Filter>Source Files</Filter>
    </ClCompile>
    <ClCompile Include="src\UIRepairTooltipDlg.cpp">
      <Filter>Source Files</Filter>
    </ClCompile>
    <ClCompile Include="src\UISkillTreeDlg.cpp">
      <Filter>Source Files</Filter>
    </ClCompile>
    <ClCompile Include="src\UIStateBar.cpp">
      <Filter>Source Files</Filter>
    </ClCompile>
    <ClCompile Include="src\UITargetBar.cpp">
      <Filter>Source Files</Filter>
    </ClCompile>
    <ClCompile Include="src\UITradeBBSEditDlg.cpp">
      <Filter>Source Files</Filter>
    </ClCompile>
    <ClCompile Include="src\UITradeBBSSelector.cpp">
      <Filter>Source Files</Filter>
    </ClCompile>
    <ClCompile Include="src\UITradeEditDlg.cpp">
      <Filter>Source Files</Filter>
    </ClCompile>
    <ClCompile Include="src\UITradeExplanation.cpp">
      <Filter>Source Files</Filter>
    </ClCompile>
    <ClCompile Include="src\UITradeList.cpp">
      <Filter>Source Files</Filter>
    </ClCompile>
    <ClCompile Include="src\UITradeSellBBS.cpp">
      <Filter>Source Files</Filter>
    </ClCompile>
    <ClCompile Include="src\UITransactionDlg.cpp">
      <Filter>Source Files</Filter>
    </ClCompile>
    <ClCompile Include="src\UIVarious.cpp">
      <Filter>Source Files</Filter>
    </ClCompile>
    <ClCompile Include="src\UIWareHouseDlg.cpp">
      <Filter>Source Files</Filter>
    </ClCompile>
    <ClCompile Include="src\UIWarp.cpp">
      <Filter>Source Files</Filter>
    </ClCompile>
    <ClCompile Include="src\WarFareMain.cpp">
      <Filter>Source Files</Filter>
    </ClCompile>
    <ClCompile Include="src\WarMessage.cpp">
      <Filter>Source Files</Filter>
    </ClCompile>
    <ClCompile Include="src\crc32.c">
      <Filter>Source Files</Filter>
    </ClCompile>
    <ClCompile Include="src\JvCryption.cpp">
      <Filter>Source Files</Filter>
    </ClCompile>
  </ItemGroup>
</Project>