<?xml version="1.0" encoding="utf-8"?>
<Project ToolsVersion="4.0" xmlns="http://schemas.microsoft.com/developer/msbuild/2003">
  <ItemGroup>
    <Filter Include="Source Files">
      <UniqueIdentifier>{4FC737F1-C7A5-4376-A066-2A32D752A2FF}</UniqueIdentifier>
      <Extensions>cpp;c;cc;cxx;def;odl;idl;hpj;bat;asm;asmx</Extensions>
    </Filter>
    <Filter Include="Header Files">
      <UniqueIdentifier>{93995380-89BD-4b04-88EB-625FBE52EBFB}</UniqueIdentifier>
      <Extensions>h;hh;hpp;hxx;hm;inl;inc;xsd</Extensions>
    </Filter>
    <Filter Include="Resource Files">
      <UniqueIdentifier>{67DA6AB6-F800-4c08-8B7A-83BB121AAD01}</UniqueIdentifier>
      <Extensions>rc;ico;cur;bmp;dlg;rc2;rct;bin;rgs;gif;jpg;jpeg;jpe;resx;tiff;tif;png;wav;mfcribbon-ms</Extensions>
    </Filter>
  </ItemGroup>
  <ItemGroup>
    <ClInclude Include="include\CircularBuffer.h">
      <Filter>Header Files</Filter>
    </ClInclude>
    <ClInclude Include="include\EbenezerDlg.h">
      <Filter>Header Files</Filter>
    </ClInclude>
    <ClInclude Include="include\GameSocket.h">
      <Filter>Header Files</Filter>
    </ClInclude>
    <ClInclude Include="include\IOCPort.h">
      <Filter>Header Files</Filter>
    </ClInclude>
    <ClInclude Include="include\IOCSocket.h">
      <Filter>Header Files</Filter>
    </ClInclude>
    <ClInclude Include="include\Map.h">
      <Filter>Header Files</Filter>
    </ClInclude>
    <ClInclude Include="include\Region.h">
      <Filter>Header Files</Filter>
    </ClInclude>
    <ClInclude Include="include\resource.h">
      <Filter>Header Files</Filter>
    </ClInclude>
    <ClInclude Include="include\User.h">
      <Filter>Header Files</Filter>
    </ClInclude>
    <ClInclude Include="include\DefineTest.h">
      <Filter>Header Files</Filter>
    </ClInclude>
    <ClInclude Include="include\Define.h">
      <Filter>Header Files</Filter>
    </ClInclude>
    <ClInclude Include="include\GameDefine.h">
      <Filter>Header Files</Filter>
    </ClInclude>
    <ClInclude Include="include\MagicProcess.h">
      <Filter>Header Files</Filter>
    </ClInclude>
    <ClInclude Include="include\Npc.h">
      <Filter>Header Files</Filter>
    </ClInclude>
    <ClInclude Include="include\EVENT.h">
      <Filter>Header Files</Filter>
    </ClInclude>
    <ClInclude Include="include\EVENT_DATA.h">
      <Filter>Header Files</Filter>
    </ClInclude>
    <ClInclude Include="include\LOGIC_ELSE.h">
      <Filter>Header Files</Filter>
    </ClInclude>
    <ClInclude Include="include\EXEC.h">
      <Filter>Header Files</Filter>
    </ClInclude>
    <ClInclude Include="include\STLMap.h">
      <Filter>Header Files</Filter>
    </ClInclude>
    <ClInclude Include="include\AIPacket.h">
      <Filter>Header Files</Filter>
    </ClInclude>
    <ClInclude Include="include\PacketDefine.h">
      <Filter>Header Files</Filter>
    </ClInclude>
    <ClInclude Include="include\ItemTableSet.h">
      <Filter>Header Files</Filter>
    </ClInclude>
    <ClInclude Include="include\MagicTableSet.h">
      <Filter>Header Files</Filter>
    </ClInclude>
    <ClInclude Include="include\CoefficientSet.h">
      <Filter>Header Files</Filter>
    </ClInclude>
    <ClInclude Include="include\ZoneInfoSet.h">
      <Filter>Header Files</Filter>
    </ClInclude>
    <ClInclude Include="include\GameEvent.h">
      <Filter>Header Files</Filter>
    </ClInclude>
    <ClInclude Include="include\EventSet.h">
      <Filter>Header Files</Filter>
    </ClInclude>
    <ClInclude Include="include\StdAfx.h">
      <Filter>Header Files</Filter>
    </ClInclude>
  </ItemGroup>
  <ItemGroup>
    <ClCompile Include="src\CircularBuffer.cpp">
      <Filter>Source Files</Filter>
    </ClCompile>
    <ClCompile Include="src\EbenezerDlg.cpp">
      <Filter>Source Files</Filter>
    </ClCompile>
    <ClCompile Include="src\GameSocket.cpp">
      <Filter>Source Files</Filter>
    </ClCompile>
    <ClCompile Include="src\Global.cpp">
      <Filter>Source Files</Filter>
    </ClCompile>
    <ClCompile Include="src\IOCPort.cpp">
      <Filter>Source Files</Filter>
    </ClCompile>
    <ClCompile Include="src\IOCSocket.cpp">
      <Filter>Source Files</Filter>
    </ClCompile>
    <ClCompile Include="src\Main.cpp">
      <Filter>Source Files</Filter>
    </ClCompile>
    <ClCompile Include="src\Map.cpp">
      <Filter>Source Files</Filter>
    </ClCompile>
    <ClCompile Include="src\Region.cpp">
      <Filter>Source Files</Filter>
    </ClCompile>
    <ClCompile Include="src\User.cpp">
      <Filter>Source Files</Filter>
    </ClCompile>
    <ClCompile Include="src\ItemTableSet.cpp">
      <Filter>Source Files</Filter>
    </ClCompile>
    <ClCompile Include="src\MagicTableSet.cpp">
      <Filter>Source Files</Filter>
    </ClCompile>
    <ClCompile Include="src\CoefficientSet.cpp">
      <Filter>Source Files</Filter>
    </ClCompile>
    <ClCompile Include="src\ZoneInfoSet.cpp">
      <Filter>Source Files</Filter>
    </ClCompile>
    <ClCompile Include="src\GameEvent.cpp">
      <Filter>Source Files</Filter>
    </ClCompile>
    <ClCompile Include="src\EventSet.cpp">
      <Filter>Source Files</Filter>
    </ClCompile>
    <ClCompile Include="src\StdAfx.cpp">
      <Filter>Source Files</Filter>
    </ClCompile>
    <ClCompile Include="src\EVENT.cpp">
      <Filter>Source Files</Filter>
    </ClCompile>
    <ClCompile Include="src\MagicProcess.cpp">
      <Filter>Source Files</Filter>
    </ClCompile>
    <ClCompile Include="src\LOGIC_ELSE.cpp">
      <Filter>Source Files</Filter>
    </ClCompile>
    <ClCompile Include="src\EVENT_DATA.cpp">
      <Filter>Source Files</Filter>
    </ClCompile>
    <ClCompile Include="src\EXEC.cpp">
      <Filter>Source Files</Filter>
    </ClCompile>
  </ItemGroup>
</Project>