
Microsoft Visual Studio Solution File, Format Version 12.00
# Visual Studio Version 17
VisualStudioVersion = 17.12.35514.174 d17.12
MinimumVisualStudioVersion = 10.0.40219.1
Project("{8BC9CEB8-8B4A-11D0-8D11-00A0C91BC942}") = "N3ME", "N3ME.vcxproj", "{1A926F1A-DA72-4D4A-8EA7-E511187398EB}"
	ProjectSection(ProjectDependencies) = postProject
		{5E45D92A-702B-4128-A1AF-504A17271D94} = {5E45D92A-702B-4128-A1AF-504A17271D94}
	EndProjectSection
EndProject
Project("{8BC9CEB8-8B4A-11D0-8D11-00A0C91BC942}") = "N3Base", "..\..\Client\N3Base\N3Base.vcxproj", "{5E45D92A-702B-4128-A1AF-504A17271D94}"
EndProject
Global
	GlobalSection(SolutionConfigurationPlatforms) = preSolution
		Debug|x86 = Debug|x86
		Release|x86 = Release|x86
	EndGlobalSection
	GlobalSection(ProjectConfigurationPlatforms) = postSolution
		{1A926F1A-DA72-4D4A-8EA7-E511187398EB}.Debug|x86.ActiveCfg = Tool_Debug|Win32
		{1A926F1A-DA72-4D4A-8EA7-E511187398EB}.Debug|x86.Build.0 = Tool_Debug|Win32
		{1A926F1A-DA72-4D4A-8EA7-E511187398EB}.Release|x86.ActiveCfg = Tool_Release|Win32
		{1A926F1A-DA72-4D4A-8EA7-E511187398EB}.Release|x86.Build.0 = Tool_Release|Win32
		{5E45D92A-702B-4128-A1AF-504A17271D94}.Debug|x86.ActiveCfg = Tool_Debug|Win32
		{5E45D92A-702B-4128-A1AF-504A17271D94}.Debug|x86.Build.0 = Tool_Debug|Win32
		{5E45D92A-702B-4128-A1AF-504A17271D94}.Release|x86.ActiveCfg = Tool_Release|Win32
		{5E45D92A-702B-4128-A1AF-504A17271D94}.Release|x86.Build.0 = Tool_Release|Win32
	EndGlobalSection
	GlobalSection(SolutionProperties) = preSolution
		HideSolutionNode = FALSE
	EndGlobalSection
EndGlobal
