<?xml version="1.0" encoding="utf-8"?>
<Project ToolsVersion="4.0" xmlns="http://schemas.microsoft.com/developer/msbuild/2003">
  <ItemGroup>
    <Filter Include="Resource Files">
      <UniqueIdentifier>{ead71091-bc3a-4472-ac8b-4b4c56c3dd85}</UniqueIdentifier>
      <Extensions>ico;cur;bmp;dlg;rc2;rct;bin;rgs;gif;jpg;jpeg;jpe</Extensions>
    </Filter>
    <Filter Include="N3Base">
      <UniqueIdentifier>{42c09b20-dd07-49df-abad-1e9ce8b2e10d}</UniqueIdentifier>
    </Filter>
    <Filter Include="N3ME">
      <UniqueIdentifier>{179c7f07-3ab0-4ac4-b46e-8bd0e8997937}</UniqueIdentifier>
    </Filter>
    <Filter Include="N3ME\Frames">
      <UniqueIdentifier>{da0a99d8-7b6c-4edc-9435-476582022933}</UniqueIdentifier>
    </Filter>
    <Filter Include="N3ME\Dialogs">
      <UniqueIdentifier>{c5998c26-5519-4b59-9732-fc362f62c0f4}</UniqueIdentifier>
    </Filter>
    <Filter Include="N3ME\Controls">
      <UniqueIdentifier>{4c9d7631-9a18-4f36-a4db-d12801456768}</UniqueIdentifier>
    </Filter>
  </ItemGroup>
  <ItemGroup>
    <Image Include="res\N3ME.ico">
      <Filter>Resource Files</Filter>
    </Image>
    <Image Include="res\N3MEDoc.ico">
      <Filter>Resource Files</Filter>
    </Image>
    <Image Include="res\SceneNodes.bmp">
      <Filter>Resource Files</Filter>
    </Image>
    <Image Include="res\Toolbar.bmp">
      <Filter>Resource Files</Filter>
    </Image>
  </ItemGroup>
  <ItemGroup>
    <ClCompile Include="..\N3Base\BitMapFile.cpp">
      <Filter>N3Base</Filter>
    </ClCompile>
    <ClCompile Include="..\N3Base\LogWriter.cpp">
      <Filter>N3Base</Filter>
    </ClCompile>
    <ClCompile Include="..\N3Base\N3AlphaPrimitiveManager.cpp">
      <Filter>N3Base</Filter>
    </ClCompile>
    <ClCompile Include="..\N3Base\N3AnimControl.cpp">
      <Filter>N3Base</Filter>
    </ClCompile>
    <ClCompile Include="..\N3Base\N3AnimKey.cpp">
      <Filter>N3Base</Filter>
    </ClCompile>
    <ClCompile Include="..\N3Base\N3Base.cpp">
      <Filter>N3Base</Filter>
    </ClCompile>
    <ClCompile Include="..\N3Base\N3BaseFileAccess.cpp">
      <Filter>N3Base</Filter>
    </ClCompile>
    <ClCompile Include="..\N3Base\N3Camera.cpp">
      <Filter>N3Base</Filter>
    </ClCompile>
    <ClCompile Include="..\N3Base\N3Chr.cpp">
      <Filter>N3Base</Filter>
    </ClCompile>
    <ClCompile Include="..\N3Base\N3Eng.cpp">
      <Filter>N3Base</Filter>
    </ClCompile>
    <ClCompile Include="..\N3BASE\N3EngTool.cpp">
      <Filter>N3Base</Filter>
    </ClCompile>
    <ClCompile Include="..\N3Base\N3FXBundle.cpp">
      <Filter>N3Base</Filter>
    </ClCompile>
    <ClCompile Include="..\N3Base\N3FXPartBase.cpp">
      <Filter>N3Base</Filter>
    </ClCompile>
    <ClCompile Include="..\N3Base\N3FXPartBillBoard.cpp">
      <Filter>N3Base</Filter>
    </ClCompile>
    <ClCompile Include="..\N3Base\N3FXPartBottomBoard.cpp">
      <Filter>N3Base</Filter>
    </ClCompile>
    <ClCompile Include="..\N3Base\N3FXParticle.cpp">
      <Filter>N3Base</Filter>
    </ClCompile>
    <ClCompile Include="..\N3Base\N3FXPartMesh.cpp">
      <Filter>N3Base</Filter>
    </ClCompile>
    <ClCompile Include="..\N3Base\N3FXPartParticles.cpp">
      <Filter>N3Base</Filter>
    </ClCompile>
    <ClCompile Include="..\N3Base\N3FXPlug.cpp">
      <Filter>N3Base</Filter>
    </ClCompile>
    <ClCompile Include="..\N3Base\N3FXPMesh.cpp">
      <Filter>N3Base</Filter>
    </ClCompile>
    <ClCompile Include="..\N3Base\N3FXPMeshInstance.cpp">
      <Filter>N3Base</Filter>
    </ClCompile>
    <ClCompile Include="..\N3Base\N3FXShape.cpp">
      <Filter>N3Base</Filter>
    </ClCompile>
    <ClCompile Include="..\N3Base\N3IMesh.cpp">
      <Filter>N3Base</Filter>
    </ClCompile>
    <ClCompile Include="..\N3Base\N3Joint.cpp">
      <Filter>N3Base</Filter>
    </ClCompile>
    <ClCompile Include="..\N3Base\N3Light.cpp">
      <Filter>N3Base</Filter>
    </ClCompile>
    <ClCompile Include="..\N3Base\N3Mesh.cpp">
      <Filter>N3Base</Filter>
    </ClCompile>
    <ClCompile Include="..\N3Base\N3PMesh.cpp">
      <Filter>N3Base</Filter>
    </ClCompile>
    <ClCompile Include="..\N3Base\N3PMeshCreate.cpp">
      <Filter>N3Base</Filter>
    </ClCompile>
    <ClCompile Include="..\N3Base\N3PMeshInstance.cpp">
      <Filter>N3Base</Filter>
    </ClCompile>
    <ClCompile Include="..\N3Base\N3Scene.cpp">
      <Filter>N3Base</Filter>
    </ClCompile>
    <ClCompile Include="..\N3Base\N3Shape.cpp">
      <Filter>N3Base</Filter>
    </ClCompile>
    <ClCompile Include="..\N3BASE\N3ShapeExtra.cpp">
      <Filter>N3Base</Filter>
    </ClCompile>
    <ClCompile Include="..\N3Base\N3ShapeMgr.cpp">
      <Filter>N3Base</Filter>
    </ClCompile>
    <ClCompile Include="..\N3Base\N3Skin.cpp">
      <Filter>N3Base</Filter>
    </ClCompile>
    <ClCompile Include="..\N3Base\N3Texture.cpp">
      <Filter>N3Base</Filter>
    </ClCompile>
    <ClCompile Include="..\N3Base\N3Transform.cpp">
      <Filter>N3Base</Filter>
    </ClCompile>
    <ClCompile Include="..\N3Base\N3TransformCollision.cpp">
      <Filter>N3Base</Filter>
    </ClCompile>
    <ClCompile Include="..\N3Base\N3VMesh.cpp">
      <Filter>N3Base</Filter>
    </ClCompile>
    <ClCompile Include="..\N3Base\Pick.cpp">
      <Filter>N3Base</Filter>
    </ClCompile>
    <ClCompile Include="MainFrm.cpp">
      <Filter>N3ME\Frames</Filter>
    </ClCompile>
    <ClCompile Include="N3ME.cpp">
      <Filter>N3ME\Frames</Filter>
    </ClCompile>
    <ClCompile Include="N3MEDoc.cpp">
      <Filter>N3ME\Frames</Filter>
    </ClCompile>
    <ClCompile Include="N3MEView.cpp">
      <Filter>N3ME\Frames</Filter>
    </ClCompile>
    <ClCompile Include="StdAfx.cpp">
      <Filter>N3ME\Frames</Filter>
    </ClCompile>
    <ClCompile Include="BrushDlg.cpp">
      <Filter>N3ME\Dialogs</Filter>
    </ClCompile>
    <ClCompile Include="DlgAddDTex.cpp">
      <Filter>N3ME\Dialogs</Filter>
    </ClCompile>
    <ClCompile Include="DlgAddSoundGroup.cpp">
      <Filter>N3ME\Dialogs</Filter>
    </ClCompile>
    <ClCompile Include="DlgBar.cpp">
      <Filter>N3ME\Dialogs</Filter>
    </ClCompile>
    <ClCompile Include="DlgBase.cpp">
      <Filter>N3ME\Dialogs</Filter>
    </ClCompile>
    <ClCompile Include="DlgBrowsePath.cpp">
      <Filter>N3ME\Dialogs</Filter>
    </ClCompile>
    <ClCompile Include="DlgCtrlHeightScale.cpp">
      <Filter>N3ME\Dialogs</Filter>
    </ClCompile>
    <ClCompile Include="DlgDelGroup.cpp">
      <Filter>N3ME\Dialogs</Filter>
    </ClCompile>
    <ClCompile Include="DlgDTexGroupView.cpp">
      <Filter>N3ME\Dialogs</Filter>
    </ClCompile>
    <ClCompile Include="DlgEditEvent.cpp">
      <Filter>N3ME\Dialogs</Filter>
    </ClCompile>
    <ClCompile Include="DlgEditEventAttr.cpp">
      <Filter>N3ME\Dialogs</Filter>
    </ClCompile>
    <ClCompile Include="DlgEditWarp.cpp">
      <Filter>N3ME\Dialogs</Filter>
    </ClCompile>
    <ClCompile Include="DlgInputAttr.cpp">
      <Filter>N3ME\Dialogs</Filter>
    </ClCompile>
    <ClCompile Include="DlgInputGroup.cpp">
      <Filter>N3ME\Dialogs</Filter>
    </ClCompile>
    <ClCompile Include="DlgLight.cpp">
      <Filter>N3ME\Dialogs</Filter>
    </ClCompile>
    <ClCompile Include="DlgLoadEvt.cpp">
      <Filter>N3ME\Dialogs</Filter>
    </ClCompile>
    <ClCompile Include="DlgLoadNPCPath.cpp">
      <Filter>N3ME\Dialogs</Filter>
    </ClCompile>
    <ClCompile Include="DlgLoadTileSet.cpp">
      <Filter>N3ME\Dialogs</Filter>
    </ClCompile>
    <ClCompile Include="DlgMakeNPCPath.cpp">
      <Filter>N3ME\Dialogs</Filter>
    </ClCompile>
    <ClCompile Include="DlgMakeWall.cpp">
      <Filter>N3ME\Dialogs</Filter>
    </ClCompile>
    <ClCompile Include="DlgModifyDTex.cpp">
      <Filter>N3ME\Dialogs</Filter>
    </ClCompile>
    <ClCompile Include="DlgPondProperty.cpp">
      <Filter>N3ME\Dialogs</Filter>
    </ClCompile>
    <ClCompile Include="DlgRegenUser.cpp">
      <Filter>N3ME\Dialogs</Filter>
    </ClCompile>
    <ClCompile Include="DlgRiverProperty.cpp">
      <Filter>N3ME\Dialogs</Filter>
    </ClCompile>
    <ClCompile Include="DlgSaveDivision.cpp">
      <Filter>N3ME\Dialogs</Filter>
    </ClCompile>
    <ClCompile Include="DlgSaveEvt.cpp">
      <Filter>N3ME\Dialogs</Filter>
    </ClCompile>
    <ClCompile Include="DlgSaveNewTileSet.cpp">
      <Filter>N3ME\Dialogs</Filter>
    </ClCompile>
    <ClCompile Include="DlgSaveNPCPath.cpp">
      <Filter>N3ME\Dialogs</Filter>
    </ClCompile>
    <ClCompile Include="DlgSceneGraph.cpp">
      <Filter>N3ME\Dialogs</Filter>
    </ClCompile>
    <ClCompile Include="DlgSetDTex.cpp">
      <Filter>N3ME\Dialogs</Filter>
    </ClCompile>
    <ClCompile Include="DlgSetLightMap.cpp">
      <Filter>N3ME\Dialogs</Filter>
    </ClCompile>
    <ClCompile Include="DlgSetSound.cpp">
      <Filter>N3ME\Dialogs</Filter>
    </ClCompile>
    <ClCompile Include="DlgShapeList.cpp">
      <Filter>N3ME\Dialogs</Filter>
    </ClCompile>
    <ClCompile Include="DlgSowSeed.cpp">
      <Filter>N3ME\Dialogs</Filter>
    </ClCompile>
    <ClCompile Include="DlgTerrainSize.cpp">
      <Filter>N3ME\Dialogs</Filter>
    </ClCompile>
    <ClCompile Include="DlgUnusedFiles.cpp">
      <Filter>N3ME\Dialogs</Filter>
    </ClCompile>
    <ClCompile Include="..\Common Control\PropertyList.cpp">
      <Filter>N3ME\Dialogs</Filter>
    </ClCompile>
    <ClCompile Include="ShellTree.cpp">
      <Filter>N3ME\Dialogs</Filter>
    </ClCompile>
    <ClCompile Include="ProgressBar.cpp">
      <Filter>N3ME\Controls</Filter>
    </ClCompile>
    <ClCompile Include="DTex.cpp">
      <Filter>N3ME</Filter>
    </ClCompile>
    <ClCompile Include="DTexGroup.cpp">
      <Filter>N3ME</Filter>
    </ClCompile>
    <ClCompile Include="DTexGroupMng.cpp">
      <Filter>N3ME</Filter>
    </ClCompile>
    <ClCompile Include="DTexMng.cpp">
      <Filter>N3ME</Filter>
    </ClCompile>
    <ClCompile Include="EventCell.cpp">
      <Filter>N3ME</Filter>
    </ClCompile>
    <ClCompile Include="EventMgr.cpp">
      <Filter>N3ME</Filter>
    </ClCompile>
    <ClCompile Include="LightObjMgr.cpp">
      <Filter>N3ME</Filter>
    </ClCompile>
    <ClCompile Include="LyTerrain.cpp">
      <Filter>N3ME</Filter>
    </ClCompile>
    <ClCompile Include="MapMng.cpp">
      <Filter>N3ME</Filter>
    </ClCompile>
    <ClCompile Include="NPCPath.cpp">
      <Filter>N3ME</Filter>
    </ClCompile>
    <ClCompile Include="NPCPathMgr.cpp">
      <Filter>N3ME</Filter>
    </ClCompile>
    <ClCompile Include="PondMesh.cpp">
      <Filter>N3ME</Filter>
    </ClCompile>
    <ClCompile Include="PondMng.cpp">
      <Filter>N3ME</Filter>
    </ClCompile>
    <ClCompile Include="PosDummy.cpp">
      <Filter>N3ME</Filter>
    </ClCompile>
    <ClCompile Include="QTNode.cpp">
      <Filter>N3ME</Filter>
    </ClCompile>
    <ClCompile Include="RegenUser.cpp">
      <Filter>N3ME</Filter>
    </ClCompile>
    <ClCompile Include="RiverMesh.cpp">
      <Filter>N3ME</Filter>
    </ClCompile>
    <ClCompile Include="RiverMng.cpp">
      <Filter>N3ME</Filter>
    </ClCompile>
    <ClCompile Include="RotDummy.cpp">
      <Filter>N3ME</Filter>
    </ClCompile>
    <ClCompile Include="ScaleDummy.cpp">
      <Filter>N3ME</Filter>
    </ClCompile>
    <ClCompile Include="SoundCell.cpp">
      <Filter>N3ME</Filter>
    </ClCompile>
    <ClCompile Include="SoundMgr.cpp">
      <Filter>N3ME</Filter>
    </ClCompile>
    <ClCompile Include="TransDummy.cpp">
      <Filter>N3ME</Filter>
    </ClCompile>
    <ClCompile Include="VtxPosDummy.cpp">
      <Filter>N3ME</Filter>
    </ClCompile>
    <ClCompile Include="Wall.cpp">
      <Filter>N3ME</Filter>
    </ClCompile>
    <ClCompile Include="WallMgr.cpp">
      <Filter>N3ME</Filter>
    </ClCompile>
    <ClCompile Include="WarpMgr.cpp">
      <Filter>N3ME</Filter>
    </ClCompile>
    <ClCompile Include="DlgMapView.cpp" />
    <ClCompile Include="SowSeedMng.cpp" />
  </ItemGroup>
  <ItemGroup>
    <ClInclude Include="..\N3Base\BitMapFile.h">
      <Filter>N3Base</Filter>
    </ClInclude>
    <ClInclude Include="..\N3Base\LogWriter.h">
      <Filter>N3Base</Filter>
    </ClInclude>
    <ClInclude Include="..\N3Base\My_3DStruct.h">
      <Filter>N3Base</Filter>
    </ClInclude>
    <ClInclude Include="..\N3Base\My_Macro.h">
      <Filter>N3Base</Filter>
    </ClInclude>
    <ClInclude Include="..\N3Base\N3AlphaPrimitiveManager.h">
      <Filter>N3Base</Filter>
    </ClInclude>
    <ClInclude Include="..\N3Base\N3AnimControl.h">
      <Filter>N3Base</Filter>
    </ClInclude>
    <ClInclude Include="..\N3Base\N3AnimKey.h">
      <Filter>N3Base</Filter>
    </ClInclude>
    <ClInclude Include="..\N3Base\N3Base.h">
      <Filter>N3Base</Filter>
    </ClInclude>
    <ClInclude Include="..\N3Base\N3BaseFileAccess.h">
      <Filter>N3Base</Filter>
    </ClInclude>
    <ClInclude Include="..\N3Base\N3Camera.h">
      <Filter>N3Base</Filter>
    </ClInclude>
    <ClInclude Include="..\N3Base\N3Chr.h">
      <Filter>N3Base</Filter>
    </ClInclude>
    <ClInclude Include="..\N3Base\N3Eng.h">
      <Filter>N3Base</Filter>
    </ClInclude>
    <ClInclude Include="..\N3BASE\N3EngTool.h">
      <Filter>N3Base</Filter>
    </ClInclude>
    <ClInclude Include="..\N3Base\N3FXBundle.h">
      <Filter>N3Base</Filter>
    </ClInclude>
    <ClInclude Include="..\N3Base\N3FXDef.h">
      <Filter>N3Base</Filter>
    </ClInclude>
    <ClInclude Include="..\N3Base\N3FXPartBase.h">
      <Filter>N3Base</Filter>
    </ClInclude>
    <ClInclude Include="..\N3Base\N3FXPartBillBoard.h">
      <Filter>N3Base</Filter>
    </ClInclude>
    <ClInclude Include="..\N3Base\N3FXPartBottomBoard.h">
      <Filter>N3Base</Filter>
    </ClInclude>
    <ClInclude Include="..\N3Base\N3FXParticle.h">
      <Filter>N3Base</Filter>
    </ClInclude>
    <ClInclude Include="..\N3Base\N3FXPartMesh.h">
      <Filter>N3Base</Filter>
    </ClInclude>
    <ClInclude Include="..\N3Base\N3FXPartParticles.h">
      <Filter>N3Base</Filter>
    </ClInclude>
    <ClInclude Include="..\N3Base\N3FXPlug.h">
      <Filter>N3Base</Filter>
    </ClInclude>
    <ClInclude Include="..\N3Base\N3FXPMesh.h">
      <Filter>N3Base</Filter>
    </ClInclude>
    <ClInclude Include="..\N3Base\N3FXPMeshInstance.h">
      <Filter>N3Base</Filter>
    </ClInclude>
    <ClInclude Include="..\N3Base\N3FXShape.h">
      <Filter>N3Base</Filter>
    </ClInclude>
    <ClInclude Include="..\N3Base\N3IMesh.h">
      <Filter>N3Base</Filter>
    </ClInclude>
    <ClInclude Include="..\N3Base\N3Joint.h">
      <Filter>N3Base</Filter>
    </ClInclude>
    <ClInclude Include="..\N3Base\N3Light.h">
      <Filter>N3Base</Filter>
    </ClInclude>
    <ClInclude Include="..\N3Base\N3Mesh.h">
      <Filter>N3Base</Filter>
    </ClInclude>
    <ClInclude Include="..\N3Base\N3Mng.h">
      <Filter>N3Base</Filter>
    </ClInclude>
    <ClInclude Include="..\N3Base\N3PMesh.h">
      <Filter>N3Base</Filter>
    </ClInclude>
    <ClInclude Include="..\N3Base\N3PMeshCreate.h">
      <Filter>N3Base</Filter>
    </ClInclude>
    <ClInclude Include="..\N3Base\N3PMeshInstance.h">
      <Filter>N3Base</Filter>
    </ClInclude>
    <ClInclude Include="..\N3Base\N3Scene.h">
      <Filter>N3Base</Filter>
    </ClInclude>
    <ClInclude Include="..\N3Base\N3Shape.h">
      <Filter>N3Base</Filter>
    </ClInclude>
    <ClInclude Include="..\N3BASE\N3ShapeExtra.h">
      <Filter>N3Base</Filter>
    </ClInclude>
    <ClInclude Include="..\N3Base\N3ShapeMgr.h">
      <Filter>N3Base</Filter>
    </ClInclude>
    <ClInclude Include="..\N3Base\N3Skin.h">
      <Filter>N3Base</Filter>
    </ClInclude>
    <ClInclude Include="..\N3Base\N3Texture.h">
      <Filter>N3Base</Filter>
    </ClInclude>
    <ClInclude Include="..\N3Base\N3Transform.h">
      <Filter>N3Base</Filter>
    </ClInclude>
    <ClInclude Include="..\N3Base\N3TransformCollision.h">
      <Filter>N3Base</Filter>
    </ClInclude>
    <ClInclude Include="..\N3Base\N3VMesh.h">
      <Filter>N3Base</Filter>
    </ClInclude>
    <ClInclude Include="..\N3Base\Pick.h">
      <Filter>N3Base</Filter>
    </ClInclude>
    <ClInclude Include="..\N3Base\StdAfxBase.h">
      <Filter>N3Base</Filter>
    </ClInclude>
    <ClInclude Include="MainFrm.h">
      <Filter>N3ME\Frames</Filter>
    </ClInclude>
    <ClInclude Include="N3ME.h">
      <Filter>N3ME\Frames</Filter>
    </ClInclude>
    <ClInclude Include="N3MEDoc.h">
      <Filter>N3ME\Frames</Filter>
    </ClInclude>
    <ClInclude Include="N3MEView.h">
      <Filter>N3ME\Frames</Filter>
    </ClInclude>
    <ClInclude Include="Resource.h">
      <Filter>N3ME\Frames</Filter>
    </ClInclude>
    <ClInclude Include="StdAfx.h">
      <Filter>N3ME\Frames</Filter>
    </ClInclude>
    <ClInclude Include="BrushDlg.h">
      <Filter>N3ME\Dialogs</Filter>
    </ClInclude>
    <ClInclude Include="DlgAddDTex.h">
      <Filter>N3ME\Dialogs</Filter>
    </ClInclude>
    <ClInclude Include="DlgAddSoundGroup.h">
      <Filter>N3ME\Dialogs</Filter>
    </ClInclude>
    <ClInclude Include="DlgBar.h">
      <Filter>N3ME\Dialogs</Filter>
    </ClInclude>
    <ClInclude Include="DlgBase.h">
      <Filter>N3ME\Dialogs</Filter>
    </ClInclude>
    <ClInclude Include="DlgBrowsePath.h">
      <Filter>N3ME\Dialogs</Filter>
    </ClInclude>
    <ClInclude Include="DlgCtrlHeightScale.h">
      <Filter>N3ME\Dialogs</Filter>
    </ClInclude>
    <ClInclude Include="DlgDelGroup.h">
      <Filter>N3ME\Dialogs</Filter>
    </ClInclude>
    <ClInclude Include="DlgDTexGroupView.h">
      <Filter>N3ME\Dialogs</Filter>
    </ClInclude>
    <ClInclude Include="DlgEditEvent.h">
      <Filter>N3ME\Dialogs</Filter>
    </ClInclude>
    <ClInclude Include="DlgEditEventAttr.h">
      <Filter>N3ME\Dialogs</Filter>
    </ClInclude>
    <ClInclude Include="DlgEditWarp.h">
      <Filter>N3ME\Dialogs</Filter>
    </ClInclude>
    <ClInclude Include="DlgInputAttr.h">
      <Filter>N3ME\Dialogs</Filter>
    </ClInclude>
    <ClInclude Include="DlgInputGroup.h">
      <Filter>N3ME\Dialogs</Filter>
    </ClInclude>
    <ClInclude Include="DlgLight.h">
      <Filter>N3ME\Dialogs</Filter>
    </ClInclude>
    <ClInclude Include="DlgLoadEvt.h">
      <Filter>N3ME\Dialogs</Filter>
    </ClInclude>
    <ClInclude Include="DlgLoadNPCPath.h">
      <Filter>N3ME\Dialogs</Filter>
    </ClInclude>
    <ClInclude Include="DlgLoadTileSet.h">
      <Filter>N3ME\Dialogs</Filter>
    </ClInclude>
    <ClInclude Include="DlgMakeNPCPath.h">
      <Filter>N3ME\Dialogs</Filter>
    </ClInclude>
    <ClInclude Include="DlgMakeWall.h">
      <Filter>N3ME\Dialogs</Filter>
    </ClInclude>
    <ClInclude Include="DlgModifyDTex.h">
      <Filter>N3ME\Dialogs</Filter>
    </ClInclude>
    <ClInclude Include="DlgPondProperty.h">
      <Filter>N3ME\Dialogs</Filter>
    </ClInclude>
    <ClInclude Include="DlgRegenUser.h">
      <Filter>N3ME\Dialogs</Filter>
    </ClInclude>
    <ClInclude Include="DlgRiverProperty.h">
      <Filter>N3ME\Dialogs</Filter>
    </ClInclude>
    <ClInclude Include="DlgSaveDivision.h">
      <Filter>N3ME\Dialogs</Filter>
    </ClInclude>
    <ClInclude Include="DlgSaveEvt.h">
      <Filter>N3ME\Dialogs</Filter>
    </ClInclude>
    <ClInclude Include="DlgSaveNewTileSet.h">
      <Filter>N3ME\Dialogs</Filter>
    </ClInclude>
    <ClInclude Include="DlgSaveNPCPath.h">
      <Filter>N3ME\Dialogs</Filter>
    </ClInclude>
    <ClInclude Include="DlgSceneGraph.h">
      <Filter>N3ME\Dialogs</Filter>
    </ClInclude>
    <ClInclude Include="DlgSetDTex.h">
      <Filter>N3ME\Dialogs</Filter>
    </ClInclude>
    <ClInclude Include="DlgSetLightMap.h">
      <Filter>N3ME\Dialogs</Filter>
    </ClInclude>
    <ClInclude Include="DlgSetSound.h">
      <Filter>N3ME\Dialogs</Filter>
    </ClInclude>
    <ClInclude Include="DlgShapeList.h">
      <Filter>N3ME\Dialogs</Filter>
    </ClInclude>
    <ClInclude Include="DlgSowSeed.h">
      <Filter>N3ME\Dialogs</Filter>
    </ClInclude>
    <ClInclude Include="DlgTerrainSize.h">
      <Filter>N3ME\Dialogs</Filter>
    </ClInclude>
    <ClInclude Include="DlgUnusedFiles.h">
      <Filter>N3ME\Dialogs</Filter>
    </ClInclude>
    <ClInclude Include="..\Common Control\PropertyList.h">
      <Filter>N3ME\Dialogs</Filter>
    </ClInclude>
    <ClInclude Include="ShellTree.h">
      <Filter>N3ME\Dialogs</Filter>
    </ClInclude>
    <ClInclude Include="ProgressBar.h">
      <Filter>N3ME\Controls</Filter>
    </ClInclude>
    <ClInclude Include="DTex.h">
      <Filter>N3ME</Filter>
    </ClInclude>
    <ClInclude Include="DTexGroup.h">
      <Filter>N3ME</Filter>
    </ClInclude>
    <ClInclude Include="DTexGroupMng.h">
      <Filter>N3ME</Filter>
    </ClInclude>
    <ClInclude Include="DTexMng.h">
      <Filter>N3ME</Filter>
    </ClInclude>
    <ClInclude Include="EventCell.h">
      <Filter>N3ME</Filter>
    </ClInclude>
    <ClInclude Include="EventMgr.h">
      <Filter>N3ME</Filter>
    </ClInclude>
    <ClInclude Include="LightObjMgr.h">
      <Filter>N3ME</Filter>
    </ClInclude>
    <ClInclude Include="LyTerrain.h">
      <Filter>N3ME</Filter>
    </ClInclude>
    <ClInclude Include="LyTerrainDef.h">
      <Filter>N3ME</Filter>
    </ClInclude>
    <ClInclude Include="MapMng.h">
      <Filter>N3ME</Filter>
    </ClInclude>
    <ClInclude Include="NPCPath.h">
      <Filter>N3ME</Filter>
    </ClInclude>
    <ClInclude Include="NPCPathMgr.h">
      <Filter>N3ME</Filter>
    </ClInclude>
    <ClInclude Include="PondMesh.h">
      <Filter>N3ME</Filter>
    </ClInclude>
    <ClInclude Include="PondMng.h">
      <Filter>N3ME</Filter>
    </ClInclude>
    <ClInclude Include="PosDummy.h">
      <Filter>N3ME</Filter>
    </ClInclude>
    <ClInclude Include="QTNode.h">
      <Filter>N3ME</Filter>
    </ClInclude>
    <ClInclude Include="RegenUser.h">
      <Filter>N3ME</Filter>
    </ClInclude>
    <ClInclude Include="RiverMesh.h">
      <Filter>N3ME</Filter>
    </ClInclude>
    <ClInclude Include="RiverMng.h">
      <Filter>N3ME</Filter>
    </ClInclude>
    <ClInclude Include="RotDummy.h">
      <Filter>N3ME</Filter>
    </ClInclude>
    <ClInclude Include="ScaleDummy.h">
      <Filter>N3ME</Filter>
    </ClInclude>
    <ClInclude Include="SoundCell.h">
      <Filter>N3ME</Filter>
    </ClInclude>
    <ClInclude Include="SoundMgr.h">
      <Filter>N3ME</Filter>
    </ClInclude>
    <ClInclude Include="TransDummy.h">
      <Filter>N3ME</Filter>
    </ClInclude>
    <ClInclude Include="VtxPosDummy.h">
      <Filter>N3ME</Filter>
    </ClInclude>
    <ClInclude Include="Wall.h">
      <Filter>N3ME</Filter>
    </ClInclude>
    <ClInclude Include="WallMgr.h">
      <Filter>N3ME</Filter>
    </ClInclude>
    <ClInclude Include="WarpMgr.h">
      <Filter>N3ME</Filter>
    </ClInclude>
    <ClInclude Include="DlgMapView.h" />
    <ClInclude Include="SowSeedMng.h" />
  </ItemGroup>
  <ItemGroup>
    <ResourceCompile Include="N3ME.rc">
      <Filter>N3ME\Frames</Filter>
    </ResourceCompile>
  </ItemGroup>
  <ItemGroup>
    <Text Include="ReadMe.txt" />
  </ItemGroup>
  <ItemGroup>
    <CustomBuild Include="res\load.cur">
      <Filter>Resource Files</Filter>
    </CustomBuild>
    <CustomBuild Include="res\move.cur">
      <Filter>Resource Files</Filter>
    </CustomBuild>
    <CustomBuild Include="res\N3ME.rc2">
      <Filter>Resource Files</Filter>
    </CustomBuild>
    <CustomBuild Include="res\rotate.cur">
      <Filter>Resource Files</Filter>
    </CustomBuild>
    <CustomBuild Include="res\transform.cur">
      <Filter>Resource Files</Filter>
    </CustomBuild>
    <CustomBuild Include="res\zoom.cur">
      <Filter>Resource Files</Filter>
    </CustomBuild>
    <CustomBuild Include="help.doc" />
  </ItemGroup>
</Project>