<?xml version="1.0" encoding="utf-8"?>
<Project ToolsVersion="4.0" xmlns="http://schemas.microsoft.com/developer/msbuild/2003">
  <ItemGroup>
    <Filter Include="Source Files">
      <UniqueIdentifier>{4FC737F1-C7A5-4376-A066-2A32D752A2FF}</UniqueIdentifier>
      <Extensions>cpp;c;cc;cxx;def;odl;idl;hpj;bat;asm;asmx</Extensions>
    </Filter>
    <Filter Include="Header Files">
      <UniqueIdentifier>{93995380-89BD-4b04-88EB-625FBE52EBFB}</UniqueIdentifier>
      <Extensions>h;hpp;hxx;hm;inl;inc;xsd</Extensions>
    </Filter>
  </ItemGroup>
  <ItemGroup>
    <ClInclude Include="Lua/src/lapi.h">
      <Filter>Header Files</Filter>
    </ClInclude>
    <ClInclude Include="Lua/src/lauxlib.h">
      <Filter>Header Files</Filter>
    </ClInclude>
    <ClInclude Include="Lua/src/lcode.h">
      <Filter>Header Files</Filter>
    </ClInclude>
    <ClInclude Include="Lua/src/lctype.h">
      <Filter>Header Files</Filter>
    </ClInclude>
    <ClInclude Include="Lua/src/ldebug.h">
      <Filter>Header Files</Filter>
    </ClInclude>
    <ClInclude Include="Lua/src/ldo.h">
      <Filter>Header Files</Filter>
    </ClInclude>
    <ClInclude Include="Lua/src/lfunc.h">
      <Filter>Header Files</Filter>
    </ClInclude>
    <ClInclude Include="Lua/src/lgc.h">
      <Filter>Header Files</Filter>
    </ClInclude>
    <ClInclude Include="Lua/src/llex.h">
      <Filter>Header Files</Filter>
    </ClInclude>
    <ClInclude Include="Lua/src/llimits.h">
      <Filter>Header Files</Filter>
    </ClInclude>
    <ClInclude Include="Lua/src/lmem.h">
      <Filter>Header Files</Filter>
    </ClInclude>
    <ClInclude Include="Lua/src/lobject.h">
      <Filter>Header Files</Filter>
    </ClInclude>
    <ClInclude Include="Lua/src/lopcodes.h">
      <Filter>Header Files</Filter>
    </ClInclude>
    <ClInclude Include="Lua/src/lparser.h">
      <Filter>Header Files</Filter>
    </ClInclude>
    <ClInclude Include="Lua/src/lstate.h">
      <Filter>Header Files</Filter>
    </ClInclude>
    <ClInclude Include="Lua/src/lstring.h">
      <Filter>Header Files</Filter>
    </ClInclude>
    <ClInclude Include="Lua/src/ltable.h">
      <Filter>Header Files</Filter>
    </ClInclude>
    <ClInclude Include="Lua/src/ltm.h">
      <Filter>Header Files</Filter>
    </ClInclude>
    <ClInclude Include="Lua/src/lua.h">
      <Filter>Header Files</Filter>
    </ClInclude>
    <ClInclude Include="Lua/src/lua.hpp">
      <Filter>Header Files</Filter>
    </ClInclude>
    <ClInclude Include="Lua/src/luaconf.h">
      <Filter>Header Files</Filter>
    </ClInclude>
    <ClInclude Include="Lua/src/lualib.h">
      <Filter>Header Files</Filter>
    </ClInclude>
    <ClInclude Include="Lua/src/lundump.h">
      <Filter>Header Files</Filter>
    </ClInclude>
    <ClInclude Include="Lua/src/lvm.h">
      <Filter>Header Files</Filter>
    </ClInclude>
    <ClInclude Include="Lua/src/lzio.h">
      <Filter>Header Files</Filter>
    </ClInclude>
  </ItemGroup>
  <ItemGroup>
    <ClCompile Include="Lua/src/lapi.c">
      <Filter>Source Files</Filter>
    </ClCompile>
    <ClCompile Include="Lua/src/lauxlib.c">
      <Filter>Source Files</Filter>
    </ClCompile>
    <ClCompile Include="Lua/src/lbaselib.c">
      <Filter>Source Files</Filter>
    </ClCompile>
    <ClCompile Include="Lua/src/lbitlib.c">
      <Filter>Source Files</Filter>
    </ClCompile>
    <ClCompile Include="Lua/src/lcode.c">
      <Filter>Source Files</Filter>
    </ClCompile>
    <ClCompile Include="Lua/src/lcorolib.c">
      <Filter>Source Files</Filter>
    </ClCompile>
    <ClCompile Include="Lua/src/lctype.c">
      <Filter>Source Files</Filter>
    </ClCompile>
    <ClCompile Include="Lua/src/ldblib.c">
      <Filter>Source Files</Filter>
    </ClCompile>
    <ClCompile Include="Lua/src/ldebug.c">
      <Filter>Source Files</Filter>
    </ClCompile>
    <ClCompile Include="Lua/src/ldo.c">
      <Filter>Source Files</Filter>
    </ClCompile>
    <ClCompile Include="Lua/src/ldump.c">
      <Filter>Source Files</Filter>
    </ClCompile>
    <ClCompile Include="Lua/src/lfunc.c">
      <Filter>Source Files</Filter>
    </ClCompile>
    <ClCompile Include="Lua/src/lgc.c">
      <Filter>Source Files</Filter>
    </ClCompile>
    <ClCompile Include="Lua/src/linit.c">
      <Filter>Source Files</Filter>
    </ClCompile>
    <ClCompile Include="Lua/src/liolib.c">
      <Filter>Source Files</Filter>
    </ClCompile>
    <ClCompile Include="Lua/src/llex.c">
      <Filter>Source Files</Filter>
    </ClCompile>
    <ClCompile Include="Lua/src/lmathlib.c">
      <Filter>Source Files</Filter>
    </ClCompile>
    <ClCompile Include="Lua/src/lmem.c">
      <Filter>Source Files</Filter>
    </ClCompile>
    <ClCompile Include="Lua/src/loadlib.c">
      <Filter>Source Files</Filter>
    </ClCompile>
    <ClCompile Include="Lua/src/lobject.c">
      <Filter>Source Files</Filter>
    </ClCompile>
    <ClCompile Include="Lua/src/lopcodes.c">
      <Filter>Source Files</Filter>
    </ClCompile>
    <ClCompile Include="Lua/src/loslib.c">
      <Filter>Source Files</Filter>
    </ClCompile>
    <ClCompile Include="Lua/src/lparser.c">
      <Filter>Source Files</Filter>
    </ClCompile>
    <ClCompile Include="Lua/src/lstate.c">
      <Filter>Source Files</Filter>
    </ClCompile>
    <ClCompile Include="Lua/src/lstring.c">
      <Filter>Source Files</Filter>
    </ClCompile>
    <ClCompile Include="Lua/src/lstrlib.c">
      <Filter>Source Files</Filter>
    </ClCompile>
    <ClCompile Include="Lua/src/ltable.c">
      <Filter>Source Files</Filter>
    </ClCompile>
    <ClCompile Include="Lua/src/ltablib.c">
      <Filter>Source Files</Filter>
    </ClCompile>
    <ClCompile Include="Lua/src/ltm.c">
      <Filter>Source Files</Filter>
    </ClCompile>
    <ClCompile Include="Lua/src/lundump.c">
      <Filter>Source Files</Filter>
    </ClCompile>
    <ClCompile Include="Lua/src/lvm.c">
      <Filter>Source Files</Filter>
    </ClCompile>
    <ClCompile Include="Lua/src/lzio.c">
      <Filter>Source Files</Filter>
    </ClCompile>
  </ItemGroup>
</Project>