<?xml version="1.0" encoding="utf-8"?>
<Project ToolsVersion="4.0" xmlns="http://schemas.microsoft.com/developer/msbuild/2003">
  <ItemGroup>
    <Filter Include="Source Files">
      <UniqueIdentifier>{897c0bda-134d-4f46-b82d-4e880cccea2c}</UniqueIdentifier>
      <Extensions>cpp;c;cxx;rc;def;r;odl;idl;hpj;bat</Extensions>
    </Filter>
    <Filter Include="Header Files">
      <UniqueIdentifier>{5471cbe1-54b7-4b02-9569-b005ffeb6055}</UniqueIdentifier>
      <Extensions>h;hpp;hxx;hm;inl</Extensions>
    </Filter>
  </ItemGroup>
  <ItemGroup>
    <ClCompile Include="StdAfx.cpp">
      <Filter>Source Files</Filter>
    </ClCompile>
    <ClCompile Include="ZipArchive.cpp">
      <Filter>Source Files</Filter>
    </ClCompile>
    <ClCompile Include="ZipAutoBuffer.cpp">
      <Filter>Source Files</Filter>
    </ClCompile>
    <ClCompile Include="ZipBigFile.cpp">
      <Filter>Source Files</Filter>
    </ClCompile>
    <ClCompile Include="ZipCentralDir.cpp">
      <Filter>Source Files</Filter>
    </ClCompile>
    <ClCompile Include="ZipException.cpp">
      <Filter>Source Files</Filter>
    </ClCompile>
    <ClCompile Include="ZipFileHeader.cpp">
      <Filter>Source Files</Filter>
    </ClCompile>
    <ClCompile Include="ZipInternalInfo.cpp">
      <Filter>Source Files</Filter>
    </ClCompile>
    <ClCompile Include="ZipStorage.cpp">
      <Filter>Source Files</Filter>
    </ClCompile>
  </ItemGroup>
  <ItemGroup>
    <ClInclude Include="StdAfx.h">
      <Filter>Header Files</Filter>
    </ClInclude>
    <ClInclude Include="zconf.h">
      <Filter>Header Files</Filter>
    </ClInclude>
    <ClInclude Include="ZipArchive.h">
      <Filter>Header Files</Filter>
    </ClInclude>
    <ClInclude Include="ZipAutoBuffer.h">
      <Filter>Header Files</Filter>
    </ClInclude>
    <ClInclude Include="ZipBigFile.h">
      <Filter>Header Files</Filter>
    </ClInclude>
    <ClInclude Include="ZipCentralDir.h">
      <Filter>Header Files</Filter>
    </ClInclude>
    <ClInclude Include="ZipException.h">
      <Filter>Header Files</Filter>
    </ClInclude>
    <ClInclude Include="ZipFileHeader.h">
      <Filter>Header Files</Filter>
    </ClInclude>
    <ClInclude Include="ZipInternalInfo.h">
      <Filter>Header Files</Filter>
    </ClInclude>
    <ClInclude Include="ZipStorage.h">
      <Filter>Header Files</Filter>
    </ClInclude>
    <ClInclude Include="zlib.h">
      <Filter>Header Files</Filter>
    </ClInclude>
  </ItemGroup>
  <ItemGroup>
    <Text Include="Appnote.txt" />
  </ItemGroup>
  <ItemGroup>
    <Library Include="zlib.lib" />
  </ItemGroup>
</Project>