
Microsoft Visual Studio Solution File, Format Version 12.00
# Visual Studio Version 17
VisualStudioVersion = 17.12.35527.113 d17.12
MinimumVisualStudioVersion = 10.0.40219.1
Project("{8BC9CEB8-8B4A-11D0-8D11-00A0C91BC942}") = "N3TexViewer", "N3TexViewer.vcxproj", "{92F48036-04E1-4BE4-BF62-886B265E6811}"
	ProjectSection(ProjectDependencies) = postProject
		{5E45D92A-702B-4128-A1AF-504A17271D94} = {5E45D92A-702B-4128-A1AF-504A17271D94}
	EndProjectSection
EndProject
Project("{8BC9CEB8-8B4A-11D0-8D11-00A0C91BC942}") = "N3Base", "..\Client\N3Base\N3Base.vcxproj", "{5E45D92A-702B-4128-A1AF-504A17271D94}"
EndProject
Global
	GlobalSection(SolutionConfigurationPlatforms) = preSolution
		Debug|x64 = Debug|x64
		Debug|x86 = Debug|x86
		Release|x64 = Release|x64
		Release|x86 = Release|x86
	EndGlobalSection
	GlobalSection(ProjectConfigurationPlatforms) = postSolution
		{92F48036-04E1-4BE4-BF62-886B265E6811}.Debug|x64.ActiveCfg = Tool_Debug|Win32
		{92F48036-04E1-4BE4-BF62-886B265E6811}.Debug|x86.ActiveCfg = Tool_Debug|Win32
		{92F48036-04E1-4BE4-BF62-886B265E6811}.Debug|x86.Build.0 = Tool_Debug|Win32
		{92F48036-04E1-4BE4-BF62-886B265E6811}.Release|x64.ActiveCfg = Tool_Release|Win32
		{92F48036-04E1-4BE4-BF62-886B265E6811}.Release|x86.ActiveCfg = Tool_Release|Win32
		{92F48036-04E1-4BE4-BF62-886B265E6811}.Release|x86.Build.0 = Tool_Release|Win32
		{5E45D92A-702B-4128-A1AF-504A17271D94}.Debug|x64.ActiveCfg = Tool_Debug|x64
		{5E45D92A-702B-4128-A1AF-504A17271D94}.Debug|x64.Build.0 = Tool_Debug|x64
		{5E45D92A-702B-4128-A1AF-504A17271D94}.Debug|x86.ActiveCfg = Tool_Debug|Win32
		{5E45D92A-702B-4128-A1AF-504A17271D94}.Debug|x86.Build.0 = Tool_Debug|Win32
		{5E45D92A-702B-4128-A1AF-504A17271D94}.Release|x64.ActiveCfg = Tool_Release|x64
		{5E45D92A-702B-4128-A1AF-504A17271D94}.Release|x64.Build.0 = Tool_Release|x64
		{5E45D92A-702B-4128-A1AF-504A17271D94}.Release|x86.ActiveCfg = Tool_Release|Win32
		{5E45D92A-702B-4128-A1AF-504A17271D94}.Release|x86.Build.0 = Tool_Release|Win32
	EndGlobalSection
	GlobalSection(SolutionProperties) = preSolution
		HideSolutionNode = FALSE
	EndGlobalSection
	GlobalSection(ExtensibilityGlobals) = postSolution
		SolutionGuid = {90DB61A6-3D51-4E94-95DF-CD8BEEABF7D5}
	EndGlobalSection
EndGlobal
