<?xml version="1.0" encoding="utf-8"?>
<Project ToolsVersion="4.0" xmlns="http://schemas.microsoft.com/developer/msbuild/2003">
  <ItemGroup>
    <Filter Include="Source Files">
      <UniqueIdentifier>{7a210b20-4f00-480c-a8d0-8d956b40e758}</UniqueIdentifier>
      <Extensions>cpp;c;cxx;rc;def;r;odl;idl;hpj;bat</Extensions>
    </Filter>
    <Filter Include="Header Files">
      <UniqueIdentifier>{d2577f4d-4c2d-4bca-bce7-a4361f405600}</UniqueIdentifier>
      <Extensions>h;hpp;hxx;hm;inl</Extensions>
    </Filter>
    <Filter Include="Resource Files">
      <UniqueIdentifier>{bfa0b772-f28f-4cf1-b7c9-03e36872b45a}</UniqueIdentifier>
      <Extensions>ico;cur;bmp;dlg;rc2;rct;bin;rgs;gif;jpg;jpeg;jpe</Extensions>
    </Filter>
    <Filter Include="Dialogs">
      <UniqueIdentifier>{469fb183-53d5-4546-bb04-fe2afc57493d}</UniqueIdentifier>
    </Filter>
    <Filter Include="Dialogs\DlgTexture">
      <UniqueIdentifier>{3f9e04b6-d824-4160-9239-c1fc759e94f5}</UniqueIdentifier>
    </Filter>
  </ItemGroup>
  <ItemGroup>
    <ClCompile Include="DlgChangeImage.cpp">
      <Filter>Source Files</Filter>
    </ClCompile>
    <ClCompile Include="DlgUnusedFileList.cpp">
      <Filter>Source Files</Filter>
    </ClCompile>
    <ClCompile Include="HierarchyView.cpp">
      <Filter>Source Files</Filter>
    </ClCompile>
    <ClCompile Include="MainFrm.cpp">
      <Filter>Source Files</Filter>
    </ClCompile>
    <ClCompile Include="PropertyView.cpp">
      <Filter>Source Files</Filter>
    </ClCompile>
    <ClCompile Include="StdAfx.cpp">
      <Filter>Source Files</Filter>
    </ClCompile>
    <ClCompile Include="UIE.cpp">
      <Filter>Source Files</Filter>
    </ClCompile>
    <ClCompile Include="UIEDoc.cpp">
      <Filter>Source Files</Filter>
    </ClCompile>
    <ClCompile Include="UIEView.cpp">
      <Filter>Source Files</Filter>
    </ClCompile>
    <ClCompile Include="DlgTexture.cpp">
      <Filter>Dialogs\DlgTexture</Filter>
    </ClCompile>
    <ClCompile Include="TexViewer.cpp">
      <Filter>Dialogs\DlgTexture</Filter>
    </ClCompile>
    <ClCompile Include="DlgAnimate.cpp">
      <Filter>Dialogs</Filter>
    </ClCompile>
    <ClCompile Include="DlgBar.cpp">
      <Filter>Dialogs</Filter>
    </ClCompile>
    <ClCompile Include="DlgReplace.cpp">
      <Filter>Dialogs</Filter>
    </ClCompile>
    <ClCompile Include="PropertyList.cpp">
      <Filter>Source Files</Filter>
    </ClCompile>
  </ItemGroup>
  <ItemGroup>
    <ResourceCompile Include="UIE.rc">
      <Filter>Source Files</Filter>
    </ResourceCompile>
  </ItemGroup>
  <ItemGroup>
    <ClInclude Include="DlgChangeImage.h">
      <Filter>Header Files</Filter>
    </ClInclude>
    <ClInclude Include="DlgUnusedFileList.h">
      <Filter>Header Files</Filter>
    </ClInclude>
    <ClInclude Include="HierarchyView.h">
      <Filter>Header Files</Filter>
    </ClInclude>
    <ClInclude Include="MainFrm.h">
      <Filter>Header Files</Filter>
    </ClInclude>
    <ClInclude Include="..\N3BASE\N3UIList.h">
      <Filter>Header Files</Filter>
    </ClInclude>
    <ClInclude Include="..\Common Control\PropertyList.h">
      <Filter>Header Files</Filter>
    </ClInclude>
    <ClInclude Include="PropertyView.h">
      <Filter>Header Files</Filter>
    </ClInclude>
    <ClInclude Include="Resource.h">
      <Filter>Header Files</Filter>
    </ClInclude>
    <ClInclude Include="StdAfx.h">
      <Filter>Header Files</Filter>
    </ClInclude>
    <ClInclude Include="UIE.h">
      <Filter>Header Files</Filter>
    </ClInclude>
    <ClInclude Include="UIEDoc.h">
      <Filter>Header Files</Filter>
    </ClInclude>
    <ClInclude Include="UIEView.h">
      <Filter>Header Files</Filter>
    </ClInclude>
    <ClInclude Include="DlgTexture.h">
      <Filter>Dialogs\DlgTexture</Filter>
    </ClInclude>
    <ClInclude Include="TexViewer.h">
      <Filter>Dialogs\DlgTexture</Filter>
    </ClInclude>
    <ClInclude Include="DlgAnimate.h">
      <Filter>Dialogs</Filter>
    </ClInclude>
    <ClInclude Include="DlgBar.h">
      <Filter>Dialogs</Filter>
    </ClInclude>
    <ClInclude Include="DlgReplace.h">
      <Filter>Dialogs</Filter>
    </ClInclude>
  </ItemGroup>
  <ItemGroup>
    <Image Include="res\Toolbar.bmp">
      <Filter>Resource Files</Filter>
    </Image>
    <Image Include="res\UIE.ico">
      <Filter>Resource Files</Filter>
    </Image>
    <Image Include="res\UIEDoc.ico">
      <Filter>Resource Files</Filter>
    </Image>
  </ItemGroup>
  <ItemGroup>
    <Text Include="ReadMe.txt" />
  </ItemGroup>
  <ItemGroup>
    <CustomBuild Include="res\hand.cur">
      <Filter>Resource Files</Filter>
    </CustomBuild>
    <CustomBuild Include="res\UIE.rc2">
      <Filter>Resource Files</Filter>
    </CustomBuild>
    <CustomBuild Include="res\zoomin.cur">
      <Filter>Resource Files</Filter>
    </CustomBuild>
    <CustomBuild Include="res\zoomout.cur">
      <Filter>Resource Files</Filter>
    </CustomBuild>
  </ItemGroup>
</Project>