
Microsoft Visual Studio Solution File, Format Version 12.00
# Visual Studio 14
VisualStudioVersion = 14.0.25123.0
MinimumVisualStudioVersion = 10.0.40219.1
Project("{8BC9CEB8-8B4A-11D0-8D11-00A0C91BC942}") = "UIE", "UIE.vcxproj", "{A3B3D543-E737-4888-83F6-6C696F4E6194}"
	ProjectSection(ProjectDependencies) = postProject
		{5E45D92A-702B-4128-A1AF-504A17271D94} = {5E45D92A-702B-4128-A1AF-504A17271D94}
	EndProjectSection
EndProject
Project("{8BC9CEB8-8B4A-11D0-8D11-00A0C91BC942}") = "N3Base", "..\N3Base\N3Base.vcxproj", "{5E45D92A-702B-4128-A1AF-504A17271D94}"
EndProject
Global
	GlobalSection(SolutionConfigurationPlatforms) = preSolution
		Debug|x86 = Debug|x86
		Release|x86 = Release|x86
	EndGlobalSection
	GlobalSection(ProjectConfigurationPlatforms) = postSolution
		{A3B3D543-E737-4888-83F6-6C696F4E6194}.Debug|x86.ActiveCfg = Release|Win32
		{A3B3D543-E737-4888-83F6-6C696F4E6194}.Debug|x86.Build.0 = Release|Win32
		{A3B3D543-E737-4888-83F6-6C696F4E6194}.Release|x86.ActiveCfg = Release|Win32
		{A3B3D543-E737-4888-83F6-6C696F4E6194}.Release|x86.Build.0 = Release|Win32
		{5E45D92A-702B-4128-A1AF-504A17271D94}.Debug|x86.ActiveCfg = Debug|Win32
		{5E45D92A-702B-4128-A1AF-504A17271D94}.Debug|x86.Build.0 = Debug|Win32
		{5E45D92A-702B-4128-A1AF-504A17271D94}.Release|x86.ActiveCfg = Release|Win32
		{5E45D92A-702B-4128-A1AF-504A17271D94}.Release|x86.Build.0 = Release|Win32
	EndGlobalSection
	GlobalSection(SolutionProperties) = preSolution
		HideSolutionNode = FALSE
	EndGlobalSection
EndGlobal
